// !$*UTF8*$!
{
	archiveVersion = 1;
	classes = {
	};
	objectVersion = 56;
	objects = {

/* Begin PBXBuildFile section */
		5E2E72F32C5E2C85000B2342 /* Launch Screen.storyboard in Resources */ = {isa = PBXBuildFile; fileRef = 5E2E72F22C5E2C85000B2342 /* Launch Screen.storyboard */; };
		5E6B89E42C4CBA8700419048 /* AppDelegate.swift in Sources */ = {isa = PBXBuildFile; fileRef = 5E6B89E32C4CBA8700419048 /* AppDelegate.swift */; };
		5E6B89E62C4CBA8700419048 /* SceneDelegate.swift in Sources */ = {isa = PBXBuildFile; fileRef = 5E6B89E52C4CBA8700419048 /* SceneDelegate.swift */; };
		5E6B89E82C4CBA8700419048 /* ChecklistViewController.swift in Sources */ = {isa = PBXBuildFile; fileRef = 5E6B89E72C4CBA8700419048 /* ChecklistViewController.swift */; };
		5E6B89EB2C4CBA8700419048 /* Main.storyboard in Resources */ = {isa = PBXBuildFile; fileRef = 5E6B89E92C4CBA8700419048 /* Main.storyboard */; };
		5E6B89ED2C4CBA8700419048 /* Assets.xcassets in Resources */ = {isa = PBXBuildFile; fileRef = 5E6B89EC2C4CBA8700419048 /* Assets.xcassets */; };
		5EEEC6922C50103600772C78 /* ChecklistItem.swift in Sources */ = {isa = PBXBuildFile; fileRef = 5EEEC6912C50103600772C78 /* ChecklistItem.swift */; };
		5EEEC6982C517CCD00772C78 /* AddEditItemViewController.swift in Sources */ = {isa = PBXBuildFile; fileRef = 5EEEC6972C517CCD00772C78 /* AddEditItemViewController.swift */; };
		5EEEC6E62C575ACE00772C78 /* AllListsViewController.swift in Sources */ = {isa = PBXBuildFile; fileRef = 5EEEC6E52C575ACE00772C78 /* AllListsViewController.swift */; };
		5EEEC6E82C5761CC00772C78 /* Checklist.swift in Sources */ = {isa = PBXBuildFile; fileRef = 5EEEC6E72C5761CC00772C78 /* Checklist.swift */; };
		5EEEC6EA2C576B5800772C78 /* ListDetailViewController.swift in Sources */ = {isa = PBXBuildFile; fileRef = 5EEEC6E92C576B5800772C78 /* ListDetailViewController.swift */; };
		5EEEC71A2C59D5C500772C78 /* DataModel.swift in Sources */ = {isa = PBXBuildFile; fileRef = 5EEEC7192C59D5C500772C78 /* DataModel.swift */; };
		5EEEC7232C5E062400772C78 /* IconPickerViewController.swift in Sources */ = {isa = PBXBuildFile; fileRef = 5EEEC7222C5E062400772C78 /* IconPickerViewController.swift */; };
/* End PBXBuildFile section */

/* Begin PBXFileReference section */
		5E2E72F22C5E2C85000B2342 /* Launch Screen.storyboard */ = {isa = PBXFileReference; lastKnownFileType = file.storyboard; path = "Launch Screen.storyboard"; sourceTree = "<group>"; };
		5E6B89E02C4CBA8700419048 /* Section2.app */ = {isa = PBXFileReference; explicitFileType = wrapper.application; includeInIndex = 0; path = Section2.app; sourceTree = BUILT_PRODUCTS_DIR; };
		5E6B89E32C4CBA8700419048 /* AppDelegate.swift */ = {isa = PBXFileReference; lastKnownFileType = sourcecode.swift; path = AppDelegate.swift; sourceTree = "<group>"; };
		5E6B89E52C4CBA8700419048 /* SceneDelegate.swift */ = {isa = PBXFileReference; lastKnownFileType = sourcecode.swift; path = SceneDelegate.swift; sourceTree = "<group>"; };
		5E6B89E72C4CBA8700419048 /* ChecklistViewController.swift */ = {isa = PBXFileReference; lastKnownFileType = sourcecode.swift; path = ChecklistViewController.swift; sourceTree = "<group>"; };
		5E6B89EA2C4CBA8700419048 /* Base */ = {isa = PBXFileReference; lastKnownFileType = file.storyboard; name = Base; path = Base.lproj/Main.storyboard; sourceTree = "<group>"; };
		5E6B89EC2C4CBA8700419048 /* Assets.xcassets */ = {isa = PBXFileReference; lastKnownFileType = folder.assetcatalog; path = Assets.xcassets; sourceTree = "<group>"; };
		5E6B89F12C4CBA8700419048 /* Info.plist */ = {isa = PBXFileReference; lastKnownFileType = text.plist.xml; path = Info.plist; sourceTree = "<group>"; };
		5EEEC6912C50103600772C78 /* ChecklistItem.swift */ = {isa = PBXFileReference; lastKnownFileType = sourcecode.swift; path = ChecklistItem.swift; sourceTree = "<group>"; };
		5EEEC6972C517CCD00772C78 /* AddEditItemViewController.swift */ = {isa = PBXFileReference; lastKnownFileType = sourcecode.swift; path = AddEditItemViewController.swift; sourceTree = "<group>"; };
		5EEEC6E52C575ACE00772C78 /* AllListsViewController.swift */ = {isa = PBXFileReference; lastKnownFileType = sourcecode.swift; path = AllListsViewController.swift; sourceTree = "<group>"; };
		5EEEC6E72C5761CC00772C78 /* Checklist.swift */ = {isa = PBXFileReference; lastKnownFileType = sourcecode.swift; path = Checklist.swift; sourceTree = "<group>"; };
		5EEEC6E92C576B5800772C78 /* ListDetailViewController.swift */ = {isa = PBXFileReference; lastKnownFileType = sourcecode.swift; path = ListDetailViewController.swift; sourceTree = "<group>"; };
		5EEEC7192C59D5C500772C78 /* DataModel.swift */ = {isa = PBXFileReference; lastKnownFileType = sourcecode.swift; path = DataModel.swift; sourceTree = "<group>"; };
		5EEEC7222C5E062400772C78 /* IconPickerViewController.swift */ = {isa = PBXFileReference; lastKnownFileType = sourcecode.swift; path = IconPickerViewController.swift; sourceTree = "<group>"; };
/* End PBXFileReference section */

/* Begin PBXFrameworksBuildPhase section */
		5E6B89DD2C4CBA8700419048 /* Frameworks */ = {
			isa = PBXFrameworksBuildPhase;
			buildActionMask = 2147483647;
			files = (
			);
			runOnlyForDeploymentPostprocessing = 0;
		};
/* End PBXFrameworksBuildPhase section */

/* Begin PBXGroup section */
		5E6B89D72C4CBA8600419048 = {
			isa = PBXGroup;
			children = (
				5E6B89E22C4CBA8700419048 /* Section2 */,
				5E6B89E12C4CBA8700419048 /* Products */,
			);
			sourceTree = "<group>";
		};
		5E6B89E12C4CBA8700419048 /* Products */ = {
			isa = PBXGroup;
			children = (
				5E6B89E02C4CBA8700419048 /* Section2.app */,
			);
			name = Products;
			sourceTree = "<group>";
		};
		5E6B89E22C4CBA8700419048 /* Section2 */ = {
			isa = PBXGroup;
			children = (
				5EEEC71D2C5BF21600772C78 /* ViewControllers */,
				5EEEC71E2C5BF23A00772C78 /* Data Models */,
				5EEEC71F2C5BF25F00772C78 /* Resorces */,
				5E6B89E32C4CBA8700419048 /* AppDelegate.swift */,
				5E6B89F12C4CBA8700419048 /* Info.plist */,
				5E6B89E52C4CBA8700419048 /* SceneDelegate.swift */,
			);
			path = Section2;
			sourceTree = "<group>";
		};
		5EEEC71D2C5BF21600772C78 /* ViewControllers */ = {
			isa = PBXGroup;
			children = (
				5EEEC7222C5E062400772C78 /* IconPickerViewController.swift */,
				5EEEC6E52C575ACE00772C78 /* AllListsViewController.swift */,
				5E6B89E72C4CBA8700419048 /* ChecklistViewController.swift */,
				5EEEC6E92C576B5800772C78 /* ListDetailViewController.swift */,
				5EEEC6972C517CCD00772C78 /* AddEditItemViewController.swift */,
			);
			path = ViewControllers;
			sourceTree = "<group>";
		};
		5EEEC71E2C5BF23A00772C78 /* Data Models */ = {
			isa = PBXGroup;
			children = (
				5EEEC7192C59D5C500772C78 /* DataModel.swift */,
				5EEEC6E72C5761CC00772C78 /* Checklist.swift */,
				5EEEC6912C50103600772C78 /* ChecklistItem.swift */,
			);
			path = "Data Models";
			sourceTree = "<group>";
		};
		5EEEC71F2C5BF25F00772C78 /* Resorces */ = {
			isa = PBXGroup;
			children = (
				5E6B89EC2C4CBA8700419048 /* Assets.xcassets */,
				5E6B89E92C4CBA8700419048 /* Main.storyboard */,
				5E2E72F22C5E2C85000B2342 /* Launch Screen.storyboard */,
			);
			path = Resorces;
			sourceTree = "<group>";
		};
/* End PBXGroup section */

/* Begin PBXNativeTarget section */
		5E6B89DF2C4CBA8700419048 /* Section2 */ = {
			isa = PBXNativeTarget;
			buildConfigurationList = 5E6B89F42C4CBA8700419048 /* Build configuration list for PBXNativeTarget "Section2" */;
			buildPhases = (
				5E6B89DC2C4CBA8700419048 /* Sources */,
				5E6B89DD2C4CBA8700419048 /* Frameworks */,
				5E6B89DE2C4CBA8700419048 /* Resources */,
			);
			buildRules = (
			);
			dependencies = (
			);
			name = Section2;
			productName = Section2;
			productReference = 5E6B89E02C4CBA8700419048 /* Section2.app */;
			productType = "com.apple.product-type.application";
		};
/* End PBXNativeTarget section */

/* Begin PBXProject section */
		5E6B89D82C4CBA8600419048 /* Project object */ = {
			isa = PBXProject;
			attributes = {
				BuildIndependentTargetsInParallel = 1;
				LastSwiftUpdateCheck = 1500;
				LastUpgradeCheck = 1500;
				TargetAttributes = {
					5E6B89DF2C4CBA8700419048 = {
						CreatedOnToolsVersion = 15.0.1;
					};
				};
			};
			buildConfigurationList = 5E6B89DB2C4CBA8600419048 /* Build configuration list for PBXProject "Section2" */;
			compatibilityVersion = "Xcode 14.0";
			developmentRegion = en;
			hasScannedForEncodings = 0;
			knownRegions = (
				en,
				Base,
			);
			mainGroup = 5E6B89D72C4CBA8600419048;
			productRefGroup = 5E6B89E12C4CBA8700419048 /* Products */;
			projectDirPath = "";
			projectRoot = "";
			targets = (
				5E6B89DF2C4CBA8700419048 /* Section2 */,
			);
		};
/* End PBXProject section */

/* Begin PBXResourcesBuildPhase section */
		5E6B89DE2C4CBA8700419048 /* Resources */ = {
			isa = PBXResourcesBuildPhase;
			buildActionMask = 2147483647;
			files = (
				5E2E72F32C5E2C85000B2342 /* Launch Screen.storyboard in Resources */,
				5E6B89ED2C4CBA8700419048 /* Assets.xcassets in Resources */,
				5E6B89EB2C4CBA8700419048 /* Main.storyboard in Resources */,
			);
			runOnlyForDeploymentPostprocessing = 0;
		};
/* End PBXResourcesBuildPhase section */

/* Begin PBXSourcesBuildPhase section */
		5E6B89DC2C4CBA8700419048 /* Sources */ = {
			isa = PBXSourcesBuildPhase;
			buildActionMask = 2147483647;
			files = (
				5EEEC6982C517CCD00772C78 /* AddEditItemViewController.swift in Sources */,
				5E6B89E82C4CBA8700419048 /* ChecklistViewController.swift in Sources */,
				5EEEC6E62C575ACE00772C78 /* AllListsViewController.swift in Sources */,
				5EEEC7232C5E062400772C78 /* IconPickerViewController.swift in Sources */,
				5E6B89E42C4CBA8700419048 /* AppDelegate.swift in Sources */,
				5E6B89E62C4CBA8700419048 /* SceneDelegate.swift in Sources */,
				5EEEC6922C50103600772C78 /* ChecklistItem.swift in Sources */,
				5EEEC6E82C5761CC00772C78 /* Checklist.swift in Sources */,
				5EEEC6EA2C576B5800772C78 /* ListDetailViewController.swift in Sources */,
				5EEEC71A2C59D5C500772C78 /* DataModel.swift in Sources */,
			);
			runOnlyForDeploymentPostprocessing = 0;
		};
/* End PBXSourcesBuildPhase section */

/* Begin PBXVariantGroup section */
		5E6B89E92C4CBA8700419048 /* Main.storyboard */ = {
			isa = PBXVariantGroup;
			children = (
				5E6B89EA2C4CBA8700419048 /* Base */,
			);
			name = Main.storyboard;
			sourceTree = "<group>";
		};
/* End PBXVariantGroup section */

/* Begin XCBuildConfiguration section */
		5E6B89F22C4CBA8700419048 /* Debug */ = {
			isa = XCBuildConfiguration;
			buildSettings = {
				ALWAYS_SEARCH_USER_PATHS = NO;
				ASSETCATALOG_COMPILER_GENERATE_SWIFT_ASSET_SYMBOL_EXTENSIONS = YES;
				CLANG_ANALYZER_NONNULL = YES;
				CLANG_ANALYZER_NUMBER_OBJECT_CONVERSION = YES_AGGRESSIVE;
				CLANG_CXX_LANGUAGE_STANDARD = "gnu++20";
				CLANG_ENABLE_MODULES = YES;
				CLANG_ENABLE_OBJC_ARC = YES;
				CLANG_ENABLE_OBJC_WEAK = YES;
				CLANG_WARN_BLOCK_CAPTURE_AUTORELEASING = YES;
				CLANG_WARN_BOOL_CONVERSION = YES;
				CLANG_WARN_COMMA = YES;
				CLANG_WARN_CONSTANT_CONVERSION = YES;
				CLANG_WARN_DEPRECATED_OBJC_IMPLEMENTATIONS = YES;
				CLANG_WARN_DIRECT_OBJC_ISA_USAGE = YES_ERROR;
				CLANG_WARN_DOCUMENTATION_COMMENTS = YES;
				CLANG_WARN_EMPTY_BODY = YES;
				CLANG_WARN_ENUM_CONVERSION = YES;
				CLANG_WARN_INFINITE_RECURSION = YES;
				CLANG_WARN_INT_CONVERSION = YES;
				CLANG_WARN_NON_LITERAL_NULL_CONVERSION = YES;
				CLANG_WARN_OBJC_IMPLICIT_RETAIN_SELF = YES;
				CLANG_WARN_OBJC_LITERAL_CONVERSION = YES;
				CLANG_WARN_OBJC_ROOT_CLASS = YES_ERROR;
				CLANG_WARN_QUOTED_INCLUDE_IN_FRAMEWORK_HEADER = YES;
				CLANG_WARN_RANGE_LOOP_ANALYSIS = YES;
				CLANG_WARN_STRICT_PROTOTYPES = YES;
				CLANG_WARN_SUSPICIOUS_MOVE = YES;
				CLANG_WARN_UNGUARDED_AVAILABILITY = YES_AGGRESSIVE;
				CLANG_WARN_UNREACHABLE_CODE = YES;
				CLANG_WARN__DUPLICATE_METHOD_MATCH = YES;
				COPY_PHASE_STRIP = NO;
				DEBUG_INFORMATION_FORMAT = dwarf;
				ENABLE_STRICT_OBJC_MSGSEND = YES;
				ENABLE_TESTABILITY = YES;
				ENABLE_USER_SCRIPT_SANDBOXING = YES;
				GCC_C_LANGUAGE_STANDARD = gnu17;
				GCC_DYNAMIC_NO_PIC = NO;
				GCC_NO_COMMON_BLOCKS = YES;
				GCC_OPTIMIZATION_LEVEL = 0;
				GCC_PREPROCESSOR_DEFINITIONS = (
					"DEBUG=1",
					"$(inherited)",
				);
				GCC_WARN_64_TO_32_BIT_CONVERSION = YES;
				GCC_WARN_ABOUT_RETURN_TYPE = YES_ERROR;
				GCC_WARN_UNDECLARED_SELECTOR = YES;
				GCC_WARN_UNINITIALIZED_AUTOS = YES_AGGRESSIVE;
				GCC_WARN_UNUSED_FUNCTION = YES;
				GCC_WARN_UNUSED_VARIABLE = YES;
				IPHONEOS_DEPLOYMENT_TARGET = 17.0;
				LOCALIZATION_PREFERS_STRING_CATALOGS = YES;
				MTL_ENABLE_DEBUG_INFO = INCLUDE_SOURCE;
				MTL_FAST_MATH = YES;
				ONLY_ACTIVE_ARCH = YES;
				SDKROOT = iphoneos;
				SWIFT_ACTIVE_COMPILATION_CONDITIONS = "DEBUG $(inherited)";
				SWIFT_OPTIMIZATION_LEVEL = "-Onone";
			};
			name = Debug;
		};
		5E6B89F32C4CBA8700419048 /* Release */ = {
			isa = XCBuildConfiguration;
			buildSettings = {
				ALWAYS_SEARCH_USER_PATHS = NO;
				ASSETCATALOG_COMPILER_GENERATE_SWIFT_ASSET_SYMBOL_EXTENSIONS = YES;
				CLANG_ANALYZER_NONNULL = YES;
				CLANG_ANALYZER_NUMBER_OBJECT_CONVERSION = YES_AGGRESSIVE;
				CLANG_CXX_LANGUAGE_STANDARD = "gnu++20";
				CLANG_ENABLE_MODULES = YES;
				CLANG_ENABLE_OBJC_ARC = YES;
				CLANG_ENABLE_OBJC_WEAK = YES;
				CLANG_WARN_BLOCK_CAPTURE_AUTORELEASING = YES;
				CLANG_WARN_BOOL_CONVERSION = YES;
				CLANG_WARN_COMMA = YES;
				CLANG_WARN_CONSTANT_CONVERSION = YES;
				CLANG_WARN_DEPRECATED_OBJC_IMPLEMENTATIONS = YES;
				CLANG_WARN_DIRECT_OBJC_ISA_USAGE = YES_ERROR;
				CLANG_WARN_DOCUMENTATION_COMMENTS = YES;
				CLANG_WARN_EMPTY_BODY = YES;
				CLANG_WARN_ENUM_CONVERSION = YES;
				CLANG_WARN_INFINITE_RECURSION = YES;
				CLANG_WARN_INT_CONVERSION = YES;
				CLANG_WARN_NON_LITERAL_NULL_CONVERSION = YES;
				CLANG_WARN_OBJC_IMPLICIT_RETAIN_SELF = YES;
				CLANG_WARN_OBJC_LITERAL_CONVERSION = YES;
				CLANG_WARN_OBJC_ROOT_CLASS = YES_ERROR;
				CLANG_WARN_QUOTED_INCLUDE_IN_FRAMEWORK_HEADER = YES;
				CLANG_WARN_RANGE_LOOP_ANALYSIS = YES;
				CLANG_WARN_STRICT_PROTOTYPES = YES;
				CLANG_WARN_SUSPICIOUS_MOVE = YES;
				CLANG_WARN_UNGUARDED_AVAILABILITY = YES_AGGRESSIVE;
				CLANG_WARN_UNREACHABLE_CODE = YES;
				CLANG_WARN__DUPLICATE_METHOD_MATCH = YES;
				COPY_PHASE_STRIP = NO;
				DEBUG_INFORMATION_FORMAT = "dwarf-with-dsym";
				ENABLE_NS_ASSERTIONS = NO;
				ENABLE_STRICT_OBJC_MSGSEND = YES;
				ENABLE_USER_SCRIPT_SANDBOXING = YES;
				GCC_C_LANGUAGE_STANDARD = gnu17;
				GCC_NO_COMMON_BLOCKS = YES;
				GCC_WARN_64_TO_32_BIT_CONVERSION = YES;
				GCC_WARN_ABOUT_RETURN_TYPE = YES_ERROR;
				GCC_WARN_UNDECLARED_SELECTOR = YES;
				GCC_WARN_UNINITIALIZED_AUTOS = YES_AGGRESSIVE;
				GCC_WARN_UNUSED_FUNCTION = YES;
				GCC_WARN_UNUSED_VARIABLE = YES;
				IPHONEOS_DEPLOYMENT_TARGET = 17.0;
				LOCALIZATION_PREFERS_STRING_CATALOGS = YES;
				MTL_ENABLE_DEBUG_INFO = NO;
				MTL_FAST_MATH = YES;
				SDKROOT = iphoneos;
				SWIFT_COMPILATION_MODE = wholemodule;
				VALIDATE_PRODUCT = YES;
			};
			name = Release;
		};
		5E6B89F52C4CBA8700419048 /* Debug */ = {
			isa = XCBuildConfiguration;
			buildSettings = {
				ASSETCATALOG_COMPILER_APPICON_NAME = AppIcon;
				ASSETCATALOG_COMPILER_GLOBAL_ACCENT_COLOR_NAME = AccentColor;
				ASSETCATALOG_COMPILER_INCLUDE_ALL_APPICON_ASSETS = NO;
				CODE_SIGN_STYLE = Automatic;
				CURRENT_PROJECT_VERSION = 1;
				DEVELOPMENT_TEAM = 386NUBNWC7;
				GENERATE_INFOPLIST_FILE = YES;
				INFOPLIST_FILE = Section2/Info.plist;
				INFOPLIST_KEY_UIApplicationSupportsIndirectInputEvents = YES;
				INFOPLIST_KEY_UILaunchStoryboardName = Main;
				INFOPLIST_KEY_UIMainStoryboardFile = Main;
				INFOPLIST_KEY_UIRequiresFullScreen = NO;
				INFOPLIST_KEY_UIStatusBarHidden = NO;
				INFOPLIST_KEY_UIStatusBarStyle = "";
				INFOPLIST_KEY_UISupportedInterfaceOrientations = UIInterfaceOrientationPortrait;
				LD_RUNPATH_SEARCH_PATHS = (
					"$(inherited)",
					"@executable_path/Frameworks",
				);
				MARKETING_VERSION = 1.0;
				PRODUCT_BUNDLE_IDENTIFIER = bss.dev.Section2;
				PRODUCT_NAME = "$(TARGET_NAME)";
				SWIFT_EMIT_LOC_STRINGS = YES;
				SWIFT_VERSION = 5.0;
				TARGETED_DEVICE_FAMILY = "1,2";
			};
			name = Debug;
		};
		5E6B89F62C4CBA8700419048 /* Release */ = {
			isa = XCBuildConfiguration;
			buildSettings = {
				ASSETCATALOG_COMPILER_APPICON_NAME = AppIcon;
				ASSETCATALOG_COMPILER_GLOBAL_ACCENT_COLOR_NAME = AccentColor;
				ASSETCATALOG_COMPILER_INCLUDE_ALL_APPICON_ASSETS = NO;
				CODE_SIGN_STYLE = Automatic;
				CURRENT_PROJECT_VERSION = 1;
				DEVELOPMENT_TEAM = 386NUBNWC7;
				GENERATE_INFOPLIST_FILE = YES;
				INFOPLIST_FILE = Section2/Info.plist;
				INFOPLIST_KEY_UIApplicationSupportsIndirectInputEvents = YES;
				INFOPLIST_KEY_UILaunchStoryboardName = Main;
				INFOPLIST_KEY_UIMainStoryboardFile = Main;
				INFOPLIST_KEY_UIRequiresFullScreen = NO;
				INFOPLIST_KEY_UIStatusBarHidden = NO;
				INFOPLIST_KEY_UIStatusBarStyle = "";
				INFOPLIST_KEY_UISupportedInterfaceOrientations = UIInterfaceOrientationPortrait;
				LD_RUNPATH_SEARCH_PATHS = (
					"$(inherited)",
					"@executable_path/Frameworks",
				);
				MARKETING_VERSION = 1.0;
				PRODUCT_BUNDLE_IDENTIFIER = bss.dev.Section2;
				PRODUCT_NAME = "$(TARGET_NAME)";
				SWIFT_EMIT_LOC_STRINGS = YES;
				SWIFT_VERSION = 5.0;
				TARGETED_DEVICE_FAMILY = "1,2";
			};
			name = Release;
		};
/* End XCBuildConfiguration section */

/* Begin XCConfigurationList section */
		5E6B89DB2C4CBA8600419048 /* Build configuration list for PBXProject "Section2" */ = {
			isa = XCConfigurationList;
			buildConfigurations = (
				5E6B89F22C4CBA8700419048 /* Debug */,
				5E6B89F32C4CBA8700419048 /* Release */,
			);
			defaultConfigurationIsVisible = 0;
			defaultConfigurationName = Release;
		};
		5E6B89F42C4CBA8700419048 /* Build configuration list for PBXNativeTarget "Section2" */ = {
			isa = XCConfigurationList;
			buildConfigurations = (
				5E6B89F52C4CBA8700419048 /* Debug */,
				5E6B89F62C4CBA8700419048 /* Release */,
			);
			defaultConfigurationIsVisible = 0;
			defaultConfigurationName = Release;
		};
/* End XCConfigurationList section */
	};
	rootObject = 5E6B89D82C4CBA8600419048 /* Project object */;
}
