// !$*UTF8*$!
{
	archiveVersion = 1;
	classes = {
	};
	objectVersion = 56;
	objects = {

/* Begin PBXBuildFile section */
		5E578ABD2D250A7F004084F3 /* ResizableView.swift in Sources */ = {isa = PBXBuildFile; fileRef = 5E578ABC2D250A7F004084F3 /* ResizableView.swift */; };
		5E578AC02D250B14004084F3 /* Transform.swift in Sources */ = {isa = PBXBuildFile; fileRef = 5E578ABF2D250B14004084F3 /* Transform.swift */; };
		5E578AC22D250ED7004084F3 /* Operators.swift in Sources */ = {isa = PBXBuildFile; fileRef = 5E578AC12D250ED7004084F3 /* Operators.swift */; };
		5E578AC52D251D09004084F3 /* Settings.swift in Sources */ = {isa = PBXBuildFile; fileRef = 5E578AC42D251D09004084F3 /* Settings.swift */; };
		5E578AC82D251EDA004084F3 /* Color+Ext.swift in Sources */ = {isa = PBXBuildFile; fileRef = 5E578AC72D251EDA004084F3 /* Color+Ext.swift */; };
		5E578ACB2D252143004084F3 /* CardToolbar.swift in Sources */ = {isa = PBXBuildFile; fileRef = 5E578ACA2D252143004084F3 /* CardToolbar.swift */; };
		5E7DFB4C2D2BA69800984AFC /* PreviewData.swift in Sources */ = {isa = PBXBuildFile; fileRef = 5E7DFB4B2D2BA69800984AFC /* PreviewData.swift */; };
		5E7DFB4E2D2BA6CE00984AFC /* Text+Ext.swift in Sources */ = {isa = PBXBuildFile; fileRef = 5E7DFB4D2D2BA6CE00984AFC /* Text+Ext.swift */; };
		5EE3F8D32D22EF600047FA53 /* CardsApp.swift in Sources */ = {isa = PBXBuildFile; fileRef = 5EE3F8D22D22EF600047FA53 /* CardsApp.swift */; };
		5EE3F8D52D22EF600047FA53 /* ContentView.swift in Sources */ = {isa = PBXBuildFile; fileRef = 5EE3F8D42D22EF600047FA53 /* ContentView.swift */; };
		5EE3F8D72D22EF620047FA53 /* Assets.xcassets in Resources */ = {isa = PBXBuildFile; fileRef = 5EE3F8D62D22EF620047FA53 /* Assets.xcassets */; };
		5EE3F8DA2D22EF620047FA53 /* Preview Assets.xcassets in Resources */ = {isa = PBXBuildFile; fileRef = 5EE3F8D92D22EF620047FA53 /* Preview Assets.xcassets */; };
		5EE3F8E12D22EF890047FA53 /* CardsListView.swift in Sources */ = {isa = PBXBuildFile; fileRef = 5EE3F8E02D22EF890047FA53 /* CardsListView.swift */; };
		5EE3F8E32D22F0500047FA53 /* CardThumbnail.swift in Sources */ = {isa = PBXBuildFile; fileRef = 5EE3F8E22D22F0500047FA53 /* CardThumbnail.swift */; };
		5EE3F8E52D22F0B50047FA53 /*  SingleCardView.swift in Sources */ = {isa = PBXBuildFile; fileRef = 5EE3F8E42D22F0B50047FA53 /*  SingleCardView.swift */; };
		5EE3F8E72D22F36D0047FA53 /* ToolbarSelection.swift in Sources */ = {isa = PBXBuildFile; fileRef = 5EE3F8E62D22F36D0047FA53 /* ToolbarSelection.swift */; };
		5EE3F8E92D22F38A0047FA53 /* BottomToolbar.swift in Sources */ = {isa = PBXBuildFile; fileRef = 5EE3F8E82D22F38A0047FA53 /* BottomToolbar.swift */; };
/* End PBXBuildFile section */

/* Begin PBXFileReference section */
		5E578ABC2D250A7F004084F3 /* ResizableView.swift */ = {isa = PBXFileReference; lastKnownFileType = sourcecode.swift; path = ResizableView.swift; sourceTree = "<group>"; };
		5E578ABF2D250B14004084F3 /* Transform.swift */ = {isa = PBXFileReference; lastKnownFileType = sourcecode.swift; path = Transform.swift; sourceTree = "<group>"; };
		5E578AC12D250ED7004084F3 /* Operators.swift */ = {isa = PBXFileReference; lastKnownFileType = sourcecode.swift; path = Operators.swift; sourceTree = "<group>"; };
		5E578AC42D251D09004084F3 /* Settings.swift */ = {isa = PBXFileReference; lastKnownFileType = sourcecode.swift; path = Settings.swift; sourceTree = "<group>"; };
		5E578AC72D251EDA004084F3 /* Color+Ext.swift */ = {isa = PBXFileReference; lastKnownFileType = sourcecode.swift; path = "Color+Ext.swift"; sourceTree = "<group>"; };
		5E578ACA2D252143004084F3 /* CardToolbar.swift */ = {isa = PBXFileReference; lastKnownFileType = sourcecode.swift; path = CardToolbar.swift; sourceTree = "<group>"; };
		5E7DFB4B2D2BA69800984AFC /* PreviewData.swift */ = {isa = PBXFileReference; lastKnownFileType = sourcecode.swift; path = PreviewData.swift; sourceTree = "<group>"; };
		5E7DFB4D2D2BA6CE00984AFC /* Text+Ext.swift */ = {isa = PBXFileReference; lastKnownFileType = sourcecode.swift; path = "Text+Ext.swift"; sourceTree = "<group>"; };
		5EE3F8CF2D22EF600047FA53 /* Cards.app */ = {isa = PBXFileReference; explicitFileType = wrapper.application; includeInIndex = 0; path = Cards.app; sourceTree = BUILT_PRODUCTS_DIR; };
		5EE3F8D22D22EF600047FA53 /* CardsApp.swift */ = {isa = PBXFileReference; lastKnownFileType = sourcecode.swift; path = CardsApp.swift; sourceTree = "<group>"; };
		5EE3F8D42D22EF600047FA53 /* ContentView.swift */ = {isa = PBXFileReference; lastKnownFileType = sourcecode.swift; path = ContentView.swift; sourceTree = "<group>"; };
		5EE3F8D62D22EF620047FA53 /* Assets.xcassets */ = {isa = PBXFileReference; lastKnownFileType = folder.assetcatalog; path = Assets.xcassets; sourceTree = "<group>"; };
		5EE3F8D92D22EF620047FA53 /* Preview Assets.xcassets */ = {isa = PBXFileReference; lastKnownFileType = folder.assetcatalog; path = "Preview Assets.xcassets"; sourceTree = "<group>"; };
		5EE3F8E02D22EF890047FA53 /* CardsListView.swift */ = {isa = PBXFileReference; lastKnownFileType = sourcecode.swift; path = CardsListView.swift; sourceTree = "<group>"; };
		5EE3F8E22D22F0500047FA53 /* CardThumbnail.swift */ = {isa = PBXFileReference; lastKnownFileType = sourcecode.swift; path = CardThumbnail.swift; sourceTree = "<group>"; };
		5EE3F8E42D22F0B50047FA53 /*  SingleCardView.swift */ = {isa = PBXFileReference; lastKnownFileType = sourcecode.swift; path = " SingleCardView.swift"; sourceTree = "<group>"; };
		5EE3F8E62D22F36D0047FA53 /* ToolbarSelection.swift */ = {isa = PBXFileReference; lastKnownFileType = sourcecode.swift; path = ToolbarSelection.swift; sourceTree = "<group>"; };
		5EE3F8E82D22F38A0047FA53 /* BottomToolbar.swift */ = {isa = PBXFileReference; lastKnownFileType = sourcecode.swift; path = BottomToolbar.swift; sourceTree = "<group>"; };
/* End PBXFileReference section */

/* Begin PBXFrameworksBuildPhase section */
		5EE3F8CC2D22EF600047FA53 /* Frameworks */ = {
			isa = PBXFrameworksBuildPhase;
			buildActionMask = 2147483647;
			files = (
			);
			runOnlyForDeploymentPostprocessing = 0;
		};
/* End PBXFrameworksBuildPhase section */

/* Begin PBXGroup section */
		5E578ABE2D250B02004084F3 /* Model */ = {
			isa = PBXGroup;
			children = (
				5E578ABF2D250B14004084F3 /* Transform.swift */,
				5E578AC12D250ED7004084F3 /* Operators.swift */,
			);
			path = Model;
			sourceTree = "<group>";
		};
		5E578AC32D251CFC004084F3 /* Config */ = {
			isa = PBXGroup;
			children = (
				5E578AC42D251D09004084F3 /* Settings.swift */,
			);
			path = Config;
			sourceTree = "<group>";
		};
		5E578AC62D251EC7004084F3 /* Extensions */ = {
			isa = PBXGroup;
			children = (
				5E578AC72D251EDA004084F3 /* Color+Ext.swift */,
				5E7DFB4D2D2BA6CE00984AFC /* Text+Ext.swift */,
			);
			path = Extensions;
			sourceTree = "<group>";
		};
		5E578AC92D25210C004084F3 /* ViewModifiers */ = {
			isa = PBXGroup;
			children = (
				5E578ABC2D250A7F004084F3 /* ResizableView.swift */,
				5E578ACA2D252143004084F3 /* CardToolbar.swift */,
			);
			path = ViewModifiers;
			sourceTree = "<group>";
		};
		5EE3F8C62D22EF600047FA53 = {
			isa = PBXGroup;
			children = (
				5EE3F8D12D22EF600047FA53 /* Cards */,
				5EE3F8D02D22EF600047FA53 /* Products */,
			);
			sourceTree = "<group>";
		};
		5EE3F8D02D22EF600047FA53 /* Products */ = {
			isa = PBXGroup;
			children = (
				5EE3F8CF2D22EF600047FA53 /* Cards.app */,
			);
			name = Products;
			sourceTree = "<group>";
		};
		5EE3F8D12D22EF600047FA53 /* Cards */ = {
			isa = PBXGroup;
			children = (
				5EE3F8D22D22EF600047FA53 /* CardsApp.swift */,
				5EE3F8EF2D22FECE0047FA53 /* Views */,
				5E578ABE2D250B02004084F3 /* Model */,
				5E578AC32D251CFC004084F3 /* Config */,
				5E578AC62D251EC7004084F3 /* Extensions */,
				5EE3F8D62D22EF620047FA53 /* Assets.xcassets */,
				5EE3F8D82D22EF620047FA53 /* Preview Content */,
			);
			path = Cards;
			sourceTree = "<group>";
		};
		5EE3F8D82D22EF620047FA53 /* Preview Content */ = {
			isa = PBXGroup;
			children = (
				5EE3F8D42D22EF600047FA53 /* ContentView.swift */,
				5EE3F8D92D22EF620047FA53 /* Preview Assets.xcassets */,
				5E7DFB4B2D2BA69800984AFC /* PreviewData.swift */,
			);
			path = "Preview Content";
			sourceTree = "<group>";
		};
		5EE3F8EF2D22FECE0047FA53 /* Views */ = {
			isa = PBXGroup;
			children = (
				5EE3F8E02D22EF890047FA53 /* CardsListView.swift */,
				5EE3F8E22D22F0500047FA53 /* CardThumbnail.swift */,
				5EE3F8F02D2300110047FA53 /* Single Card View */,
				5E578AC92D25210C004084F3 /* ViewModifiers */,
			);
			path = Views;
			sourceTree = "<group>";
		};
		5EE3F8F02D2300110047FA53 /* Single Card View */ = {
			isa = PBXGroup;
			children = (
				5EE3F8E42D22F0B50047FA53 /*  SingleCardView.swift */,
				5EE3F8E62D22F36D0047FA53 /* ToolbarSelection.swift */,
				5EE3F8E82D22F38A0047FA53 /* BottomToolbar.swift */,
			);
			path = "Single Card View";
			sourceTree = "<group>";
		};
/* End PBXGroup section */

/* Begin PBXNativeTarget section */
		5EE3F8CE2D22EF600047FA53 /* Cards */ = {
			isa = PBXNativeTarget;
			buildConfigurationList = 5EE3F8DD2D22EF620047FA53 /* Build configuration list for PBXNativeTarget "Cards" */;
			buildPhases = (
				5EE3F8CB2D22EF600047FA53 /* Sources */,
				5EE3F8CC2D22EF600047FA53 /* Frameworks */,
				5EE3F8CD2D22EF600047FA53 /* Resources */,
			);
			buildRules = (
			);
			dependencies = (
			);
			name = Cards;
			productName = Cards;
			productReference = 5EE3F8CF2D22EF600047FA53 /* Cards.app */;
			productType = "com.apple.product-type.application";
		};
/* End PBXNativeTarget section */

/* Begin PBXProject section */
		5EE3F8C72D22EF600047FA53 /* Project object */ = {
			isa = PBXProject;
			attributes = {
				BuildIndependentTargetsInParallel = 1;
				LastSwiftUpdateCheck = 1500;
				LastUpgradeCheck = 1500;
				TargetAttributes = {
					5EE3F8CE2D22EF600047FA53 = {
						CreatedOnToolsVersion = 15.0.1;
					};
				};
			};
			buildConfigurationList = 5EE3F8CA2D22EF600047FA53 /* Build configuration list for PBXProject "Cards" */;
			compatibilityVersion = "Xcode 14.0";
			developmentRegion = en;
			hasScannedForEncodings = 0;
			knownRegions = (
				en,
				Base,
			);
			mainGroup = 5EE3F8C62D22EF600047FA53;
			productRefGroup = 5EE3F8D02D22EF600047FA53 /* Products */;
			projectDirPath = "";
			projectRoot = "";
			targets = (
				5EE3F8CE2D22EF600047FA53 /* Cards */,
			);
		};
/* End PBXProject section */

/* Begin PBXResourcesBuildPhase section */
		5EE3F8CD2D22EF600047FA53 /* Resources */ = {
			isa = PBXResourcesBuildPhase;
			buildActionMask = 2147483647;
			files = (
				5EE3F8DA2D22EF620047FA53 /* Preview Assets.xcassets in Resources */,
				5EE3F8D72D22EF620047FA53 /* Assets.xcassets in Resources */,
			);
			runOnlyForDeploymentPostprocessing = 0;
		};
/* End PBXResourcesBuildPhase section */

/* Begin PBXSourcesBuildPhase section */
		5EE3F8CB2D22EF600047FA53 /* Sources */ = {
			isa = PBXSourcesBuildPhase;
			buildActionMask = 2147483647;
			files = (
				5EE3F8E32D22F0500047FA53 /* CardThumbnail.swift in Sources */,
				5E578AC22D250ED7004084F3 /* Operators.swift in Sources */,
				5E578ACB2D252143004084F3 /* CardToolbar.swift in Sources */,
				5E7DFB4E2D2BA6CE00984AFC /* Text+Ext.swift in Sources */,
				5EE3F8E52D22F0B50047FA53 /*  SingleCardView.swift in Sources */,
				5E7DFB4C2D2BA69800984AFC /* PreviewData.swift in Sources */,
				5E578ABD2D250A7F004084F3 /* ResizableView.swift in Sources */,
				5EE3F8D52D22EF600047FA53 /* ContentView.swift in Sources */,
				5E578AC82D251EDA004084F3 /* Color+Ext.swift in Sources */,
				5EE3F8E12D22EF890047FA53 /* CardsListView.swift in Sources */,
				5EE3F8E72D22F36D0047FA53 /* ToolbarSelection.swift in Sources */,
				5EE3F8E92D22F38A0047FA53 /* BottomToolbar.swift in Sources */,
				5E578AC02D250B14004084F3 /* Transform.swift in Sources */,
				5E578AC52D251D09004084F3 /* Settings.swift in Sources */,
				5EE3F8D32D22EF600047FA53 /* CardsApp.swift in Sources */,
			);
			runOnlyForDeploymentPostprocessing = 0;
		};
/* End PBXSourcesBuildPhase section */

/* Begin XCBuildConfiguration section */
		5EE3F8DB2D22EF620047FA53 /* Debug */ = {
			isa = XCBuildConfiguration;
			buildSettings = {
				ALWAYS_SEARCH_USER_PATHS = NO;
				ASSETCATALOG_COMPILER_GENERATE_SWIFT_ASSET_SYMBOL_EXTENSIONS = YES;
				CLANG_ANALYZER_NONNULL = YES;
				CLANG_ANALYZER_NUMBER_OBJECT_CONVERSION = YES_AGGRESSIVE;
				CLANG_CXX_LANGUAGE_STANDARD = "gnu++20";
				CLANG_ENABLE_MODULES = YES;
				CLANG_ENABLE_OBJC_ARC = YES;
				CLANG_ENABLE_OBJC_WEAK = YES;
				CLANG_WARN_BLOCK_CAPTURE_AUTORELEASING = YES;
				CLANG_WARN_BOOL_CONVERSION = YES;
				CLANG_WARN_COMMA = YES;
				CLANG_WARN_CONSTANT_CONVERSION = YES;
				CLANG_WARN_DEPRECATED_OBJC_IMPLEMENTATIONS = YES;
				CLANG_WARN_DIRECT_OBJC_ISA_USAGE = YES_ERROR;
				CLANG_WARN_DOCUMENTATION_COMMENTS = YES;
				CLANG_WARN_EMPTY_BODY = YES;
				CLANG_WARN_ENUM_CONVERSION = YES;
				CLANG_WARN_INFINITE_RECURSION = YES;
				CLANG_WARN_INT_CONVERSION = YES;
				CLANG_WARN_NON_LITERAL_NULL_CONVERSION = YES;
				CLANG_WARN_OBJC_IMPLICIT_RETAIN_SELF = YES;
				CLANG_WARN_OBJC_LITERAL_CONVERSION = YES;
				CLANG_WARN_OBJC_ROOT_CLASS = YES_ERROR;
				CLANG_WARN_QUOTED_INCLUDE_IN_FRAMEWORK_HEADER = YES;
				CLANG_WARN_RANGE_LOOP_ANALYSIS = YES;
				CLANG_WARN_STRICT_PROTOTYPES = YES;
				CLANG_WARN_SUSPICIOUS_MOVE = YES;
				CLANG_WARN_UNGUARDED_AVAILABILITY = YES_AGGRESSIVE;
				CLANG_WARN_UNREACHABLE_CODE = YES;
				CLANG_WARN__DUPLICATE_METHOD_MATCH = YES;
				COPY_PHASE_STRIP = NO;
				DEBUG_INFORMATION_FORMAT = dwarf;
				ENABLE_STRICT_OBJC_MSGSEND = YES;
				ENABLE_TESTABILITY = YES;
				ENABLE_USER_SCRIPT_SANDBOXING = YES;
				GCC_C_LANGUAGE_STANDARD = gnu17;
				GCC_DYNAMIC_NO_PIC = NO;
				GCC_NO_COMMON_BLOCKS = YES;
				GCC_OPTIMIZATION_LEVEL = 0;
				GCC_PREPROCESSOR_DEFINITIONS = (
					"DEBUG=1",
					"$(inherited)",
				);
				GCC_WARN_64_TO_32_BIT_CONVERSION = YES;
				GCC_WARN_ABOUT_RETURN_TYPE = YES_ERROR;
				GCC_WARN_UNDECLARED_SELECTOR = YES;
				GCC_WARN_UNINITIALIZED_AUTOS = YES_AGGRESSIVE;
				GCC_WARN_UNUSED_FUNCTION = YES;
				GCC_WARN_UNUSED_VARIABLE = YES;
				IPHONEOS_DEPLOYMENT_TARGET = 17.0;
				LOCALIZATION_PREFERS_STRING_CATALOGS = YES;
				MTL_ENABLE_DEBUG_INFO = INCLUDE_SOURCE;
				MTL_FAST_MATH = YES;
				ONLY_ACTIVE_ARCH = YES;
				SDKROOT = iphoneos;
				SWIFT_ACTIVE_COMPILATION_CONDITIONS = "DEBUG $(inherited)";
				SWIFT_OPTIMIZATION_LEVEL = "-Onone";
			};
			name = Debug;
		};
		5EE3F8DC2D22EF620047FA53 /* Release */ = {
			isa = XCBuildConfiguration;
			buildSettings = {
				ALWAYS_SEARCH_USER_PATHS = NO;
				ASSETCATALOG_COMPILER_GENERATE_SWIFT_ASSET_SYMBOL_EXTENSIONS = YES;
				CLANG_ANALYZER_NONNULL = YES;
				CLANG_ANALYZER_NUMBER_OBJECT_CONVERSION = YES_AGGRESSIVE;
				CLANG_CXX_LANGUAGE_STANDARD = "gnu++20";
				CLANG_ENABLE_MODULES = YES;
				CLANG_ENABLE_OBJC_ARC = YES;
				CLANG_ENABLE_OBJC_WEAK = YES;
				CLANG_WARN_BLOCK_CAPTURE_AUTORELEASING = YES;
				CLANG_WARN_BOOL_CONVERSION = YES;
				CLANG_WARN_COMMA = YES;
				CLANG_WARN_CONSTANT_CONVERSION = YES;
				CLANG_WARN_DEPRECATED_OBJC_IMPLEMENTATIONS = YES;
				CLANG_WARN_DIRECT_OBJC_ISA_USAGE = YES_ERROR;
				CLANG_WARN_DOCUMENTATION_COMMENTS = YES;
				CLANG_WARN_EMPTY_BODY = YES;
				CLANG_WARN_ENUM_CONVERSION = YES;
				CLANG_WARN_INFINITE_RECURSION = YES;
				CLANG_WARN_INT_CONVERSION = YES;
				CLANG_WARN_NON_LITERAL_NULL_CONVERSION = YES;
				CLANG_WARN_OBJC_IMPLICIT_RETAIN_SELF = YES;
				CLANG_WARN_OBJC_LITERAL_CONVERSION = YES;
				CLANG_WARN_OBJC_ROOT_CLASS = YES_ERROR;
				CLANG_WARN_QUOTED_INCLUDE_IN_FRAMEWORK_HEADER = YES;
				CLANG_WARN_RANGE_LOOP_ANALYSIS = YES;
				CLANG_WARN_STRICT_PROTOTYPES = YES;
				CLANG_WARN_SUSPICIOUS_MOVE = YES;
				CLANG_WARN_UNGUARDED_AVAILABILITY = YES_AGGRESSIVE;
				CLANG_WARN_UNREACHABLE_CODE = YES;
				CLANG_WARN__DUPLICATE_METHOD_MATCH = YES;
				COPY_PHASE_STRIP = NO;
				DEBUG_INFORMATION_FORMAT = "dwarf-with-dsym";
				ENABLE_NS_ASSERTIONS = NO;
				ENABLE_STRICT_OBJC_MSGSEND = YES;
				ENABLE_USER_SCRIPT_SANDBOXING = YES;
				GCC_C_LANGUAGE_STANDARD = gnu17;
				GCC_NO_COMMON_BLOCKS = YES;
				GCC_WARN_64_TO_32_BIT_CONVERSION = YES;
				GCC_WARN_ABOUT_RETURN_TYPE = YES_ERROR;
				GCC_WARN_UNDECLARED_SELECTOR = YES;
				GCC_WARN_UNINITIALIZED_AUTOS = YES_AGGRESSIVE;
				GCC_WARN_UNUSED_FUNCTION = YES;
				GCC_WARN_UNUSED_VARIABLE = YES;
				IPHONEOS_DEPLOYMENT_TARGET = 17.0;
				LOCALIZATION_PREFERS_STRING_CATALOGS = YES;
				MTL_ENABLE_DEBUG_INFO = NO;
				MTL_FAST_MATH = YES;
				SDKROOT = iphoneos;
				SWIFT_COMPILATION_MODE = wholemodule;
				VALIDATE_PRODUCT = YES;
			};
			name = Release;
		};
		5EE3F8DE2D22EF620047FA53 /* Debug */ = {
			isa = XCBuildConfiguration;
			buildSettings = {
				ASSETCATALOG_COMPILER_APPICON_NAME = AppIcon;
				ASSETCATALOG_COMPILER_GLOBAL_ACCENT_COLOR_NAME = AccentColor;
				CODE_SIGN_STYLE = Automatic;
				CURRENT_PROJECT_VERSION = 1;
				DEVELOPMENT_ASSET_PATHS = "\"Cards/Preview Content\"";
				DEVELOPMENT_TEAM = 386NUBNWC7;
				ENABLE_PREVIEWS = YES;
				GENERATE_INFOPLIST_FILE = YES;
				INFOPLIST_KEY_UIApplicationSceneManifest_Generation = YES;
				INFOPLIST_KEY_UIApplicationSupportsIndirectInputEvents = YES;
				INFOPLIST_KEY_UILaunchScreen_Generation = YES;
				INFOPLIST_KEY_UISupportedInterfaceOrientations_iPad = "UIInterfaceOrientationPortrait UIInterfaceOrientationPortraitUpsideDown UIInterfaceOrientationLandscapeLeft UIInterfaceOrientationLandscapeRight";
				INFOPLIST_KEY_UISupportedInterfaceOrientations_iPhone = "UIInterfaceOrientationPortrait UIInterfaceOrientationLandscapeLeft UIInterfaceOrientationLandscapeRight";
				LD_RUNPATH_SEARCH_PATHS = (
					"$(inherited)",
					"@executable_path/Frameworks",
				);
				MARKETING_VERSION = 1.0;
				PRODUCT_BUNDLE_IDENTIFIER = bss.dev.Cards;
				PRODUCT_NAME = "$(TARGET_NAME)";
				SWIFT_EMIT_LOC_STRINGS = YES;
				SWIFT_VERSION = 5.0;
				TARGETED_DEVICE_FAMILY = "1,2";
			};
			name = Debug;
		};
		5EE3F8DF2D22EF620047FA53 /* Release */ = {
			isa = XCBuildConfiguration;
			buildSettings = {
				ASSETCATALOG_COMPILER_APPICON_NAME = AppIcon;
				ASSETCATALOG_COMPILER_GLOBAL_ACCENT_COLOR_NAME = AccentColor;
				CODE_SIGN_STYLE = Automatic;
				CURRENT_PROJECT_VERSION = 1;
				DEVELOPMENT_ASSET_PATHS = "\"Cards/Preview Content\"";
				DEVELOPMENT_TEAM = 386NUBNWC7;
				ENABLE_PREVIEWS = YES;
				GENERATE_INFOPLIST_FILE = YES;
				INFOPLIST_KEY_UIApplicationSceneManifest_Generation = YES;
				INFOPLIST_KEY_UIApplicationSupportsIndirectInputEvents = YES;
				INFOPLIST_KEY_UILaunchScreen_Generation = YES;
				INFOPLIST_KEY_UISupportedInterfaceOrientations_iPad = "UIInterfaceOrientationPortrait UIInterfaceOrientationPortraitUpsideDown UIInterfaceOrientationLandscapeLeft UIInterfaceOrientationLandscapeRight";
				INFOPLIST_KEY_UISupportedInterfaceOrientations_iPhone = "UIInterfaceOrientationPortrait UIInterfaceOrientationLandscapeLeft UIInterfaceOrientationLandscapeRight";
				LD_RUNPATH_SEARCH_PATHS = (
					"$(inherited)",
					"@executable_path/Frameworks",
				);
				MARKETING_VERSION = 1.0;
				PRODUCT_BUNDLE_IDENTIFIER = bss.dev.Cards;
				PRODUCT_NAME = "$(TARGET_NAME)";
				SWIFT_EMIT_LOC_STRINGS = YES;
				SWIFT_VERSION = 5.0;
				TARGETED_DEVICE_FAMILY = "1,2";
			};
			name = Release;
		};
/* End XCBuildConfiguration section */

/* Begin XCConfigurationList section */
		5EE3F8CA2D22EF600047FA53 /* Build configuration list for PBXProject "Cards" */ = {
			isa = XCConfigurationList;
			buildConfigurations = (
				5EE3F8DB2D22EF620047FA53 /* Debug */,
				5EE3F8DC2D22EF620047FA53 /* Release */,
			);
			defaultConfigurationIsVisible = 0;
			defaultConfigurationName = Release;
		};
		5EE3F8DD2D22EF620047FA53 /* Build configuration list for PBXNativeTarget "Cards" */ = {
			isa = XCConfigurationList;
			buildConfigurations = (
				5EE3F8DE2D22EF620047FA53 /* Debug */,
				5EE3F8DF2D22EF620047FA53 /* Release */,
			);
			defaultConfigurationIsVisible = 0;
			defaultConfigurationName = Release;
		};
/* End XCConfigurationList section */
	};
	rootObject = 5EE3F8C72D22EF600047FA53 /* Project object */;
}
