// !$*UTF8*$!
{
	archiveVersion = 1;
	classes = {
	};
	objectVersion = 56;
	objects = {

/* Begin PBXBuildFile section */
		5E64590D2CFAE0BF0023EC20 /* SideBarSwiftUIApp.swift in Sources */ = {isa = PBXBuildFile; fileRef = 5E64590C2CFAE0BF0023EC20 /* SideBarSwiftUIApp.swift */; };
		5E64590F2CFAE0BF0023EC20 /* MainTabbedView.swift in Sources */ = {isa = PBXBuildFile; fileRef = 5E64590E2CFAE0BF0023EC20 /* MainTabbedView.swift */; };
		5E6459112CFAE0C10023EC20 /* Assets.xcassets in Resources */ = {isa = PBXBuildFile; fileRef = 5E6459102CFAE0C10023EC20 /* Assets.xcassets */; };
		5E6459142CFAE0C10023EC20 /* Preview Assets.xcassets in Resources */ = {isa = PBXBuildFile; fileRef = 5E6459132CFAE0C10023EC20 /* Preview Assets.xcassets */; };
		5E64591C2CFAE22B0023EC20 /* HomeView.swift in Sources */ = {isa = PBXBuildFile; fileRef = 5E64591B2CFAE22B0023EC20 /* HomeView.swift */; };
		5E64591E2CFAE24B0023EC20 /* ChatView.swift in Sources */ = {isa = PBXBuildFile; fileRef = 5E64591D2CFAE24B0023EC20 /* ChatView.swift */; };
		5E6459202CFAE25C0023EC20 /* FavouriteView.swift in Sources */ = {isa = PBXBuildFile; fileRef = 5E64591F2CFAE25C0023EC20 /* FavouriteView.swift */; };
		5E6459222CFAE26D0023EC20 /* ProfileView.swift in Sources */ = {isa = PBXBuildFile; fileRef = 5E6459212CFAE26D0023EC20 /* ProfileView.swift */; };
		5E6459242CFAE3730023EC20 /* SideMenu.swift in Sources */ = {isa = PBXBuildFile; fileRef = 5E6459232CFAE3730023EC20 /* SideMenu.swift */; };
		5E6459262CFAE4140023EC20 /* SideMenurowType .swift in Sources */ = {isa = PBXBuildFile; fileRef = 5E6459252CFAE4140023EC20 /* SideMenurowType .swift */; };
		5E6459282CFAE4820023EC20 /* SideMenuView.swift in Sources */ = {isa = PBXBuildFile; fileRef = 5E6459272CFAE4820023EC20 /* SideMenuView.swift */; };
/* End PBXBuildFile section */

/* Begin PBXFileReference section */
		5E6459092CFAE0BF0023EC20 /* SideBarSwiftUI.app */ = {isa = PBXFileReference; explicitFileType = wrapper.application; includeInIndex = 0; path = SideBarSwiftUI.app; sourceTree = BUILT_PRODUCTS_DIR; };
		5E64590C2CFAE0BF0023EC20 /* SideBarSwiftUIApp.swift */ = {isa = PBXFileReference; lastKnownFileType = sourcecode.swift; path = SideBarSwiftUIApp.swift; sourceTree = "<group>"; };
		5E64590E2CFAE0BF0023EC20 /* MainTabbedView.swift */ = {isa = PBXFileReference; lastKnownFileType = sourcecode.swift; path = MainTabbedView.swift; sourceTree = "<group>"; };
		5E6459102CFAE0C10023EC20 /* Assets.xcassets */ = {isa = PBXFileReference; lastKnownFileType = folder.assetcatalog; path = Assets.xcassets; sourceTree = "<group>"; };
		5E6459132CFAE0C10023EC20 /* Preview Assets.xcassets */ = {isa = PBXFileReference; lastKnownFileType = folder.assetcatalog; path = "Preview Assets.xcassets"; sourceTree = "<group>"; };
		5E64591B2CFAE22B0023EC20 /* HomeView.swift */ = {isa = PBXFileReference; lastKnownFileType = sourcecode.swift; path = HomeView.swift; sourceTree = "<group>"; };
		5E64591D2CFAE24B0023EC20 /* ChatView.swift */ = {isa = PBXFileReference; lastKnownFileType = sourcecode.swift; path = ChatView.swift; sourceTree = "<group>"; };
		5E64591F2CFAE25C0023EC20 /* FavouriteView.swift */ = {isa = PBXFileReference; lastKnownFileType = sourcecode.swift; path = FavouriteView.swift; sourceTree = "<group>"; };
		5E6459212CFAE26D0023EC20 /* ProfileView.swift */ = {isa = PBXFileReference; lastKnownFileType = sourcecode.swift; path = ProfileView.swift; sourceTree = "<group>"; };
		5E6459232CFAE3730023EC20 /* SideMenu.swift */ = {isa = PBXFileReference; lastKnownFileType = sourcecode.swift; path = SideMenu.swift; sourceTree = "<group>"; };
		5E6459252CFAE4140023EC20 /* SideMenurowType .swift */ = {isa = PBXFileReference; lastKnownFileType = sourcecode.swift; path = "SideMenurowType .swift"; sourceTree = "<group>"; };
		5E6459272CFAE4820023EC20 /* SideMenuView.swift */ = {isa = PBXFileReference; lastKnownFileType = sourcecode.swift; path = SideMenuView.swift; sourceTree = "<group>"; };
/* End PBXFileReference section */

/* Begin PBXFrameworksBuildPhase section */
		5E6459062CFAE0BF0023EC20 /* Frameworks */ = {
			isa = PBXFrameworksBuildPhase;
			buildActionMask = 2147483647;
			files = (
			);
			runOnlyForDeploymentPostprocessing = 0;
		};
/* End PBXFrameworksBuildPhase section */

/* Begin PBXGroup section */
		5E6459002CFAE0BF0023EC20 = {
			isa = PBXGroup;
			children = (
				5E64590B2CFAE0BF0023EC20 /* SideBarSwiftUI */,
				5E64590A2CFAE0BF0023EC20 /* Products */,
			);
			sourceTree = "<group>";
		};
		5E64590A2CFAE0BF0023EC20 /* Products */ = {
			isa = PBXGroup;
			children = (
				5E6459092CFAE0BF0023EC20 /* SideBarSwiftUI.app */,
			);
			name = Products;
			sourceTree = "<group>";
		};
		5E64590B2CFAE0BF0023EC20 /* SideBarSwiftUI */ = {
			isa = PBXGroup;
			children = (
				5E64591A2CFAE2180023EC20 /* SideMenuViews */,
				5E64590C2CFAE0BF0023EC20 /* SideBarSwiftUIApp.swift */,
				5E64590E2CFAE0BF0023EC20 /* MainTabbedView.swift */,
				5E6459102CFAE0C10023EC20 /* Assets.xcassets */,
				5E6459122CFAE0C10023EC20 /* Preview Content */,
				5E6459232CFAE3730023EC20 /* SideMenu.swift */,
				5E6459252CFAE4140023EC20 /* SideMenurowType .swift */,
				5E6459272CFAE4820023EC20 /* SideMenuView.swift */,
			);
			path = SideBarSwiftUI;
			sourceTree = "<group>";
		};
		5E6459122CFAE0C10023EC20 /* Preview Content */ = {
			isa = PBXGroup;
			children = (
				5E6459132CFAE0C10023EC20 /* Preview Assets.xcassets */,
			);
			path = "Preview Content";
			sourceTree = "<group>";
		};
		5E64591A2CFAE2180023EC20 /* SideMenuViews */ = {
			isa = PBXGroup;
			children = (
				5E64591B2CFAE22B0023EC20 /* HomeView.swift */,
				5E64591D2CFAE24B0023EC20 /* ChatView.swift */,
				5E64591F2CFAE25C0023EC20 /* FavouriteView.swift */,
				5E6459212CFAE26D0023EC20 /* ProfileView.swift */,
			);
			path = SideMenuViews;
			sourceTree = "<group>";
		};
/* End PBXGroup section */

/* Begin PBXNativeTarget section */
		5E6459082CFAE0BF0023EC20 /* SideBarSwiftUI */ = {
			isa = PBXNativeTarget;
			buildConfigurationList = 5E6459172CFAE0C10023EC20 /* Build configuration list for PBXNativeTarget "SideBarSwiftUI" */;
			buildPhases = (
				5E6459052CFAE0BF0023EC20 /* Sources */,
				5E6459062CFAE0BF0023EC20 /* Frameworks */,
				5E6459072CFAE0BF0023EC20 /* Resources */,
			);
			buildRules = (
			);
			dependencies = (
			);
			name = SideBarSwiftUI;
			productName = SideBarSwiftUI;
			productReference = 5E6459092CFAE0BF0023EC20 /* SideBarSwiftUI.app */;
			productType = "com.apple.product-type.application";
		};
/* End PBXNativeTarget section */

/* Begin PBXProject section */
		5E6459012CFAE0BF0023EC20 /* Project object */ = {
			isa = PBXProject;
			attributes = {
				BuildIndependentTargetsInParallel = 1;
				LastSwiftUpdateCheck = 1500;
				LastUpgradeCheck = 1500;
				TargetAttributes = {
					5E6459082CFAE0BF0023EC20 = {
						CreatedOnToolsVersion = 15.0.1;
					};
				};
			};
			buildConfigurationList = 5E6459042CFAE0BF0023EC20 /* Build configuration list for PBXProject "SideBarSwiftUI" */;
			compatibilityVersion = "Xcode 14.0";
			developmentRegion = en;
			hasScannedForEncodings = 0;
			knownRegions = (
				en,
				Base,
			);
			mainGroup = 5E6459002CFAE0BF0023EC20;
			productRefGroup = 5E64590A2CFAE0BF0023EC20 /* Products */;
			projectDirPath = "";
			projectRoot = "";
			targets = (
				5E6459082CFAE0BF0023EC20 /* SideBarSwiftUI */,
			);
		};
/* End PBXProject section */

/* Begin PBXResourcesBuildPhase section */
		5E6459072CFAE0BF0023EC20 /* Resources */ = {
			isa = PBXResourcesBuildPhase;
			buildActionMask = 2147483647;
			files = (
				5E6459142CFAE0C10023EC20 /* Preview Assets.xcassets in Resources */,
				5E6459112CFAE0C10023EC20 /* Assets.xcassets in Resources */,
			);
			runOnlyForDeploymentPostprocessing = 0;
		};
/* End PBXResourcesBuildPhase section */

/* Begin PBXSourcesBuildPhase section */
		5E6459052CFAE0BF0023EC20 /* Sources */ = {
			isa = PBXSourcesBuildPhase;
			buildActionMask = 2147483647;
			files = (
				5E64591E2CFAE24B0023EC20 /* ChatView.swift in Sources */,
				5E6459242CFAE3730023EC20 /* SideMenu.swift in Sources */,
				5E64591C2CFAE22B0023EC20 /* HomeView.swift in Sources */,
				5E6459202CFAE25C0023EC20 /* FavouriteView.swift in Sources */,
				5E64590F2CFAE0BF0023EC20 /* MainTabbedView.swift in Sources */,
				5E6459262CFAE4140023EC20 /* SideMenurowType .swift in Sources */,
				5E6459282CFAE4820023EC20 /* SideMenuView.swift in Sources */,
				5E6459222CFAE26D0023EC20 /* ProfileView.swift in Sources */,
				5E64590D2CFAE0BF0023EC20 /* SideBarSwiftUIApp.swift in Sources */,
			);
			runOnlyForDeploymentPostprocessing = 0;
		};
/* End PBXSourcesBuildPhase section */

/* Begin XCBuildConfiguration section */
		5E6459152CFAE0C10023EC20 /* Debug */ = {
			isa = XCBuildConfiguration;
			buildSettings = {
				ALWAYS_SEARCH_USER_PATHS = NO;
				ASSETCATALOG_COMPILER_GENERATE_SWIFT_ASSET_SYMBOL_EXTENSIONS = YES;
				CLANG_ANALYZER_NONNULL = YES;
				CLANG_ANALYZER_NUMBER_OBJECT_CONVERSION = YES_AGGRESSIVE;
				CLANG_CXX_LANGUAGE_STANDARD = "gnu++20";
				CLANG_ENABLE_MODULES = YES;
				CLANG_ENABLE_OBJC_ARC = YES;
				CLANG_ENABLE_OBJC_WEAK = YES;
				CLANG_WARN_BLOCK_CAPTURE_AUTORELEASING = YES;
				CLANG_WARN_BOOL_CONVERSION = YES;
				CLANG_WARN_COMMA = YES;
				CLANG_WARN_CONSTANT_CONVERSION = YES;
				CLANG_WARN_DEPRECATED_OBJC_IMPLEMENTATIONS = YES;
				CLANG_WARN_DIRECT_OBJC_ISA_USAGE = YES_ERROR;
				CLANG_WARN_DOCUMENTATION_COMMENTS = YES;
				CLANG_WARN_EMPTY_BODY = YES;
				CLANG_WARN_ENUM_CONVERSION = YES;
				CLANG_WARN_INFINITE_RECURSION = YES;
				CLANG_WARN_INT_CONVERSION = YES;
				CLANG_WARN_NON_LITERAL_NULL_CONVERSION = YES;
				CLANG_WARN_OBJC_IMPLICIT_RETAIN_SELF = YES;
				CLANG_WARN_OBJC_LITERAL_CONVERSION = YES;
				CLANG_WARN_OBJC_ROOT_CLASS = YES_ERROR;
				CLANG_WARN_QUOTED_INCLUDE_IN_FRAMEWORK_HEADER = YES;
				CLANG_WARN_RANGE_LOOP_ANALYSIS = YES;
				CLANG_WARN_STRICT_PROTOTYPES = YES;
				CLANG_WARN_SUSPICIOUS_MOVE = YES;
				CLANG_WARN_UNGUARDED_AVAILABILITY = YES_AGGRESSIVE;
				CLANG_WARN_UNREACHABLE_CODE = YES;
				CLANG_WARN__DUPLICATE_METHOD_MATCH = YES;
				COPY_PHASE_STRIP = NO;
				DEBUG_INFORMATION_FORMAT = dwarf;
				ENABLE_STRICT_OBJC_MSGSEND = YES;
				ENABLE_TESTABILITY = YES;
				ENABLE_USER_SCRIPT_SANDBOXING = YES;
				GCC_C_LANGUAGE_STANDARD = gnu17;
				GCC_DYNAMIC_NO_PIC = NO;
				GCC_NO_COMMON_BLOCKS = YES;
				GCC_OPTIMIZATION_LEVEL = 0;
				GCC_PREPROCESSOR_DEFINITIONS = (
					"DEBUG=1",
					"$(inherited)",
				);
				GCC_WARN_64_TO_32_BIT_CONVERSION = YES;
				GCC_WARN_ABOUT_RETURN_TYPE = YES_ERROR;
				GCC_WARN_UNDECLARED_SELECTOR = YES;
				GCC_WARN_UNINITIALIZED_AUTOS = YES_AGGRESSIVE;
				GCC_WARN_UNUSED_FUNCTION = YES;
				GCC_WARN_UNUSED_VARIABLE = YES;
				IPHONEOS_DEPLOYMENT_TARGET = 17.0;
				LOCALIZATION_PREFERS_STRING_CATALOGS = YES;
				MTL_ENABLE_DEBUG_INFO = INCLUDE_SOURCE;
				MTL_FAST_MATH = YES;
				ONLY_ACTIVE_ARCH = YES;
				SDKROOT = iphoneos;
				SWIFT_ACTIVE_COMPILATION_CONDITIONS = "DEBUG $(inherited)";
				SWIFT_OPTIMIZATION_LEVEL = "-Onone";
			};
			name = Debug;
		};
		5E6459162CFAE0C10023EC20 /* Release */ = {
			isa = XCBuildConfiguration;
			buildSettings = {
				ALWAYS_SEARCH_USER_PATHS = NO;
				ASSETCATALOG_COMPILER_GENERATE_SWIFT_ASSET_SYMBOL_EXTENSIONS = YES;
				CLANG_ANALYZER_NONNULL = YES;
				CLANG_ANALYZER_NUMBER_OBJECT_CONVERSION = YES_AGGRESSIVE;
				CLANG_CXX_LANGUAGE_STANDARD = "gnu++20";
				CLANG_ENABLE_MODULES = YES;
				CLANG_ENABLE_OBJC_ARC = YES;
				CLANG_ENABLE_OBJC_WEAK = YES;
				CLANG_WARN_BLOCK_CAPTURE_AUTORELEASING = YES;
				CLANG_WARN_BOOL_CONVERSION = YES;
				CLANG_WARN_COMMA = YES;
				CLANG_WARN_CONSTANT_CONVERSION = YES;
				CLANG_WARN_DEPRECATED_OBJC_IMPLEMENTATIONS = YES;
				CLANG_WARN_DIRECT_OBJC_ISA_USAGE = YES_ERROR;
				CLANG_WARN_DOCUMENTATION_COMMENTS = YES;
				CLANG_WARN_EMPTY_BODY = YES;
				CLANG_WARN_ENUM_CONVERSION = YES;
				CLANG_WARN_INFINITE_RECURSION = YES;
				CLANG_WARN_INT_CONVERSION = YES;
				CLANG_WARN_NON_LITERAL_NULL_CONVERSION = YES;
				CLANG_WARN_OBJC_IMPLICIT_RETAIN_SELF = YES;
				CLANG_WARN_OBJC_LITERAL_CONVERSION = YES;
				CLANG_WARN_OBJC_ROOT_CLASS = YES_ERROR;
				CLANG_WARN_QUOTED_INCLUDE_IN_FRAMEWORK_HEADER = YES;
				CLANG_WARN_RANGE_LOOP_ANALYSIS = YES;
				CLANG_WARN_STRICT_PROTOTYPES = YES;
				CLANG_WARN_SUSPICIOUS_MOVE = YES;
				CLANG_WARN_UNGUARDED_AVAILABILITY = YES_AGGRESSIVE;
				CLANG_WARN_UNREACHABLE_CODE = YES;
				CLANG_WARN__DUPLICATE_METHOD_MATCH = YES;
				COPY_PHASE_STRIP = NO;
				DEBUG_INFORMATION_FORMAT = "dwarf-with-dsym";
				ENABLE_NS_ASSERTIONS = NO;
				ENABLE_STRICT_OBJC_MSGSEND = YES;
				ENABLE_USER_SCRIPT_SANDBOXING = YES;
				GCC_C_LANGUAGE_STANDARD = gnu17;
				GCC_NO_COMMON_BLOCKS = YES;
				GCC_WARN_64_TO_32_BIT_CONVERSION = YES;
				GCC_WARN_ABOUT_RETURN_TYPE = YES_ERROR;
				GCC_WARN_UNDECLARED_SELECTOR = YES;
				GCC_WARN_UNINITIALIZED_AUTOS = YES_AGGRESSIVE;
				GCC_WARN_UNUSED_FUNCTION = YES;
				GCC_WARN_UNUSED_VARIABLE = YES;
				IPHONEOS_DEPLOYMENT_TARGET = 17.0;
				LOCALIZATION_PREFERS_STRING_CATALOGS = YES;
				MTL_ENABLE_DEBUG_INFO = NO;
				MTL_FAST_MATH = YES;
				SDKROOT = iphoneos;
				SWIFT_COMPILATION_MODE = wholemodule;
				VALIDATE_PRODUCT = YES;
			};
			name = Release;
		};
		5E6459182CFAE0C10023EC20 /* Debug */ = {
			isa = XCBuildConfiguration;
			buildSettings = {
				ASSETCATALOG_COMPILER_APPICON_NAME = AppIcon;
				ASSETCATALOG_COMPILER_GLOBAL_ACCENT_COLOR_NAME = AccentColor;
				CODE_SIGN_STYLE = Automatic;
				CURRENT_PROJECT_VERSION = 1;
				DEVELOPMENT_ASSET_PATHS = "\"SideBarSwiftUI/Preview Content\"";
				DEVELOPMENT_TEAM = 386NUBNWC7;
				ENABLE_PREVIEWS = YES;
				GENERATE_INFOPLIST_FILE = YES;
				INFOPLIST_KEY_UIApplicationSceneManifest_Generation = YES;
				INFOPLIST_KEY_UIApplicationSupportsIndirectInputEvents = YES;
				INFOPLIST_KEY_UILaunchScreen_Generation = YES;
				INFOPLIST_KEY_UISupportedInterfaceOrientations_iPad = "UIInterfaceOrientationPortrait UIInterfaceOrientationPortraitUpsideDown UIInterfaceOrientationLandscapeLeft UIInterfaceOrientationLandscapeRight";
				INFOPLIST_KEY_UISupportedInterfaceOrientations_iPhone = "UIInterfaceOrientationPortrait UIInterfaceOrientationLandscapeLeft UIInterfaceOrientationLandscapeRight";
				LD_RUNPATH_SEARCH_PATHS = (
					"$(inherited)",
					"@executable_path/Frameworks",
				);
				MARKETING_VERSION = 1.0;
				PRODUCT_BUNDLE_IDENTIFIER = bss.dev.SideBarSwiftUI;
				PRODUCT_NAME = "$(TARGET_NAME)";
				SWIFT_EMIT_LOC_STRINGS = YES;
				SWIFT_VERSION = 5.0;
				TARGETED_DEVICE_FAMILY = "1,2";
			};
			name = Debug;
		};
		5E6459192CFAE0C10023EC20 /* Release */ = {
			isa = XCBuildConfiguration;
			buildSettings = {
				ASSETCATALOG_COMPILER_APPICON_NAME = AppIcon;
				ASSETCATALOG_COMPILER_GLOBAL_ACCENT_COLOR_NAME = AccentColor;
				CODE_SIGN_STYLE = Automatic;
				CURRENT_PROJECT_VERSION = 1;
				DEVELOPMENT_ASSET_PATHS = "\"SideBarSwiftUI/Preview Content\"";
				DEVELOPMENT_TEAM = 386NUBNWC7;
				ENABLE_PREVIEWS = YES;
				GENERATE_INFOPLIST_FILE = YES;
				INFOPLIST_KEY_UIApplicationSceneManifest_Generation = YES;
				INFOPLIST_KEY_UIApplicationSupportsIndirectInputEvents = YES;
				INFOPLIST_KEY_UILaunchScreen_Generation = YES;
				INFOPLIST_KEY_UISupportedInterfaceOrientations_iPad = "UIInterfaceOrientationPortrait UIInterfaceOrientationPortraitUpsideDown UIInterfaceOrientationLandscapeLeft UIInterfaceOrientationLandscapeRight";
				INFOPLIST_KEY_UISupportedInterfaceOrientations_iPhone = "UIInterfaceOrientationPortrait UIInterfaceOrientationLandscapeLeft UIInterfaceOrientationLandscapeRight";
				LD_RUNPATH_SEARCH_PATHS = (
					"$(inherited)",
					"@executable_path/Frameworks",
				);
				MARKETING_VERSION = 1.0;
				PRODUCT_BUNDLE_IDENTIFIER = bss.dev.SideBarSwiftUI;
				PRODUCT_NAME = "$(TARGET_NAME)";
				SWIFT_EMIT_LOC_STRINGS = YES;
				SWIFT_VERSION = 5.0;
				TARGETED_DEVICE_FAMILY = "1,2";
			};
			name = Release;
		};
/* End XCBuildConfiguration section */

/* Begin XCConfigurationList section */
		5E6459042CFAE0BF0023EC20 /* Build configuration list for PBXProject "SideBarSwiftUI" */ = {
			isa = XCConfigurationList;
			buildConfigurations = (
				5E6459152CFAE0C10023EC20 /* Debug */,
				5E6459162CFAE0C10023EC20 /* Release */,
			);
			defaultConfigurationIsVisible = 0;
			defaultConfigurationName = Release;
		};
		5E6459172CFAE0C10023EC20 /* Build configuration list for PBXNativeTarget "SideBarSwiftUI" */ = {
			isa = XCConfigurationList;
			buildConfigurations = (
				5E6459182CFAE0C10023EC20 /* Debug */,
				5E6459192CFAE0C10023EC20 /* Release */,
			);
			defaultConfigurationIsVisible = 0;
			defaultConfigurationName = Release;
		};
/* End XCConfigurationList section */
	};
	rootObject = 5E6459012CFAE0BF0023EC20 /* Project object */;
}
