// !$*UTF8*$!
{
	archiveVersion = 1;
	classes = {
	};
	objectVersion = 56;
	objects = {

/* Begin PBXBuildFile section */
		5E83A31C2CDE4AB7003788CD /* AppDelegate.swift in Sources */ = {isa = PBXBuildFile; fileRef = 5E83A31B2CDE4AB7003788CD /* AppDelegate.swift */; };
		5E83A3202CDE4AB7003788CD /* CountryViewController.swift in Sources */ = {isa = PBXBuildFile; fileRef = 5E83A31F2CDE4AB7003788CD /* CountryViewController.swift */; };
		5E83A3252CDE4AB9003788CD /* Assets.xcassets in Resources */ = {isa = PBXBuildFile; fileRef = 5E83A3242CDE4AB9003788CD /* Assets.xcassets */; };
		5E83A3282CDE4AB9003788CD /* LaunchScreen.storyboard in Resources */ = {isa = PBXBuildFile; fileRef = 5E83A3262CDE4AB9003788CD /* LaunchScreen.storyboard */; };
		5E83A3302CDE4D2C003788CD /* Country.swift in Sources */ = {isa = PBXBuildFile; fileRef = 5E83A32F2CDE4D2C003788CD /* Country.swift */; };
		5E83A3332CDE4DAC003788CD /* CountryCell.swift in Sources */ = {isa = PBXBuildFile; fileRef = 5E83A3322CDE4DAC003788CD /* CountryCell.swift */; };
		5E83A3352CDE7DE2003788CD /* CountryService.swift in Sources */ = {isa = PBXBuildFile; fileRef = 5E83A3342CDE7DE2003788CD /* CountryService.swift */; };
		5E9193992CDF2715009B97FF /* CountryView.swift in Sources */ = {isa = PBXBuildFile; fileRef = 5E9193982CDF2715009B97FF /* CountryView.swift */; };
		5E91939B2CDF3631009B97FF /* CountryDetailViewController.swift in Sources */ = {isa = PBXBuildFile; fileRef = 5E91939A2CDF3631009B97FF /* CountryDetailViewController.swift */; };
		5E91939E2CDF75C8009B97FF /* Kingfisher in Frameworks */ = {isa = PBXBuildFile; productRef = 5E91939D2CDF75C8009B97FF /* Kingfisher */; };
		5E9193A12CDF8883009B97FF /* DetailView.swift in Sources */ = {isa = PBXBuildFile; fileRef = 5E9193A02CDF8883009B97FF /* DetailView.swift */; };
/* End PBXBuildFile section */

/* Begin PBXFileReference section */
		5E83A3182CDE4AB7003788CD /* iostask.app */ = {isa = PBXFileReference; explicitFileType = wrapper.application; includeInIndex = 0; path = iostask.app; sourceTree = BUILT_PRODUCTS_DIR; };
		5E83A31B2CDE4AB7003788CD /* AppDelegate.swift */ = {isa = PBXFileReference; lastKnownFileType = sourcecode.swift; path = AppDelegate.swift; sourceTree = "<group>"; };
		5E83A31F2CDE4AB7003788CD /* CountryViewController.swift */ = {isa = PBXFileReference; lastKnownFileType = sourcecode.swift; path = CountryViewController.swift; sourceTree = "<group>"; };
		5E83A3242CDE4AB9003788CD /* Assets.xcassets */ = {isa = PBXFileReference; lastKnownFileType = folder.assetcatalog; path = Assets.xcassets; sourceTree = "<group>"; };
		5E83A3272CDE4AB9003788CD /* Base */ = {isa = PBXFileReference; lastKnownFileType = file.storyboard; name = Base; path = Base.lproj/LaunchScreen.storyboard; sourceTree = "<group>"; };
		5E83A3292CDE4AB9003788CD /* Info.plist */ = {isa = PBXFileReference; lastKnownFileType = text.plist.xml; path = Info.plist; sourceTree = "<group>"; };
		5E83A32F2CDE4D2C003788CD /* Country.swift */ = {isa = PBXFileReference; lastKnownFileType = sourcecode.swift; path = Country.swift; sourceTree = "<group>"; };
		5E83A3322CDE4DAC003788CD /* CountryCell.swift */ = {isa = PBXFileReference; lastKnownFileType = sourcecode.swift; path = CountryCell.swift; sourceTree = "<group>"; };
		5E83A3342CDE7DE2003788CD /* CountryService.swift */ = {isa = PBXFileReference; lastKnownFileType = sourcecode.swift; path = CountryService.swift; sourceTree = "<group>"; };
		5E9193982CDF2715009B97FF /* CountryView.swift */ = {isa = PBXFileReference; lastKnownFileType = sourcecode.swift; path = CountryView.swift; sourceTree = "<group>"; };
		5E91939A2CDF3631009B97FF /* CountryDetailViewController.swift */ = {isa = PBXFileReference; lastKnownFileType = sourcecode.swift; path = CountryDetailViewController.swift; sourceTree = "<group>"; };
		5E9193A02CDF8883009B97FF /* DetailView.swift */ = {isa = PBXFileReference; lastKnownFileType = sourcecode.swift; path = DetailView.swift; sourceTree = "<group>"; };
/* End PBXFileReference section */

/* Begin PBXFrameworksBuildPhase section */
		5E83A3152CDE4AB7003788CD /* Frameworks */ = {
			isa = PBXFrameworksBuildPhase;
			buildActionMask = 2147483647;
			files = (
				5E91939E2CDF75C8009B97FF /* Kingfisher in Frameworks */,
			);
			runOnlyForDeploymentPostprocessing = 0;
		};
/* End PBXFrameworksBuildPhase section */

/* Begin PBXGroup section */
		5E83A30F2CDE4AB7003788CD = {
			isa = PBXGroup;
			children = (
				5E83A31A2CDE4AB7003788CD /* iostask */,
				5E83A3192CDE4AB7003788CD /* Products */,
			);
			sourceTree = "<group>";
		};
		5E83A3192CDE4AB7003788CD /* Products */ = {
			isa = PBXGroup;
			children = (
				5E83A3182CDE4AB7003788CD /* iostask.app */,
			);
			name = Products;
			sourceTree = "<group>";
		};
		5E83A31A2CDE4AB7003788CD /* iostask */ = {
			isa = PBXGroup;
			children = (
				5E83A31B2CDE4AB7003788CD /* AppDelegate.swift */,
				5E83A3372CDE8257003788CD /* CountryList */,
				5E91939F2CDF833C009B97FF /* CountryDetail */,
				5E83A3362CDE7FC7003788CD /* Networking */,
				5E83A3312CDE4D3E003788CD /* Files */,
			);
			path = iostask;
			sourceTree = "<group>";
		};
		5E83A3312CDE4D3E003788CD /* Files */ = {
			isa = PBXGroup;
			children = (
				5E83A3242CDE4AB9003788CD /* Assets.xcassets */,
				5E83A3262CDE4AB9003788CD /* LaunchScreen.storyboard */,
				5E83A3292CDE4AB9003788CD /* Info.plist */,
			);
			path = Files;
			sourceTree = "<group>";
		};
		5E83A3362CDE7FC7003788CD /* Networking */ = {
			isa = PBXGroup;
			children = (
				5E83A3342CDE7DE2003788CD /* CountryService.swift */,
				5E83A32F2CDE4D2C003788CD /* Country.swift */,
			);
			path = Networking;
			sourceTree = "<group>";
		};
		5E83A3372CDE8257003788CD /* CountryList */ = {
			isa = PBXGroup;
			children = (
				5E83A31F2CDE4AB7003788CD /* CountryViewController.swift */,
				5E83A3322CDE4DAC003788CD /* CountryCell.swift */,
				5E9193982CDF2715009B97FF /* CountryView.swift */,
			);
			path = CountryList;
			sourceTree = "<group>";
		};
		5E91939F2CDF833C009B97FF /* CountryDetail */ = {
			isa = PBXGroup;
			children = (
				5E91939A2CDF3631009B97FF /* CountryDetailViewController.swift */,
				5E9193A02CDF8883009B97FF /* DetailView.swift */,
			);
			path = CountryDetail;
			sourceTree = "<group>";
		};
/* End PBXGroup section */

/* Begin PBXNativeTarget section */
		5E83A3172CDE4AB7003788CD /* iostask */ = {
			isa = PBXNativeTarget;
			buildConfigurationList = 5E83A32C2CDE4AB9003788CD /* Build configuration list for PBXNativeTarget "iostask" */;
			buildPhases = (
				5E83A3142CDE4AB7003788CD /* Sources */,
				5E83A3152CDE4AB7003788CD /* Frameworks */,
				5E83A3162CDE4AB7003788CD /* Resources */,
			);
			buildRules = (
			);
			dependencies = (
			);
			name = iostask;
			packageProductDependencies = (
				5E91939D2CDF75C8009B97FF /* Kingfisher */,
			);
			productName = iostask;
			productReference = 5E83A3182CDE4AB7003788CD /* iostask.app */;
			productType = "com.apple.product-type.application";
		};
/* End PBXNativeTarget section */

/* Begin PBXProject section */
		5E83A3102CDE4AB7003788CD /* Project object */ = {
			isa = PBXProject;
			attributes = {
				BuildIndependentTargetsInParallel = 1;
				LastSwiftUpdateCheck = 1500;
				LastUpgradeCheck = 1500;
				TargetAttributes = {
					5E83A3172CDE4AB7003788CD = {
						CreatedOnToolsVersion = 15.0.1;
					};
				};
			};
			buildConfigurationList = 5E83A3132CDE4AB7003788CD /* Build configuration list for PBXProject "iostask" */;
			compatibilityVersion = "Xcode 14.0";
			developmentRegion = en;
			hasScannedForEncodings = 0;
			knownRegions = (
				en,
				Base,
			);
			mainGroup = 5E83A30F2CDE4AB7003788CD;
			packageReferences = (
				5E91939C2CDF75C7009B97FF /* XCRemoteSwiftPackageReference "Kingfisher" */,
			);
			productRefGroup = 5E83A3192CDE4AB7003788CD /* Products */;
			projectDirPath = "";
			projectRoot = "";
			targets = (
				5E83A3172CDE4AB7003788CD /* iostask */,
			);
		};
/* End PBXProject section */

/* Begin PBXResourcesBuildPhase section */
		5E83A3162CDE4AB7003788CD /* Resources */ = {
			isa = PBXResourcesBuildPhase;
			buildActionMask = 2147483647;
			files = (
				5E83A3282CDE4AB9003788CD /* LaunchScreen.storyboard in Resources */,
				5E83A3252CDE4AB9003788CD /* Assets.xcassets in Resources */,
			);
			runOnlyForDeploymentPostprocessing = 0;
		};
/* End PBXResourcesBuildPhase section */

/* Begin PBXSourcesBuildPhase section */
		5E83A3142CDE4AB7003788CD /* Sources */ = {
			isa = PBXSourcesBuildPhase;
			buildActionMask = 2147483647;
			files = (
				5E83A3332CDE4DAC003788CD /* CountryCell.swift in Sources */,
				5E9193A12CDF8883009B97FF /* DetailView.swift in Sources */,
				5E83A3352CDE7DE2003788CD /* CountryService.swift in Sources */,
				5E83A3202CDE4AB7003788CD /* CountryViewController.swift in Sources */,
				5E9193992CDF2715009B97FF /* CountryView.swift in Sources */,
				5E91939B2CDF3631009B97FF /* CountryDetailViewController.swift in Sources */,
				5E83A3302CDE4D2C003788CD /* Country.swift in Sources */,
				5E83A31C2CDE4AB7003788CD /* AppDelegate.swift in Sources */,
			);
			runOnlyForDeploymentPostprocessing = 0;
		};
/* End PBXSourcesBuildPhase section */

/* Begin PBXVariantGroup section */
		5E83A3262CDE4AB9003788CD /* LaunchScreen.storyboard */ = {
			isa = PBXVariantGroup;
			children = (
				5E83A3272CDE4AB9003788CD /* Base */,
			);
			name = LaunchScreen.storyboard;
			sourceTree = "<group>";
		};
/* End PBXVariantGroup section */

/* Begin XCBuildConfiguration section */
		5E83A32A2CDE4AB9003788CD /* Debug */ = {
			isa = XCBuildConfiguration;
			buildSettings = {
				ALWAYS_SEARCH_USER_PATHS = NO;
				ASSETCATALOG_COMPILER_GENERATE_SWIFT_ASSET_SYMBOL_EXTENSIONS = YES;
				CLANG_ANALYZER_NONNULL = YES;
				CLANG_ANALYZER_NUMBER_OBJECT_CONVERSION = YES_AGGRESSIVE;
				CLANG_CXX_LANGUAGE_STANDARD = "gnu++20";
				CLANG_ENABLE_MODULES = YES;
				CLANG_ENABLE_OBJC_ARC = YES;
				CLANG_ENABLE_OBJC_WEAK = YES;
				CLANG_WARN_BLOCK_CAPTURE_AUTORELEASING = YES;
				CLANG_WARN_BOOL_CONVERSION = YES;
				CLANG_WARN_COMMA = YES;
				CLANG_WARN_CONSTANT_CONVERSION = YES;
				CLANG_WARN_DEPRECATED_OBJC_IMPLEMENTATIONS = YES;
				CLANG_WARN_DIRECT_OBJC_ISA_USAGE = YES_ERROR;
				CLANG_WARN_DOCUMENTATION_COMMENTS = YES;
				CLANG_WARN_EMPTY_BODY = YES;
				CLANG_WARN_ENUM_CONVERSION = YES;
				CLANG_WARN_INFINITE_RECURSION = YES;
				CLANG_WARN_INT_CONVERSION = YES;
				CLANG_WARN_NON_LITERAL_NULL_CONVERSION = YES;
				CLANG_WARN_OBJC_IMPLICIT_RETAIN_SELF = YES;
				CLANG_WARN_OBJC_LITERAL_CONVERSION = YES;
				CLANG_WARN_OBJC_ROOT_CLASS = YES_ERROR;
				CLANG_WARN_QUOTED_INCLUDE_IN_FRAMEWORK_HEADER = YES;
				CLANG_WARN_RANGE_LOOP_ANALYSIS = YES;
				CLANG_WARN_STRICT_PROTOTYPES = YES;
				CLANG_WARN_SUSPICIOUS_MOVE = YES;
				CLANG_WARN_UNGUARDED_AVAILABILITY = YES_AGGRESSIVE;
				CLANG_WARN_UNREACHABLE_CODE = YES;
				CLANG_WARN__DUPLICATE_METHOD_MATCH = YES;
				COPY_PHASE_STRIP = NO;
				DEBUG_INFORMATION_FORMAT = dwarf;
				ENABLE_STRICT_OBJC_MSGSEND = YES;
				ENABLE_TESTABILITY = YES;
				ENABLE_USER_SCRIPT_SANDBOXING = YES;
				GCC_C_LANGUAGE_STANDARD = gnu17;
				GCC_DYNAMIC_NO_PIC = NO;
				GCC_NO_COMMON_BLOCKS = YES;
				GCC_OPTIMIZATION_LEVEL = 0;
				GCC_PREPROCESSOR_DEFINITIONS = (
					"DEBUG=1",
					"$(inherited)",
				);
				GCC_WARN_64_TO_32_BIT_CONVERSION = YES;
				GCC_WARN_ABOUT_RETURN_TYPE = YES_ERROR;
				GCC_WARN_UNDECLARED_SELECTOR = YES;
				GCC_WARN_UNINITIALIZED_AUTOS = YES_AGGRESSIVE;
				GCC_WARN_UNUSED_FUNCTION = YES;
				GCC_WARN_UNUSED_VARIABLE = YES;
				IPHONEOS_DEPLOYMENT_TARGET = 17.0;
				LOCALIZATION_PREFERS_STRING_CATALOGS = YES;
				MTL_ENABLE_DEBUG_INFO = INCLUDE_SOURCE;
				MTL_FAST_MATH = YES;
				ONLY_ACTIVE_ARCH = YES;
				SDKROOT = iphoneos;
				SWIFT_ACTIVE_COMPILATION_CONDITIONS = "DEBUG $(inherited)";
				SWIFT_OPTIMIZATION_LEVEL = "-Onone";
			};
			name = Debug;
		};
		5E83A32B2CDE4AB9003788CD /* Release */ = {
			isa = XCBuildConfiguration;
			buildSettings = {
				ALWAYS_SEARCH_USER_PATHS = NO;
				ASSETCATALOG_COMPILER_GENERATE_SWIFT_ASSET_SYMBOL_EXTENSIONS = YES;
				CLANG_ANALYZER_NONNULL = YES;
				CLANG_ANALYZER_NUMBER_OBJECT_CONVERSION = YES_AGGRESSIVE;
				CLANG_CXX_LANGUAGE_STANDARD = "gnu++20";
				CLANG_ENABLE_MODULES = YES;
				CLANG_ENABLE_OBJC_ARC = YES;
				CLANG_ENABLE_OBJC_WEAK = YES;
				CLANG_WARN_BLOCK_CAPTURE_AUTORELEASING = YES;
				CLANG_WARN_BOOL_CONVERSION = YES;
				CLANG_WARN_COMMA = YES;
				CLANG_WARN_CONSTANT_CONVERSION = YES;
				CLANG_WARN_DEPRECATED_OBJC_IMPLEMENTATIONS = YES;
				CLANG_WARN_DIRECT_OBJC_ISA_USAGE = YES_ERROR;
				CLANG_WARN_DOCUMENTATION_COMMENTS = YES;
				CLANG_WARN_EMPTY_BODY = YES;
				CLANG_WARN_ENUM_CONVERSION = YES;
				CLANG_WARN_INFINITE_RECURSION = YES;
				CLANG_WARN_INT_CONVERSION = YES;
				CLANG_WARN_NON_LITERAL_NULL_CONVERSION = YES;
				CLANG_WARN_OBJC_IMPLICIT_RETAIN_SELF = YES;
				CLANG_WARN_OBJC_LITERAL_CONVERSION = YES;
				CLANG_WARN_OBJC_ROOT_CLASS = YES_ERROR;
				CLANG_WARN_QUOTED_INCLUDE_IN_FRAMEWORK_HEADER = YES;
				CLANG_WARN_RANGE_LOOP_ANALYSIS = YES;
				CLANG_WARN_STRICT_PROTOTYPES = YES;
				CLANG_WARN_SUSPICIOUS_MOVE = YES;
				CLANG_WARN_UNGUARDED_AVAILABILITY = YES_AGGRESSIVE;
				CLANG_WARN_UNREACHABLE_CODE = YES;
				CLANG_WARN__DUPLICATE_METHOD_MATCH = YES;
				COPY_PHASE_STRIP = NO;
				DEBUG_INFORMATION_FORMAT = "dwarf-with-dsym";
				ENABLE_NS_ASSERTIONS = NO;
				ENABLE_STRICT_OBJC_MSGSEND = YES;
				ENABLE_USER_SCRIPT_SANDBOXING = YES;
				GCC_C_LANGUAGE_STANDARD = gnu17;
				GCC_NO_COMMON_BLOCKS = YES;
				GCC_WARN_64_TO_32_BIT_CONVERSION = YES;
				GCC_WARN_ABOUT_RETURN_TYPE = YES_ERROR;
				GCC_WARN_UNDECLARED_SELECTOR = YES;
				GCC_WARN_UNINITIALIZED_AUTOS = YES_AGGRESSIVE;
				GCC_WARN_UNUSED_FUNCTION = YES;
				GCC_WARN_UNUSED_VARIABLE = YES;
				IPHONEOS_DEPLOYMENT_TARGET = 17.0;
				LOCALIZATION_PREFERS_STRING_CATALOGS = YES;
				MTL_ENABLE_DEBUG_INFO = NO;
				MTL_FAST_MATH = YES;
				SDKROOT = iphoneos;
				SWIFT_COMPILATION_MODE = wholemodule;
				VALIDATE_PRODUCT = YES;
			};
			name = Release;
		};
		5E83A32D2CDE4AB9003788CD /* Debug */ = {
			isa = XCBuildConfiguration;
			buildSettings = {
				ASSETCATALOG_COMPILER_APPICON_NAME = AppIcon;
				ASSETCATALOG_COMPILER_GLOBAL_ACCENT_COLOR_NAME = AccentColor;
				CLANG_USE_OPTIMIZATION_PROFILE = NO;
				CODE_SIGN_STYLE = Automatic;
				CURRENT_PROJECT_VERSION = 1;
				DEVELOPMENT_TEAM = 386NUBNWC7;
				GENERATE_INFOPLIST_FILE = YES;
				INFOPLIST_FILE = iostask/Files/Info.plist;
				INFOPLIST_KEY_UIApplicationSupportsIndirectInputEvents = YES;
				INFOPLIST_KEY_UILaunchStoryboardName = LaunchScreen;
				INFOPLIST_KEY_UISupportedInterfaceOrientations_iPad = "UIInterfaceOrientationPortrait UIInterfaceOrientationPortraitUpsideDown UIInterfaceOrientationLandscapeLeft UIInterfaceOrientationLandscapeRight";
				INFOPLIST_KEY_UISupportedInterfaceOrientations_iPhone = "UIInterfaceOrientationPortrait UIInterfaceOrientationLandscapeLeft UIInterfaceOrientationLandscapeRight";
				LD_RUNPATH_SEARCH_PATHS = (
					"$(inherited)",
					"@executable_path/Frameworks",
				);
				MARKETING_VERSION = 1.0;
				PRODUCT_BUNDLE_IDENTIFIER = bss.dev.iostask;
				PRODUCT_NAME = "$(TARGET_NAME)";
				SWIFT_EMIT_LOC_STRINGS = YES;
				SWIFT_VERSION = 5.0;
				TARGETED_DEVICE_FAMILY = "1,2";
			};
			name = Debug;
		};
		5E83A32E2CDE4AB9003788CD /* Release */ = {
			isa = XCBuildConfiguration;
			buildSettings = {
				ASSETCATALOG_COMPILER_APPICON_NAME = AppIcon;
				ASSETCATALOG_COMPILER_GLOBAL_ACCENT_COLOR_NAME = AccentColor;
				CLANG_USE_OPTIMIZATION_PROFILE = NO;
				CODE_SIGN_STYLE = Automatic;
				CURRENT_PROJECT_VERSION = 1;
				DEVELOPMENT_TEAM = 386NUBNWC7;
				GENERATE_INFOPLIST_FILE = YES;
				INFOPLIST_FILE = iostask/Files/Info.plist;
				INFOPLIST_KEY_UIApplicationSupportsIndirectInputEvents = YES;
				INFOPLIST_KEY_UILaunchStoryboardName = LaunchScreen;
				INFOPLIST_KEY_UISupportedInterfaceOrientations_iPad = "UIInterfaceOrientationPortrait UIInterfaceOrientationPortraitUpsideDown UIInterfaceOrientationLandscapeLeft UIInterfaceOrientationLandscapeRight";
				INFOPLIST_KEY_UISupportedInterfaceOrientations_iPhone = "UIInterfaceOrientationPortrait UIInterfaceOrientationLandscapeLeft UIInterfaceOrientationLandscapeRight";
				LD_RUNPATH_SEARCH_PATHS = (
					"$(inherited)",
					"@executable_path/Frameworks",
				);
				MARKETING_VERSION = 1.0;
				PRODUCT_BUNDLE_IDENTIFIER = bss.dev.iostask;
				PRODUCT_NAME = "$(TARGET_NAME)";
				SWIFT_EMIT_LOC_STRINGS = YES;
				SWIFT_VERSION = 5.0;
				TARGETED_DEVICE_FAMILY = "1,2";
			};
			name = Release;
		};
/* End XCBuildConfiguration section */

/* Begin XCConfigurationList section */
		5E83A3132CDE4AB7003788CD /* Build configuration list for PBXProject "iostask" */ = {
			isa = XCConfigurationList;
			buildConfigurations = (
				5E83A32A2CDE4AB9003788CD /* Debug */,
				5E83A32B2CDE4AB9003788CD /* Release */,
			);
			defaultConfigurationIsVisible = 0;
			defaultConfigurationName = Release;
		};
		5E83A32C2CDE4AB9003788CD /* Build configuration list for PBXNativeTarget "iostask" */ = {
			isa = XCConfigurationList;
			buildConfigurations = (
				5E83A32D2CDE4AB9003788CD /* Debug */,
				5E83A32E2CDE4AB9003788CD /* Release */,
			);
			defaultConfigurationIsVisible = 0;
			defaultConfigurationName = Release;
		};
/* End XCConfigurationList section */

/* Begin XCRemoteSwiftPackageReference section */
		5E91939C2CDF75C7009B97FF /* XCRemoteSwiftPackageReference "Kingfisher" */ = {
			isa = XCRemoteSwiftPackageReference;
			repositoryURL = "https://github.com/onevcat/Kingfisher.git";
			requirement = {
				kind = upToNextMajorVersion;
				minimumVersion = 8.1.0;
			};
		};
/* End XCRemoteSwiftPackageReference section */

/* Begin XCSwiftPackageProductDependency section */
		5E91939D2CDF75C8009B97FF /* Kingfisher */ = {
			isa = XCSwiftPackageProductDependency;
			package = 5E91939C2CDF75C7009B97FF /* XCRemoteSwiftPackageReference "Kingfisher" */;
			productName = Kingfisher;
		};
/* End XCSwiftPackageProductDependency section */
	};
	rootObject = 5E83A3102CDE4AB7003788CD /* Project object */;
}
