// !$*UTF8*$!
{
	archiveVersion = 1;
	classes = {
	};
	objectVersion = 56;
	objects = {

/* Begin PBXBuildFile section */
		5E1BC5332CD8B4AD00B6F2D5 /* watchosTutorApp.swift in Sources */ = {isa = PBXBuildFile; fileRef = 5E1BC5322CD8B4AD00B6F2D5 /* watchosTutorApp.swift */; };
		5E1BC5352CD8B4AD00B6F2D5 /* ContentView.swift in Sources */ = {isa = PBXBuildFile; fileRef = 5E1BC5342CD8B4AD00B6F2D5 /* ContentView.swift */; };
		5E1BC5372CD8B4AF00B6F2D5 /* Assets.xcassets in Resources */ = {isa = PBXBuildFile; fileRef = 5E1BC5362CD8B4AF00B6F2D5 /* Assets.xcassets */; };
		5E1BC53A2CD8B4B000B6F2D5 /* Preview Assets.xcassets in Resources */ = {isa = PBXBuildFile; fileRef = 5E1BC5392CD8B4B000B6F2D5 /* Preview Assets.xcassets */; };
		5E1BC5402CD8B4B000B6F2D5 /* watchosTutor Watch App.app in Embed Watch Content */ = {isa = PBXBuildFile; fileRef = 5E1BC53F2CD8B4B000B6F2D5 /* watchosTutor Watch App.app */; settings = {ATTRIBUTES = (RemoveHeadersOnCopy, ); }; };
		5E1BC5452CD8B4B000B6F2D5 /* watchosTutorApp.swift in Sources */ = {isa = PBXBuildFile; fileRef = 5E1BC5442CD8B4B000B6F2D5 /* watchosTutorApp.swift */; };
		5E1BC5472CD8B4B000B6F2D5 /* ContentView.swift in Sources */ = {isa = PBXBuildFile; fileRef = 5E1BC5462CD8B4B000B6F2D5 /* ContentView.swift */; };
		5E1BC5492CD8B4B000B6F2D5 /* Assets.xcassets in Resources */ = {isa = PBXBuildFile; fileRef = 5E1BC5482CD8B4B000B6F2D5 /* Assets.xcassets */; };
		5E1BC54C2CD8B4B000B6F2D5 /* Preview Assets.xcassets in Resources */ = {isa = PBXBuildFile; fileRef = 5E1BC54B2CD8B4B000B6F2D5 /* Preview Assets.xcassets */; };
		5E1BC5572CD8B4DF00B6F2D5 /* ViewModelPhone.swift in Sources */ = {isa = PBXBuildFile; fileRef = 5E1BC5562CD8B4DF00B6F2D5 /* ViewModelPhone.swift */; };
		5E1BC5592CD8B72400B6F2D5 /* ViewModelWatch.swift in Sources */ = {isa = PBXBuildFile; fileRef = 5E1BC5582CD8B72400B6F2D5 /* ViewModelWatch.swift */; };
/* End PBXBuildFile section */

/* Begin PBXContainerItemProxy section */
		5E1BC5412CD8B4B000B6F2D5 /* PBXContainerItemProxy */ = {
			isa = PBXContainerItemProxy;
			containerPortal = 5E1BC5272CD8B4AC00B6F2D5 /* Project object */;
			proxyType = 1;
			remoteGlobalIDString = 5E1BC53E2CD8B4B000B6F2D5;
			remoteInfo = "watchosTutor Watch App";
		};
/* End PBXContainerItemProxy section */

/* Begin PBXCopyFilesBuildPhase section */
		5E1BC5522CD8B4B000B6F2D5 /* Embed Watch Content */ = {
			isa = PBXCopyFilesBuildPhase;
			buildActionMask = 2147483647;
			dstPath = "$(CONTENTS_FOLDER_PATH)/Watch";
			dstSubfolderSpec = 16;
			files = (
				5E1BC5402CD8B4B000B6F2D5 /* watchosTutor Watch App.app in Embed Watch Content */,
			);
			name = "Embed Watch Content";
			runOnlyForDeploymentPostprocessing = 0;
		};
/* End PBXCopyFilesBuildPhase section */

/* Begin PBXFileReference section */
		5E1BC52F2CD8B4AD00B6F2D5 /* watchosTutor.app */ = {isa = PBXFileReference; explicitFileType = wrapper.application; includeInIndex = 0; path = watchosTutor.app; sourceTree = BUILT_PRODUCTS_DIR; };
		5E1BC5322CD8B4AD00B6F2D5 /* watchosTutorApp.swift */ = {isa = PBXFileReference; lastKnownFileType = sourcecode.swift; path = watchosTutorApp.swift; sourceTree = "<group>"; };
		5E1BC5342CD8B4AD00B6F2D5 /* ContentView.swift */ = {isa = PBXFileReference; lastKnownFileType = sourcecode.swift; path = ContentView.swift; sourceTree = "<group>"; };
		5E1BC5362CD8B4AF00B6F2D5 /* Assets.xcassets */ = {isa = PBXFileReference; lastKnownFileType = folder.assetcatalog; path = Assets.xcassets; sourceTree = "<group>"; };
		5E1BC5392CD8B4B000B6F2D5 /* Preview Assets.xcassets */ = {isa = PBXFileReference; lastKnownFileType = folder.assetcatalog; path = "Preview Assets.xcassets"; sourceTree = "<group>"; };
		5E1BC53F2CD8B4B000B6F2D5 /* watchosTutor Watch App.app */ = {isa = PBXFileReference; explicitFileType = wrapper.application; includeInIndex = 0; path = "watchosTutor Watch App.app"; sourceTree = BUILT_PRODUCTS_DIR; };
		5E1BC5442CD8B4B000B6F2D5 /* watchosTutorApp.swift */ = {isa = PBXFileReference; lastKnownFileType = sourcecode.swift; path = watchosTutorApp.swift; sourceTree = "<group>"; };
		5E1BC5462CD8B4B000B6F2D5 /* ContentView.swift */ = {isa = PBXFileReference; lastKnownFileType = sourcecode.swift; path = ContentView.swift; sourceTree = "<group>"; };
		5E1BC5482CD8B4B000B6F2D5 /* Assets.xcassets */ = {isa = PBXFileReference; lastKnownFileType = folder.assetcatalog; path = Assets.xcassets; sourceTree = "<group>"; };
		5E1BC54B2CD8B4B000B6F2D5 /* Preview Assets.xcassets */ = {isa = PBXFileReference; lastKnownFileType = folder.assetcatalog; path = "Preview Assets.xcassets"; sourceTree = "<group>"; };
		5E1BC5562CD8B4DF00B6F2D5 /* ViewModelPhone.swift */ = {isa = PBXFileReference; lastKnownFileType = sourcecode.swift; path = ViewModelPhone.swift; sourceTree = "<group>"; };
		5E1BC5582CD8B72400B6F2D5 /* ViewModelWatch.swift */ = {isa = PBXFileReference; lastKnownFileType = sourcecode.swift; path = ViewModelWatch.swift; sourceTree = "<group>"; };
/* End PBXFileReference section */

/* Begin PBXFrameworksBuildPhase section */
		5E1BC52C2CD8B4AD00B6F2D5 /* Frameworks */ = {
			isa = PBXFrameworksBuildPhase;
			buildActionMask = 2147483647;
			files = (
			);
			runOnlyForDeploymentPostprocessing = 0;
		};
		5E1BC53C2CD8B4B000B6F2D5 /* Frameworks */ = {
			isa = PBXFrameworksBuildPhase;
			buildActionMask = 2147483647;
			files = (
			);
			runOnlyForDeploymentPostprocessing = 0;
		};
/* End PBXFrameworksBuildPhase section */

/* Begin PBXGroup section */
		5E1BC5262CD8B4AC00B6F2D5 = {
			isa = PBXGroup;
			children = (
				5E1BC5312CD8B4AD00B6F2D5 /* watchosTutor */,
				5E1BC5432CD8B4B000B6F2D5 /* watchosTutor Watch App */,
				5E1BC5302CD8B4AD00B6F2D5 /* Products */,
			);
			sourceTree = "<group>";
		};
		5E1BC5302CD8B4AD00B6F2D5 /* Products */ = {
			isa = PBXGroup;
			children = (
				5E1BC52F2CD8B4AD00B6F2D5 /* watchosTutor.app */,
				5E1BC53F2CD8B4B000B6F2D5 /* watchosTutor Watch App.app */,
			);
			name = Products;
			sourceTree = "<group>";
		};
		5E1BC5312CD8B4AD00B6F2D5 /* watchosTutor */ = {
			isa = PBXGroup;
			children = (
				5E1BC5322CD8B4AD00B6F2D5 /* watchosTutorApp.swift */,
				5E1BC5342CD8B4AD00B6F2D5 /* ContentView.swift */,
				5E1BC5362CD8B4AF00B6F2D5 /* Assets.xcassets */,
				5E1BC5382CD8B4B000B6F2D5 /* Preview Content */,
				5E1BC5562CD8B4DF00B6F2D5 /* ViewModelPhone.swift */,
			);
			path = watchosTutor;
			sourceTree = "<group>";
		};
		5E1BC5382CD8B4B000B6F2D5 /* Preview Content */ = {
			isa = PBXGroup;
			children = (
				5E1BC5392CD8B4B000B6F2D5 /* Preview Assets.xcassets */,
			);
			path = "Preview Content";
			sourceTree = "<group>";
		};
		5E1BC5432CD8B4B000B6F2D5 /* watchosTutor Watch App */ = {
			isa = PBXGroup;
			children = (
				5E1BC5442CD8B4B000B6F2D5 /* watchosTutorApp.swift */,
				5E1BC5462CD8B4B000B6F2D5 /* ContentView.swift */,
				5E1BC5482CD8B4B000B6F2D5 /* Assets.xcassets */,
				5E1BC54A2CD8B4B000B6F2D5 /* Preview Content */,
				5E1BC5582CD8B72400B6F2D5 /* ViewModelWatch.swift */,
			);
			path = "watchosTutor Watch App";
			sourceTree = "<group>";
		};
		5E1BC54A2CD8B4B000B6F2D5 /* Preview Content */ = {
			isa = PBXGroup;
			children = (
				5E1BC54B2CD8B4B000B6F2D5 /* Preview Assets.xcassets */,
			);
			path = "Preview Content";
			sourceTree = "<group>";
		};
/* End PBXGroup section */

/* Begin PBXNativeTarget section */
		5E1BC52E2CD8B4AD00B6F2D5 /* watchosTutor */ = {
			isa = PBXNativeTarget;
			buildConfigurationList = 5E1BC5532CD8B4B000B6F2D5 /* Build configuration list for PBXNativeTarget "watchosTutor" */;
			buildPhases = (
				5E1BC52B2CD8B4AD00B6F2D5 /* Sources */,
				5E1BC52C2CD8B4AD00B6F2D5 /* Frameworks */,
				5E1BC52D2CD8B4AD00B6F2D5 /* Resources */,
				5E1BC5522CD8B4B000B6F2D5 /* Embed Watch Content */,
			);
			buildRules = (
			);
			dependencies = (
				5E1BC5422CD8B4B000B6F2D5 /* PBXTargetDependency */,
			);
			name = watchosTutor;
			productName = watchosTutor;
			productReference = 5E1BC52F2CD8B4AD00B6F2D5 /* watchosTutor.app */;
			productType = "com.apple.product-type.application";
		};
		5E1BC53E2CD8B4B000B6F2D5 /* watchosTutor Watch App */ = {
			isa = PBXNativeTarget;
			buildConfigurationList = 5E1BC54F2CD8B4B000B6F2D5 /* Build configuration list for PBXNativeTarget "watchosTutor Watch App" */;
			buildPhases = (
				5E1BC53B2CD8B4B000B6F2D5 /* Sources */,
				5E1BC53C2CD8B4B000B6F2D5 /* Frameworks */,
				5E1BC53D2CD8B4B000B6F2D5 /* Resources */,
			);
			buildRules = (
			);
			dependencies = (
			);
			name = "watchosTutor Watch App";
			productName = "watchosTutor Watch App";
			productReference = 5E1BC53F2CD8B4B000B6F2D5 /* watchosTutor Watch App.app */;
			productType = "com.apple.product-type.application";
		};
/* End PBXNativeTarget section */

/* Begin PBXProject section */
		5E1BC5272CD8B4AC00B6F2D5 /* Project object */ = {
			isa = PBXProject;
			attributes = {
				BuildIndependentTargetsInParallel = 1;
				LastSwiftUpdateCheck = 1500;
				LastUpgradeCheck = 1500;
				TargetAttributes = {
					5E1BC52E2CD8B4AD00B6F2D5 = {
						CreatedOnToolsVersion = 15.0.1;
					};
					5E1BC53E2CD8B4B000B6F2D5 = {
						CreatedOnToolsVersion = 15.0.1;
					};
				};
			};
			buildConfigurationList = 5E1BC52A2CD8B4AC00B6F2D5 /* Build configuration list for PBXProject "watchosTutor" */;
			compatibilityVersion = "Xcode 14.0";
			developmentRegion = en;
			hasScannedForEncodings = 0;
			knownRegions = (
				en,
				Base,
			);
			mainGroup = 5E1BC5262CD8B4AC00B6F2D5;
			productRefGroup = 5E1BC5302CD8B4AD00B6F2D5 /* Products */;
			projectDirPath = "";
			projectRoot = "";
			targets = (
				5E1BC52E2CD8B4AD00B6F2D5 /* watchosTutor */,
				5E1BC53E2CD8B4B000B6F2D5 /* watchosTutor Watch App */,
			);
		};
/* End PBXProject section */

/* Begin PBXResourcesBuildPhase section */
		5E1BC52D2CD8B4AD00B6F2D5 /* Resources */ = {
			isa = PBXResourcesBuildPhase;
			buildActionMask = 2147483647;
			files = (
				5E1BC53A2CD8B4B000B6F2D5 /* Preview Assets.xcassets in Resources */,
				5E1BC5372CD8B4AF00B6F2D5 /* Assets.xcassets in Resources */,
			);
			runOnlyForDeploymentPostprocessing = 0;
		};
		5E1BC53D2CD8B4B000B6F2D5 /* Resources */ = {
			isa = PBXResourcesBuildPhase;
			buildActionMask = 2147483647;
			files = (
				5E1BC54C2CD8B4B000B6F2D5 /* Preview Assets.xcassets in Resources */,
				5E1BC5492CD8B4B000B6F2D5 /* Assets.xcassets in Resources */,
			);
			runOnlyForDeploymentPostprocessing = 0;
		};
/* End PBXResourcesBuildPhase section */

/* Begin PBXSourcesBuildPhase section */
		5E1BC52B2CD8B4AD00B6F2D5 /* Sources */ = {
			isa = PBXSourcesBuildPhase;
			buildActionMask = 2147483647;
			files = (
				5E1BC5572CD8B4DF00B6F2D5 /* ViewModelPhone.swift in Sources */,
				5E1BC5352CD8B4AD00B6F2D5 /* ContentView.swift in Sources */,
				5E1BC5332CD8B4AD00B6F2D5 /* watchosTutorApp.swift in Sources */,
			);
			runOnlyForDeploymentPostprocessing = 0;
		};
		5E1BC53B2CD8B4B000B6F2D5 /* Sources */ = {
			isa = PBXSourcesBuildPhase;
			buildActionMask = 2147483647;
			files = (
				5E1BC5472CD8B4B000B6F2D5 /* ContentView.swift in Sources */,
				5E1BC5592CD8B72400B6F2D5 /* ViewModelWatch.swift in Sources */,
				5E1BC5452CD8B4B000B6F2D5 /* watchosTutorApp.swift in Sources */,
			);
			runOnlyForDeploymentPostprocessing = 0;
		};
/* End PBXSourcesBuildPhase section */

/* Begin PBXTargetDependency section */
		5E1BC5422CD8B4B000B6F2D5 /* PBXTargetDependency */ = {
			isa = PBXTargetDependency;
			target = 5E1BC53E2CD8B4B000B6F2D5 /* watchosTutor Watch App */;
			targetProxy = 5E1BC5412CD8B4B000B6F2D5 /* PBXContainerItemProxy */;
		};
/* End PBXTargetDependency section */

/* Begin XCBuildConfiguration section */
		5E1BC54D2CD8B4B000B6F2D5 /* Debug */ = {
			isa = XCBuildConfiguration;
			buildSettings = {
				ALWAYS_SEARCH_USER_PATHS = NO;
				ASSETCATALOG_COMPILER_GENERATE_SWIFT_ASSET_SYMBOL_EXTENSIONS = YES;
				CLANG_ANALYZER_NONNULL = YES;
				CLANG_ANALYZER_NUMBER_OBJECT_CONVERSION = YES_AGGRESSIVE;
				CLANG_CXX_LANGUAGE_STANDARD = "gnu++20";
				CLANG_ENABLE_MODULES = YES;
				CLANG_ENABLE_OBJC_ARC = YES;
				CLANG_ENABLE_OBJC_WEAK = YES;
				CLANG_WARN_BLOCK_CAPTURE_AUTORELEASING = YES;
				CLANG_WARN_BOOL_CONVERSION = YES;
				CLANG_WARN_COMMA = YES;
				CLANG_WARN_CONSTANT_CONVERSION = YES;
				CLANG_WARN_DEPRECATED_OBJC_IMPLEMENTATIONS = YES;
				CLANG_WARN_DIRECT_OBJC_ISA_USAGE = YES_ERROR;
				CLANG_WARN_DOCUMENTATION_COMMENTS = YES;
				CLANG_WARN_EMPTY_BODY = YES;
				CLANG_WARN_ENUM_CONVERSION = YES;
				CLANG_WARN_INFINITE_RECURSION = YES;
				CLANG_WARN_INT_CONVERSION = YES;
				CLANG_WARN_NON_LITERAL_NULL_CONVERSION = YES;
				CLANG_WARN_OBJC_IMPLICIT_RETAIN_SELF = YES;
				CLANG_WARN_OBJC_LITERAL_CONVERSION = YES;
				CLANG_WARN_OBJC_ROOT_CLASS = YES_ERROR;
				CLANG_WARN_QUOTED_INCLUDE_IN_FRAMEWORK_HEADER = YES;
				CLANG_WARN_RANGE_LOOP_ANALYSIS = YES;
				CLANG_WARN_STRICT_PROTOTYPES = YES;
				CLANG_WARN_SUSPICIOUS_MOVE = YES;
				CLANG_WARN_UNGUARDED_AVAILABILITY = YES_AGGRESSIVE;
				CLANG_WARN_UNREACHABLE_CODE = YES;
				CLANG_WARN__DUPLICATE_METHOD_MATCH = YES;
				COPY_PHASE_STRIP = NO;
				DEBUG_INFORMATION_FORMAT = dwarf;
				ENABLE_STRICT_OBJC_MSGSEND = YES;
				ENABLE_TESTABILITY = YES;
				ENABLE_USER_SCRIPT_SANDBOXING = YES;
				GCC_C_LANGUAGE_STANDARD = gnu17;
				GCC_DYNAMIC_NO_PIC = NO;
				GCC_NO_COMMON_BLOCKS = YES;
				GCC_OPTIMIZATION_LEVEL = 0;
				GCC_PREPROCESSOR_DEFINITIONS = (
					"DEBUG=1",
					"$(inherited)",
				);
				GCC_WARN_64_TO_32_BIT_CONVERSION = YES;
				GCC_WARN_ABOUT_RETURN_TYPE = YES_ERROR;
				GCC_WARN_UNDECLARED_SELECTOR = YES;
				GCC_WARN_UNINITIALIZED_AUTOS = YES_AGGRESSIVE;
				GCC_WARN_UNUSED_FUNCTION = YES;
				GCC_WARN_UNUSED_VARIABLE = YES;
				LOCALIZATION_PREFERS_STRING_CATALOGS = YES;
				MTL_ENABLE_DEBUG_INFO = INCLUDE_SOURCE;
				MTL_FAST_MATH = YES;
				ONLY_ACTIVE_ARCH = YES;
				SWIFT_ACTIVE_COMPILATION_CONDITIONS = "DEBUG $(inherited)";
				SWIFT_OPTIMIZATION_LEVEL = "-Onone";
			};
			name = Debug;
		};
		5E1BC54E2CD8B4B000B6F2D5 /* Release */ = {
			isa = XCBuildConfiguration;
			buildSettings = {
				ALWAYS_SEARCH_USER_PATHS = NO;
				ASSETCATALOG_COMPILER_GENERATE_SWIFT_ASSET_SYMBOL_EXTENSIONS = YES;
				CLANG_ANALYZER_NONNULL = YES;
				CLANG_ANALYZER_NUMBER_OBJECT_CONVERSION = YES_AGGRESSIVE;
				CLANG_CXX_LANGUAGE_STANDARD = "gnu++20";
				CLANG_ENABLE_MODULES = YES;
				CLANG_ENABLE_OBJC_ARC = YES;
				CLANG_ENABLE_OBJC_WEAK = YES;
				CLANG_WARN_BLOCK_CAPTURE_AUTORELEASING = YES;
				CLANG_WARN_BOOL_CONVERSION = YES;
				CLANG_WARN_COMMA = YES;
				CLANG_WARN_CONSTANT_CONVERSION = YES;
				CLANG_WARN_DEPRECATED_OBJC_IMPLEMENTATIONS = YES;
				CLANG_WARN_DIRECT_OBJC_ISA_USAGE = YES_ERROR;
				CLANG_WARN_DOCUMENTATION_COMMENTS = YES;
				CLANG_WARN_EMPTY_BODY = YES;
				CLANG_WARN_ENUM_CONVERSION = YES;
				CLANG_WARN_INFINITE_RECURSION = YES;
				CLANG_WARN_INT_CONVERSION = YES;
				CLANG_WARN_NON_LITERAL_NULL_CONVERSION = YES;
				CLANG_WARN_OBJC_IMPLICIT_RETAIN_SELF = YES;
				CLANG_WARN_OBJC_LITERAL_CONVERSION = YES;
				CLANG_WARN_OBJC_ROOT_CLASS = YES_ERROR;
				CLANG_WARN_QUOTED_INCLUDE_IN_FRAMEWORK_HEADER = YES;
				CLANG_WARN_RANGE_LOOP_ANALYSIS = YES;
				CLANG_WARN_STRICT_PROTOTYPES = YES;
				CLANG_WARN_SUSPICIOUS_MOVE = YES;
				CLANG_WARN_UNGUARDED_AVAILABILITY = YES_AGGRESSIVE;
				CLANG_WARN_UNREACHABLE_CODE = YES;
				CLANG_WARN__DUPLICATE_METHOD_MATCH = YES;
				COPY_PHASE_STRIP = NO;
				DEBUG_INFORMATION_FORMAT = "dwarf-with-dsym";
				ENABLE_NS_ASSERTIONS = NO;
				ENABLE_STRICT_OBJC_MSGSEND = YES;
				ENABLE_USER_SCRIPT_SANDBOXING = YES;
				GCC_C_LANGUAGE_STANDARD = gnu17;
				GCC_NO_COMMON_BLOCKS = YES;
				GCC_WARN_64_TO_32_BIT_CONVERSION = YES;
				GCC_WARN_ABOUT_RETURN_TYPE = YES_ERROR;
				GCC_WARN_UNDECLARED_SELECTOR = YES;
				GCC_WARN_UNINITIALIZED_AUTOS = YES_AGGRESSIVE;
				GCC_WARN_UNUSED_FUNCTION = YES;
				GCC_WARN_UNUSED_VARIABLE = YES;
				LOCALIZATION_PREFERS_STRING_CATALOGS = YES;
				MTL_ENABLE_DEBUG_INFO = NO;
				MTL_FAST_MATH = YES;
				SWIFT_COMPILATION_MODE = wholemodule;
			};
			name = Release;
		};
		5E1BC5502CD8B4B000B6F2D5 /* Debug */ = {
			isa = XCBuildConfiguration;
			buildSettings = {
				ASSETCATALOG_COMPILER_APPICON_NAME = AppIcon;
				ASSETCATALOG_COMPILER_GLOBAL_ACCENT_COLOR_NAME = AccentColor;
				CODE_SIGN_STYLE = Automatic;
				CURRENT_PROJECT_VERSION = 1;
				DEVELOPMENT_ASSET_PATHS = "\"watchosTutor Watch App/Preview Content\"";
				DEVELOPMENT_TEAM = 386NUBNWC7;
				ENABLE_PREVIEWS = YES;
				GENERATE_INFOPLIST_FILE = YES;
				INFOPLIST_KEY_CFBundleDisplayName = watchosTutor;
				INFOPLIST_KEY_UISupportedInterfaceOrientations = "UIInterfaceOrientationPortrait UIInterfaceOrientationPortraitUpsideDown";
				INFOPLIST_KEY_WKCompanionAppBundleIdentifier = bss.dev.watchosTutor;
				LD_RUNPATH_SEARCH_PATHS = (
					"$(inherited)",
					"@executable_path/Frameworks",
				);
				MARKETING_VERSION = 1.0;
				PRODUCT_BUNDLE_IDENTIFIER = bss.dev.watchosTutor.watchkitapp;
				PRODUCT_NAME = "$(TARGET_NAME)";
				SDKROOT = watchos;
				SKIP_INSTALL = YES;
				SWIFT_EMIT_LOC_STRINGS = YES;
				SWIFT_VERSION = 5.0;
				TARGETED_DEVICE_FAMILY = 4;
				WATCHOS_DEPLOYMENT_TARGET = 10.0;
			};
			name = Debug;
		};
		5E1BC5512CD8B4B000B6F2D5 /* Release */ = {
			isa = XCBuildConfiguration;
			buildSettings = {
				ASSETCATALOG_COMPILER_APPICON_NAME = AppIcon;
				ASSETCATALOG_COMPILER_GLOBAL_ACCENT_COLOR_NAME = AccentColor;
				CODE_SIGN_STYLE = Automatic;
				CURRENT_PROJECT_VERSION = 1;
				DEVELOPMENT_ASSET_PATHS = "\"watchosTutor Watch App/Preview Content\"";
				DEVELOPMENT_TEAM = 386NUBNWC7;
				ENABLE_PREVIEWS = YES;
				GENERATE_INFOPLIST_FILE = YES;
				INFOPLIST_KEY_CFBundleDisplayName = watchosTutor;
				INFOPLIST_KEY_UISupportedInterfaceOrientations = "UIInterfaceOrientationPortrait UIInterfaceOrientationPortraitUpsideDown";
				INFOPLIST_KEY_WKCompanionAppBundleIdentifier = bss.dev.watchosTutor;
				LD_RUNPATH_SEARCH_PATHS = (
					"$(inherited)",
					"@executable_path/Frameworks",
				);
				MARKETING_VERSION = 1.0;
				PRODUCT_BUNDLE_IDENTIFIER = bss.dev.watchosTutor.watchkitapp;
				PRODUCT_NAME = "$(TARGET_NAME)";
				SDKROOT = watchos;
				SKIP_INSTALL = YES;
				SWIFT_EMIT_LOC_STRINGS = YES;
				SWIFT_VERSION = 5.0;
				TARGETED_DEVICE_FAMILY = 4;
				VALIDATE_PRODUCT = YES;
				WATCHOS_DEPLOYMENT_TARGET = 10.0;
			};
			name = Release;
		};
		5E1BC5542CD8B4B000B6F2D5 /* Debug */ = {
			isa = XCBuildConfiguration;
			buildSettings = {
				ALWAYS_EMBED_SWIFT_STANDARD_LIBRARIES = YES;
				ASSETCATALOG_COMPILER_APPICON_NAME = AppIcon;
				ASSETCATALOG_COMPILER_GLOBAL_ACCENT_COLOR_NAME = AccentColor;
				CODE_SIGN_STYLE = Automatic;
				CURRENT_PROJECT_VERSION = 1;
				DEVELOPMENT_ASSET_PATHS = "\"watchosTutor/Preview Content\"";
				DEVELOPMENT_TEAM = 386NUBNWC7;
				ENABLE_PREVIEWS = YES;
				GENERATE_INFOPLIST_FILE = YES;
				INFOPLIST_KEY_CFBundleDisplayName = watchosTutor;
				INFOPLIST_KEY_UIApplicationSceneManifest_Generation = YES;
				INFOPLIST_KEY_UIApplicationSupportsIndirectInputEvents = YES;
				INFOPLIST_KEY_UILaunchScreen_Generation = YES;
				INFOPLIST_KEY_UISupportedInterfaceOrientations_iPad = "UIInterfaceOrientationPortrait UIInterfaceOrientationPortraitUpsideDown UIInterfaceOrientationLandscapeLeft UIInterfaceOrientationLandscapeRight";
				INFOPLIST_KEY_UISupportedInterfaceOrientations_iPhone = "UIInterfaceOrientationPortrait UIInterfaceOrientationLandscapeLeft UIInterfaceOrientationLandscapeRight";
				IPHONEOS_DEPLOYMENT_TARGET = 17.0;
				LD_RUNPATH_SEARCH_PATHS = (
					"$(inherited)",
					"@executable_path/Frameworks",
				);
				MARKETING_VERSION = 1.0;
				PRODUCT_BUNDLE_IDENTIFIER = bss.dev.watchosTutor;
				PRODUCT_NAME = "$(TARGET_NAME)";
				SDKROOT = iphoneos;
				SWIFT_EMIT_LOC_STRINGS = YES;
				SWIFT_VERSION = 5.0;
				TARGETED_DEVICE_FAMILY = "1,2";
			};
			name = Debug;
		};
		5E1BC5552CD8B4B000B6F2D5 /* Release */ = {
			isa = XCBuildConfiguration;
			buildSettings = {
				ALWAYS_EMBED_SWIFT_STANDARD_LIBRARIES = YES;
				ASSETCATALOG_COMPILER_APPICON_NAME = AppIcon;
				ASSETCATALOG_COMPILER_GLOBAL_ACCENT_COLOR_NAME = AccentColor;
				CODE_SIGN_STYLE = Automatic;
				CURRENT_PROJECT_VERSION = 1;
				DEVELOPMENT_ASSET_PATHS = "\"watchosTutor/Preview Content\"";
				DEVELOPMENT_TEAM = 386NUBNWC7;
				ENABLE_PREVIEWS = YES;
				GENERATE_INFOPLIST_FILE = YES;
				INFOPLIST_KEY_CFBundleDisplayName = watchosTutor;
				INFOPLIST_KEY_UIApplicationSceneManifest_Generation = YES;
				INFOPLIST_KEY_UIApplicationSupportsIndirectInputEvents = YES;
				INFOPLIST_KEY_UILaunchScreen_Generation = YES;
				INFOPLIST_KEY_UISupportedInterfaceOrientations_iPad = "UIInterfaceOrientationPortrait UIInterfaceOrientationPortraitUpsideDown UIInterfaceOrientationLandscapeLeft UIInterfaceOrientationLandscapeRight";
				INFOPLIST_KEY_UISupportedInterfaceOrientations_iPhone = "UIInterfaceOrientationPortrait UIInterfaceOrientationLandscapeLeft UIInterfaceOrientationLandscapeRight";
				IPHONEOS_DEPLOYMENT_TARGET = 17.0;
				LD_RUNPATH_SEARCH_PATHS = (
					"$(inherited)",
					"@executable_path/Frameworks",
				);
				MARKETING_VERSION = 1.0;
				PRODUCT_BUNDLE_IDENTIFIER = bss.dev.watchosTutor;
				PRODUCT_NAME = "$(TARGET_NAME)";
				SDKROOT = iphoneos;
				SWIFT_EMIT_LOC_STRINGS = YES;
				SWIFT_VERSION = 5.0;
				TARGETED_DEVICE_FAMILY = "1,2";
				VALIDATE_PRODUCT = YES;
			};
			name = Release;
		};
/* End XCBuildConfiguration section */

/* Begin XCConfigurationList section */
		5E1BC52A2CD8B4AC00B6F2D5 /* Build configuration list for PBXProject "watchosTutor" */ = {
			isa = XCConfigurationList;
			buildConfigurations = (
				5E1BC54D2CD8B4B000B6F2D5 /* Debug */,
				5E1BC54E2CD8B4B000B6F2D5 /* Release */,
			);
			defaultConfigurationIsVisible = 0;
			defaultConfigurationName = Release;
		};
		5E1BC54F2CD8B4B000B6F2D5 /* Build configuration list for PBXNativeTarget "watchosTutor Watch App" */ = {
			isa = XCConfigurationList;
			buildConfigurations = (
				5E1BC5502CD8B4B000B6F2D5 /* Debug */,
				5E1BC5512CD8B4B000B6F2D5 /* Release */,
			);
			defaultConfigurationIsVisible = 0;
			defaultConfigurationName = Release;
		};
		5E1BC5532CD8B4B000B6F2D5 /* Build configuration list for PBXNativeTarget "watchosTutor" */ = {
			isa = XCConfigurationList;
			buildConfigurations = (
				5E1BC5542CD8B4B000B6F2D5 /* Debug */,
				5E1BC5552CD8B4B000B6F2D5 /* Release */,
			);
			defaultConfigurationIsVisible = 0;
			defaultConfigurationName = Release;
		};
/* End XCConfigurationList section */
	};
	rootObject = 5E1BC5272CD8B4AC00B6F2D5 /* Project object */;
}
