// !$*UTF8*$!
{
	archiveVersion = 1;
	classes = {
	};
	objectVersion = 56;
	objects = {

/* Begin PBXBuildFile section */
		5E6458DA2CF9D3040023EC20 /* YouTubeCloneApp.swift in Sources */ = {isa = PBXBuildFile; fileRef = 5E6458D92CF9D3040023EC20 /* YouTubeCloneApp.swift */; };
		5E6458DC2CF9D3040023EC20 /* ContentView.swift in Sources */ = {isa = PBXBuildFile; fileRef = 5E6458DB2CF9D3040023EC20 /* ContentView.swift */; };
		5E6458DE2CF9D3070023EC20 /* Assets.xcassets in Resources */ = {isa = PBXBuildFile; fileRef = 5E6458DD2CF9D3070023EC20 /* Assets.xcassets */; };
		5E6458E12CF9D3070023EC20 /* Preview Assets.xcassets in Resources */ = {isa = PBXBuildFile; fileRef = 5E6458E02CF9D3070023EC20 /* Preview Assets.xcassets */; };
		5E6458EA2CF9D3AF0023EC20 /* HomeView.swift in Sources */ = {isa = PBXBuildFile; fileRef = 5E6458E92CF9D3AF0023EC20 /* HomeView.swift */; };
		5E6458EC2CF9D3F30023EC20 /* NavigationPanelView.swift in Sources */ = {isa = PBXBuildFile; fileRef = 5E6458EB2CF9D3F30023EC20 /* NavigationPanelView.swift */; };
		5E6458EE2CF9DE6A0023EC20 /* HomeTagView.swift in Sources */ = {isa = PBXBuildFile; fileRef = 5E6458ED2CF9DE6A0023EC20 /* HomeTagView.swift */; };
		5E6458F22CF9EB660023EC20 /* DummyImage.swift in Sources */ = {isa = PBXBuildFile; fileRef = 5E6458F12CF9EB660023EC20 /* DummyImage.swift */; };
		5E6458F42CF9EB8B0023EC20 /* DummyService.swift in Sources */ = {isa = PBXBuildFile; fileRef = 5E6458F32CF9EB8B0023EC20 /* DummyService.swift */; };
		5E6458F72CF9EC2B0023EC20 /* Images.swift in Sources */ = {isa = PBXBuildFile; fileRef = 5E6458F62CF9EC2B0023EC20 /* Images.swift */; };
		5E6458FA2CFACCE80023EC20 /* Kingfisher in Frameworks */ = {isa = PBXBuildFile; productRef = 5E6458F92CFACCE80023EC20 /* Kingfisher */; };
		5E6458FC2CFACD090023EC20 /* HomeListView.swift in Sources */ = {isa = PBXBuildFile; fileRef = 5E6458FB2CFACD090023EC20 /* HomeListView.swift */; };
		5E6458FE2CFAD4AE0023EC20 /* HomeCellView.swift in Sources */ = {isa = PBXBuildFile; fileRef = 5E6458FD2CFAD4AE0023EC20 /* HomeCellView.swift */; };
		5E64592B2CFAF6A70023EC20 /* SideMenu.swift in Sources */ = {isa = PBXBuildFile; fileRef = 5E64592A2CFAF6A70023EC20 /* SideMenu.swift */; };
		5E64592D2CFAF6B80023EC20 /* SideMenuView.swift in Sources */ = {isa = PBXBuildFile; fileRef = 5E64592C2CFAF6B80023EC20 /* SideMenuView.swift */; };
/* End PBXBuildFile section */

/* Begin PBXFileReference section */
		5E6458D62CF9D3040023EC20 /* YouTubeClone.app */ = {isa = PBXFileReference; explicitFileType = wrapper.application; includeInIndex = 0; path = YouTubeClone.app; sourceTree = BUILT_PRODUCTS_DIR; };
		5E6458D92CF9D3040023EC20 /* YouTubeCloneApp.swift */ = {isa = PBXFileReference; lastKnownFileType = sourcecode.swift; path = YouTubeCloneApp.swift; sourceTree = "<group>"; };
		5E6458DB2CF9D3040023EC20 /* ContentView.swift */ = {isa = PBXFileReference; lastKnownFileType = sourcecode.swift; path = ContentView.swift; sourceTree = "<group>"; };
		5E6458DD2CF9D3070023EC20 /* Assets.xcassets */ = {isa = PBXFileReference; lastKnownFileType = folder.assetcatalog; path = Assets.xcassets; sourceTree = "<group>"; };
		5E6458E02CF9D3070023EC20 /* Preview Assets.xcassets */ = {isa = PBXFileReference; lastKnownFileType = folder.assetcatalog; path = "Preview Assets.xcassets"; sourceTree = "<group>"; };
		5E6458E92CF9D3AF0023EC20 /* HomeView.swift */ = {isa = PBXFileReference; lastKnownFileType = sourcecode.swift; path = HomeView.swift; sourceTree = "<group>"; };
		5E6458EB2CF9D3F30023EC20 /* NavigationPanelView.swift */ = {isa = PBXFileReference; lastKnownFileType = sourcecode.swift; path = NavigationPanelView.swift; sourceTree = "<group>"; };
		5E6458ED2CF9DE6A0023EC20 /* HomeTagView.swift */ = {isa = PBXFileReference; lastKnownFileType = sourcecode.swift; path = HomeTagView.swift; sourceTree = "<group>"; };
		5E6458F12CF9EB660023EC20 /* DummyImage.swift */ = {isa = PBXFileReference; lastKnownFileType = sourcecode.swift; path = DummyImage.swift; sourceTree = "<group>"; };
		5E6458F32CF9EB8B0023EC20 /* DummyService.swift */ = {isa = PBXFileReference; lastKnownFileType = sourcecode.swift; path = DummyService.swift; sourceTree = "<group>"; };
		5E6458F62CF9EC2B0023EC20 /* Images.swift */ = {isa = PBXFileReference; lastKnownFileType = sourcecode.swift; path = Images.swift; sourceTree = "<group>"; };
		5E6458FB2CFACD090023EC20 /* HomeListView.swift */ = {isa = PBXFileReference; lastKnownFileType = sourcecode.swift; path = HomeListView.swift; sourceTree = "<group>"; };
		5E6458FD2CFAD4AE0023EC20 /* HomeCellView.swift */ = {isa = PBXFileReference; lastKnownFileType = sourcecode.swift; path = HomeCellView.swift; sourceTree = "<group>"; };
		5E64592A2CFAF6A70023EC20 /* SideMenu.swift */ = {isa = PBXFileReference; lastKnownFileType = sourcecode.swift; path = SideMenu.swift; sourceTree = "<group>"; };
		5E64592C2CFAF6B80023EC20 /* SideMenuView.swift */ = {isa = PBXFileReference; lastKnownFileType = sourcecode.swift; path = SideMenuView.swift; sourceTree = "<group>"; };
/* End PBXFileReference section */

/* Begin PBXFrameworksBuildPhase section */
		5E6458D32CF9D3040023EC20 /* Frameworks */ = {
			isa = PBXFrameworksBuildPhase;
			buildActionMask = 2147483647;
			files = (
				5E6458FA2CFACCE80023EC20 /* Kingfisher in Frameworks */,
			);
			runOnlyForDeploymentPostprocessing = 0;
		};
/* End PBXFrameworksBuildPhase section */

/* Begin PBXGroup section */
		5E6458CD2CF9D3040023EC20 = {
			isa = PBXGroup;
			children = (
				5E6458D82CF9D3040023EC20 /* YouTubeClone */,
				5E6458D72CF9D3040023EC20 /* Products */,
			);
			sourceTree = "<group>";
		};
		5E6458D72CF9D3040023EC20 /* Products */ = {
			isa = PBXGroup;
			children = (
				5E6458D62CF9D3040023EC20 /* YouTubeClone.app */,
			);
			name = Products;
			sourceTree = "<group>";
		};
		5E6458D82CF9D3040023EC20 /* YouTubeClone */ = {
			isa = PBXGroup;
			children = (
				5E6458FF2CFAD8FB0023EC20 /* NavigationPanel */,
				5E6458EF2CF9EB300023EC20 /* App */,
				5E6458E72CF9D37C0023EC20 /* Home */,
				5E6458DD2CF9D3070023EC20 /* Assets.xcassets */,
				5E6458DF2CF9D3070023EC20 /* Preview Content */,
			);
			path = YouTubeClone;
			sourceTree = "<group>";
		};
		5E6458DF2CF9D3070023EC20 /* Preview Content */ = {
			isa = PBXGroup;
			children = (
				5E6458E02CF9D3070023EC20 /* Preview Assets.xcassets */,
			);
			path = "Preview Content";
			sourceTree = "<group>";
		};
		5E6458E72CF9D37C0023EC20 /* Home */ = {
			isa = PBXGroup;
			children = (
				5E6459292CFAF68D0023EC20 /* Side Menu */,
				5E6458E92CF9D3AF0023EC20 /* HomeView.swift */,
				5E6458ED2CF9DE6A0023EC20 /* HomeTagView.swift */,
				5E6458FB2CFACD090023EC20 /* HomeListView.swift */,
				5E6458F02CF9EB470023EC20 /* Networking */,
				5E6458F52CF9EC150023EC20 /* ViewModel */,
				5E6458FD2CFAD4AE0023EC20 /* HomeCellView.swift */,
			);
			path = Home;
			sourceTree = "<group>";
		};
		5E6458EF2CF9EB300023EC20 /* App */ = {
			isa = PBXGroup;
			children = (
				5E6458D92CF9D3040023EC20 /* YouTubeCloneApp.swift */,
				5E6458DB2CF9D3040023EC20 /* ContentView.swift */,
			);
			path = App;
			sourceTree = "<group>";
		};
		5E6458F02CF9EB470023EC20 /* Networking */ = {
			isa = PBXGroup;
			children = (
				5E6458F12CF9EB660023EC20 /* DummyImage.swift */,
				5E6458F32CF9EB8B0023EC20 /* DummyService.swift */,
			);
			path = Networking;
			sourceTree = "<group>";
		};
		5E6458F52CF9EC150023EC20 /* ViewModel */ = {
			isa = PBXGroup;
			children = (
				5E6458F62CF9EC2B0023EC20 /* Images.swift */,
			);
			path = ViewModel;
			sourceTree = "<group>";
		};
		5E6458FF2CFAD8FB0023EC20 /* NavigationPanel */ = {
			isa = PBXGroup;
			children = (
				5E6458EB2CF9D3F30023EC20 /* NavigationPanelView.swift */,
			);
			path = NavigationPanel;
			sourceTree = "<group>";
		};
		5E6459292CFAF68D0023EC20 /* Side Menu */ = {
			isa = PBXGroup;
			children = (
				5E64592A2CFAF6A70023EC20 /* SideMenu.swift */,
				5E64592C2CFAF6B80023EC20 /* SideMenuView.swift */,
			);
			path = "Side Menu";
			sourceTree = "<group>";
		};
/* End PBXGroup section */

/* Begin PBXNativeTarget section */
		5E6458D52CF9D3040023EC20 /* YouTubeClone */ = {
			isa = PBXNativeTarget;
			buildConfigurationList = 5E6458E42CF9D3070023EC20 /* Build configuration list for PBXNativeTarget "YouTubeClone" */;
			buildPhases = (
				5E6458D22CF9D3040023EC20 /* Sources */,
				5E6458D32CF9D3040023EC20 /* Frameworks */,
				5E6458D42CF9D3040023EC20 /* Resources */,
			);
			buildRules = (
			);
			dependencies = (
			);
			name = YouTubeClone;
			packageProductDependencies = (
				5E6458F92CFACCE80023EC20 /* Kingfisher */,
			);
			productName = YouTubeClone;
			productReference = 5E6458D62CF9D3040023EC20 /* YouTubeClone.app */;
			productType = "com.apple.product-type.application";
		};
/* End PBXNativeTarget section */

/* Begin PBXProject section */
		5E6458CE2CF9D3040023EC20 /* Project object */ = {
			isa = PBXProject;
			attributes = {
				BuildIndependentTargetsInParallel = 1;
				LastSwiftUpdateCheck = 1500;
				LastUpgradeCheck = 1500;
				TargetAttributes = {
					5E6458D52CF9D3040023EC20 = {
						CreatedOnToolsVersion = 15.0.1;
					};
				};
			};
			buildConfigurationList = 5E6458D12CF9D3040023EC20 /* Build configuration list for PBXProject "YouTubeClone" */;
			compatibilityVersion = "Xcode 14.0";
			developmentRegion = en;
			hasScannedForEncodings = 0;
			knownRegions = (
				en,
				Base,
			);
			mainGroup = 5E6458CD2CF9D3040023EC20;
			packageReferences = (
				5E6458F82CFACCE80023EC20 /* XCRemoteSwiftPackageReference "Kingfisher" */,
			);
			productRefGroup = 5E6458D72CF9D3040023EC20 /* Products */;
			projectDirPath = "";
			projectRoot = "";
			targets = (
				5E6458D52CF9D3040023EC20 /* YouTubeClone */,
			);
		};
/* End PBXProject section */

/* Begin PBXResourcesBuildPhase section */
		5E6458D42CF9D3040023EC20 /* Resources */ = {
			isa = PBXResourcesBuildPhase;
			buildActionMask = 2147483647;
			files = (
				5E6458E12CF9D3070023EC20 /* Preview Assets.xcassets in Resources */,
				5E6458DE2CF9D3070023EC20 /* Assets.xcassets in Resources */,
			);
			runOnlyForDeploymentPostprocessing = 0;
		};
/* End PBXResourcesBuildPhase section */

/* Begin PBXSourcesBuildPhase section */
		5E6458D22CF9D3040023EC20 /* Sources */ = {
			isa = PBXSourcesBuildPhase;
			buildActionMask = 2147483647;
			files = (
				5E64592B2CFAF6A70023EC20 /* SideMenu.swift in Sources */,
				5E6458EA2CF9D3AF0023EC20 /* HomeView.swift in Sources */,
				5E6458EE2CF9DE6A0023EC20 /* HomeTagView.swift in Sources */,
				5E6458F42CF9EB8B0023EC20 /* DummyService.swift in Sources */,
				5E6458FC2CFACD090023EC20 /* HomeListView.swift in Sources */,
				5E6458DC2CF9D3040023EC20 /* ContentView.swift in Sources */,
				5E64592D2CFAF6B80023EC20 /* SideMenuView.swift in Sources */,
				5E6458DA2CF9D3040023EC20 /* YouTubeCloneApp.swift in Sources */,
				5E6458F72CF9EC2B0023EC20 /* Images.swift in Sources */,
				5E6458F22CF9EB660023EC20 /* DummyImage.swift in Sources */,
				5E6458EC2CF9D3F30023EC20 /* NavigationPanelView.swift in Sources */,
				5E6458FE2CFAD4AE0023EC20 /* HomeCellView.swift in Sources */,
			);
			runOnlyForDeploymentPostprocessing = 0;
		};
/* End PBXSourcesBuildPhase section */

/* Begin XCBuildConfiguration section */
		5E6458E22CF9D3070023EC20 /* Debug */ = {
			isa = XCBuildConfiguration;
			buildSettings = {
				ALWAYS_SEARCH_USER_PATHS = NO;
				ASSETCATALOG_COMPILER_GENERATE_SWIFT_ASSET_SYMBOL_EXTENSIONS = YES;
				CLANG_ANALYZER_NONNULL = YES;
				CLANG_ANALYZER_NUMBER_OBJECT_CONVERSION = YES_AGGRESSIVE;
				CLANG_CXX_LANGUAGE_STANDARD = "gnu++20";
				CLANG_ENABLE_MODULES = YES;
				CLANG_ENABLE_OBJC_ARC = YES;
				CLANG_ENABLE_OBJC_WEAK = YES;
				CLANG_WARN_BLOCK_CAPTURE_AUTORELEASING = YES;
				CLANG_WARN_BOOL_CONVERSION = YES;
				CLANG_WARN_COMMA = YES;
				CLANG_WARN_CONSTANT_CONVERSION = YES;
				CLANG_WARN_DEPRECATED_OBJC_IMPLEMENTATIONS = YES;
				CLANG_WARN_DIRECT_OBJC_ISA_USAGE = YES_ERROR;
				CLANG_WARN_DOCUMENTATION_COMMENTS = YES;
				CLANG_WARN_EMPTY_BODY = YES;
				CLANG_WARN_ENUM_CONVERSION = YES;
				CLANG_WARN_INFINITE_RECURSION = YES;
				CLANG_WARN_INT_CONVERSION = YES;
				CLANG_WARN_NON_LITERAL_NULL_CONVERSION = YES;
				CLANG_WARN_OBJC_IMPLICIT_RETAIN_SELF = YES;
				CLANG_WARN_OBJC_LITERAL_CONVERSION = YES;
				CLANG_WARN_OBJC_ROOT_CLASS = YES_ERROR;
				CLANG_WARN_QUOTED_INCLUDE_IN_FRAMEWORK_HEADER = YES;
				CLANG_WARN_RANGE_LOOP_ANALYSIS = YES;
				CLANG_WARN_STRICT_PROTOTYPES = YES;
				CLANG_WARN_SUSPICIOUS_MOVE = YES;
				CLANG_WARN_UNGUARDED_AVAILABILITY = YES_AGGRESSIVE;
				CLANG_WARN_UNREACHABLE_CODE = YES;
				CLANG_WARN__DUPLICATE_METHOD_MATCH = YES;
				COPY_PHASE_STRIP = NO;
				DEBUG_INFORMATION_FORMAT = dwarf;
				ENABLE_STRICT_OBJC_MSGSEND = YES;
				ENABLE_TESTABILITY = YES;
				ENABLE_USER_SCRIPT_SANDBOXING = YES;
				GCC_C_LANGUAGE_STANDARD = gnu17;
				GCC_DYNAMIC_NO_PIC = NO;
				GCC_NO_COMMON_BLOCKS = YES;
				GCC_OPTIMIZATION_LEVEL = 0;
				GCC_PREPROCESSOR_DEFINITIONS = (
					"DEBUG=1",
					"$(inherited)",
				);
				GCC_WARN_64_TO_32_BIT_CONVERSION = YES;
				GCC_WARN_ABOUT_RETURN_TYPE = YES_ERROR;
				GCC_WARN_UNDECLARED_SELECTOR = YES;
				GCC_WARN_UNINITIALIZED_AUTOS = YES_AGGRESSIVE;
				GCC_WARN_UNUSED_FUNCTION = YES;
				GCC_WARN_UNUSED_VARIABLE = YES;
				IPHONEOS_DEPLOYMENT_TARGET = 17.0;
				LOCALIZATION_PREFERS_STRING_CATALOGS = YES;
				MTL_ENABLE_DEBUG_INFO = INCLUDE_SOURCE;
				MTL_FAST_MATH = YES;
				ONLY_ACTIVE_ARCH = YES;
				SDKROOT = iphoneos;
				SWIFT_ACTIVE_COMPILATION_CONDITIONS = "DEBUG $(inherited)";
				SWIFT_OPTIMIZATION_LEVEL = "-Onone";
			};
			name = Debug;
		};
		5E6458E32CF9D3070023EC20 /* Release */ = {
			isa = XCBuildConfiguration;
			buildSettings = {
				ALWAYS_SEARCH_USER_PATHS = NO;
				ASSETCATALOG_COMPILER_GENERATE_SWIFT_ASSET_SYMBOL_EXTENSIONS = YES;
				CLANG_ANALYZER_NONNULL = YES;
				CLANG_ANALYZER_NUMBER_OBJECT_CONVERSION = YES_AGGRESSIVE;
				CLANG_CXX_LANGUAGE_STANDARD = "gnu++20";
				CLANG_ENABLE_MODULES = YES;
				CLANG_ENABLE_OBJC_ARC = YES;
				CLANG_ENABLE_OBJC_WEAK = YES;
				CLANG_WARN_BLOCK_CAPTURE_AUTORELEASING = YES;
				CLANG_WARN_BOOL_CONVERSION = YES;
				CLANG_WARN_COMMA = YES;
				CLANG_WARN_CONSTANT_CONVERSION = YES;
				CLANG_WARN_DEPRECATED_OBJC_IMPLEMENTATIONS = YES;
				CLANG_WARN_DIRECT_OBJC_ISA_USAGE = YES_ERROR;
				CLANG_WARN_DOCUMENTATION_COMMENTS = YES;
				CLANG_WARN_EMPTY_BODY = YES;
				CLANG_WARN_ENUM_CONVERSION = YES;
				CLANG_WARN_INFINITE_RECURSION = YES;
				CLANG_WARN_INT_CONVERSION = YES;
				CLANG_WARN_NON_LITERAL_NULL_CONVERSION = YES;
				CLANG_WARN_OBJC_IMPLICIT_RETAIN_SELF = YES;
				CLANG_WARN_OBJC_LITERAL_CONVERSION = YES;
				CLANG_WARN_OBJC_ROOT_CLASS = YES_ERROR;
				CLANG_WARN_QUOTED_INCLUDE_IN_FRAMEWORK_HEADER = YES;
				CLANG_WARN_RANGE_LOOP_ANALYSIS = YES;
				CLANG_WARN_STRICT_PROTOTYPES = YES;
				CLANG_WARN_SUSPICIOUS_MOVE = YES;
				CLANG_WARN_UNGUARDED_AVAILABILITY = YES_AGGRESSIVE;
				CLANG_WARN_UNREACHABLE_CODE = YES;
				CLANG_WARN__DUPLICATE_METHOD_MATCH = YES;
				COPY_PHASE_STRIP = NO;
				DEBUG_INFORMATION_FORMAT = "dwarf-with-dsym";
				ENABLE_NS_ASSERTIONS = NO;
				ENABLE_STRICT_OBJC_MSGSEND = YES;
				ENABLE_USER_SCRIPT_SANDBOXING = YES;
				GCC_C_LANGUAGE_STANDARD = gnu17;
				GCC_NO_COMMON_BLOCKS = YES;
				GCC_WARN_64_TO_32_BIT_CONVERSION = YES;
				GCC_WARN_ABOUT_RETURN_TYPE = YES_ERROR;
				GCC_WARN_UNDECLARED_SELECTOR = YES;
				GCC_WARN_UNINITIALIZED_AUTOS = YES_AGGRESSIVE;
				GCC_WARN_UNUSED_FUNCTION = YES;
				GCC_WARN_UNUSED_VARIABLE = YES;
				IPHONEOS_DEPLOYMENT_TARGET = 17.0;
				LOCALIZATION_PREFERS_STRING_CATALOGS = YES;
				MTL_ENABLE_DEBUG_INFO = NO;
				MTL_FAST_MATH = YES;
				SDKROOT = iphoneos;
				SWIFT_COMPILATION_MODE = wholemodule;
				VALIDATE_PRODUCT = YES;
			};
			name = Release;
		};
		5E6458E52CF9D3070023EC20 /* Debug */ = {
			isa = XCBuildConfiguration;
			buildSettings = {
				ASSETCATALOG_COMPILER_APPICON_NAME = AppIcon;
				ASSETCATALOG_COMPILER_GLOBAL_ACCENT_COLOR_NAME = AccentColor;
				CODE_SIGN_STYLE = Automatic;
				CURRENT_PROJECT_VERSION = 1;
				DEVELOPMENT_ASSET_PATHS = "\"YouTubeClone/Preview Content\"";
				DEVELOPMENT_TEAM = 386NUBNWC7;
				ENABLE_PREVIEWS = YES;
				GENERATE_INFOPLIST_FILE = YES;
				INFOPLIST_KEY_UIApplicationSceneManifest_Generation = YES;
				INFOPLIST_KEY_UIApplicationSupportsIndirectInputEvents = YES;
				INFOPLIST_KEY_UILaunchScreen_Generation = YES;
				INFOPLIST_KEY_UISupportedInterfaceOrientations_iPad = "UIInterfaceOrientationPortrait UIInterfaceOrientationPortraitUpsideDown UIInterfaceOrientationLandscapeLeft UIInterfaceOrientationLandscapeRight";
				INFOPLIST_KEY_UISupportedInterfaceOrientations_iPhone = "UIInterfaceOrientationPortrait UIInterfaceOrientationLandscapeLeft UIInterfaceOrientationLandscapeRight";
				LD_RUNPATH_SEARCH_PATHS = (
					"$(inherited)",
					"@executable_path/Frameworks",
				);
				MARKETING_VERSION = 1.0;
				PRODUCT_BUNDLE_IDENTIFIER = com.raywenderlich.YouTubeClone;
				PRODUCT_NAME = "$(TARGET_NAME)";
				SWIFT_EMIT_LOC_STRINGS = YES;
				SWIFT_VERSION = 5.0;
				TARGETED_DEVICE_FAMILY = "1,2";
			};
			name = Debug;
		};
		5E6458E62CF9D3070023EC20 /* Release */ = {
			isa = XCBuildConfiguration;
			buildSettings = {
				ASSETCATALOG_COMPILER_APPICON_NAME = AppIcon;
				ASSETCATALOG_COMPILER_GLOBAL_ACCENT_COLOR_NAME = AccentColor;
				CODE_SIGN_STYLE = Automatic;
				CURRENT_PROJECT_VERSION = 1;
				DEVELOPMENT_ASSET_PATHS = "\"YouTubeClone/Preview Content\"";
				DEVELOPMENT_TEAM = 386NUBNWC7;
				ENABLE_PREVIEWS = YES;
				GENERATE_INFOPLIST_FILE = YES;
				INFOPLIST_KEY_UIApplicationSceneManifest_Generation = YES;
				INFOPLIST_KEY_UIApplicationSupportsIndirectInputEvents = YES;
				INFOPLIST_KEY_UILaunchScreen_Generation = YES;
				INFOPLIST_KEY_UISupportedInterfaceOrientations_iPad = "UIInterfaceOrientationPortrait UIInterfaceOrientationPortraitUpsideDown UIInterfaceOrientationLandscapeLeft UIInterfaceOrientationLandscapeRight";
				INFOPLIST_KEY_UISupportedInterfaceOrientations_iPhone = "UIInterfaceOrientationPortrait UIInterfaceOrientationLandscapeLeft UIInterfaceOrientationLandscapeRight";
				LD_RUNPATH_SEARCH_PATHS = (
					"$(inherited)",
					"@executable_path/Frameworks",
				);
				MARKETING_VERSION = 1.0;
				PRODUCT_BUNDLE_IDENTIFIER = com.raywenderlich.YouTubeClone;
				PRODUCT_NAME = "$(TARGET_NAME)";
				SWIFT_EMIT_LOC_STRINGS = YES;
				SWIFT_VERSION = 5.0;
				TARGETED_DEVICE_FAMILY = "1,2";
			};
			name = Release;
		};
/* End XCBuildConfiguration section */

/* Begin XCConfigurationList section */
		5E6458D12CF9D3040023EC20 /* Build configuration list for PBXProject "YouTubeClone" */ = {
			isa = XCConfigurationList;
			buildConfigurations = (
				5E6458E22CF9D3070023EC20 /* Debug */,
				5E6458E32CF9D3070023EC20 /* Release */,
			);
			defaultConfigurationIsVisible = 0;
			defaultConfigurationName = Release;
		};
		5E6458E42CF9D3070023EC20 /* Build configuration list for PBXNativeTarget "YouTubeClone" */ = {
			isa = XCConfigurationList;
			buildConfigurations = (
				5E6458E52CF9D3070023EC20 /* Debug */,
				5E6458E62CF9D3070023EC20 /* Release */,
			);
			defaultConfigurationIsVisible = 0;
			defaultConfigurationName = Release;
		};
/* End XCConfigurationList section */

/* Begin XCRemoteSwiftPackageReference section */
		5E6458F82CFACCE80023EC20 /* XCRemoteSwiftPackageReference "Kingfisher" */ = {
			isa = XCRemoteSwiftPackageReference;
			repositoryURL = "https://github.com/onevcat/Kingfisher.git";
			requirement = {
				kind = upToNextMajorVersion;
				minimumVersion = 8.1.1;
			};
		};
/* End XCRemoteSwiftPackageReference section */

/* Begin XCSwiftPackageProductDependency section */
		5E6458F92CFACCE80023EC20 /* Kingfisher */ = {
			isa = XCSwiftPackageProductDependency;
			package = 5E6458F82CFACCE80023EC20 /* XCRemoteSwiftPackageReference "Kingfisher" */;
			productName = Kingfisher;
		};
/* End XCSwiftPackageProductDependency section */
	};
	rootObject = 5E6458CE2CF9D3040023EC20 /* Project object */;
}
