// !$*UTF8*$!
{
	archiveVersion = 1;
	classes = {
	};
	objectVersion = 56;
	objects = {

/* Begin PBXBuildFile section */
		5E4022662CF5EAA400E0C493 /* Qu_ranApp.swift in Sources */ = {isa = PBXBuildFile; fileRef = 5E4022652CF5EAA400E0C493 /* Qu_ranApp.swift */; };
		5E4022682CF5EAA400E0C493 /* ContentView.swift in Sources */ = {isa = PBXBuildFile; fileRef = 5E4022672CF5EAA400E0C493 /* ContentView.swift */; };
		5E40226A2CF5EAA700E0C493 /* Assets.xcassets in Resources */ = {isa = PBXBuildFile; fileRef = 5E4022692CF5EAA700E0C493 /* Assets.xcassets */; };
		5E40226D2CF5EAA700E0C493 /* Preview Assets.xcassets in Resources */ = {isa = PBXBuildFile; fileRef = 5E40226C2CF5EAA700E0C493 /* Preview Assets.xcassets */; };
		5E4022782CF5EB4400E0C493 /* MainView.swift in Sources */ = {isa = PBXBuildFile; fileRef = 5E4022772CF5EB4400E0C493 /* MainView.swift */; };
		5E40227B2CF5EC6100E0C493 /* SegmentedView.swift in Sources */ = {isa = PBXBuildFile; fileRef = 5E40227A2CF5EC6100E0C493 /* SegmentedView.swift */; };
/* End PBXBuildFile section */

/* Begin PBXFileReference section */
		5E4022622CF5EAA400E0C493 /* Qu'ran.app */ = {isa = PBXFileReference; explicitFileType = wrapper.application; includeInIndex = 0; path = "Qu'ran.app"; sourceTree = BUILT_PRODUCTS_DIR; };
		5E4022652CF5EAA400E0C493 /* Qu_ranApp.swift */ = {isa = PBXFileReference; lastKnownFileType = sourcecode.swift; path = Qu_ranApp.swift; sourceTree = "<group>"; };
		5E4022672CF5EAA400E0C493 /* ContentView.swift */ = {isa = PBXFileReference; lastKnownFileType = sourcecode.swift; path = ContentView.swift; sourceTree = "<group>"; };
		5E4022692CF5EAA700E0C493 /* Assets.xcassets */ = {isa = PBXFileReference; lastKnownFileType = folder.assetcatalog; path = Assets.xcassets; sourceTree = "<group>"; };
		5E40226C2CF5EAA700E0C493 /* Preview Assets.xcassets */ = {isa = PBXFileReference; lastKnownFileType = folder.assetcatalog; path = "Preview Assets.xcassets"; sourceTree = "<group>"; };
		5E4022772CF5EB4400E0C493 /* MainView.swift */ = {isa = PBXFileReference; lastKnownFileType = sourcecode.swift; path = MainView.swift; sourceTree = "<group>"; };
		5E40227A2CF5EC6100E0C493 /* SegmentedView.swift */ = {isa = PBXFileReference; lastKnownFileType = sourcecode.swift; path = SegmentedView.swift; sourceTree = "<group>"; };
/* End PBXFileReference section */

/* Begin PBXFrameworksBuildPhase section */
		5E40225F2CF5EAA400E0C493 /* Frameworks */ = {
			isa = PBXFrameworksBuildPhase;
			buildActionMask = 2147483647;
			files = (
			);
			runOnlyForDeploymentPostprocessing = 0;
		};
/* End PBXFrameworksBuildPhase section */

/* Begin PBXGroup section */
		5E4022592CF5EAA400E0C493 = {
			isa = PBXGroup;
			children = (
				5E4022642CF5EAA400E0C493 /* Qu'ran */,
				5E4022632CF5EAA400E0C493 /* Products */,
			);
			sourceTree = "<group>";
		};
		5E4022632CF5EAA400E0C493 /* Products */ = {
			isa = PBXGroup;
			children = (
				5E4022622CF5EAA400E0C493 /* Qu'ran.app */,
			);
			name = Products;
			sourceTree = "<group>";
		};
		5E4022642CF5EAA400E0C493 /* Qu'ran */ = {
			isa = PBXGroup;
			children = (
				5E40227C2CF5F1BB00E0C493 /* App */,
				5E4022732CF5EAC200E0C493 /* Views */,
				5E40227F2CF5F1E300E0C493 /* ViewModel */,
				5E40227E2CF5F1DB00E0C493 /* Model */,
				5E40227D2CF5F1D000E0C493 /* Extensions */,
				5E4022692CF5EAA700E0C493 /* Assets.xcassets */,
				5E40226B2CF5EAA700E0C493 /* Preview Content */,
			);
			path = "Qu'ran";
			sourceTree = "<group>";
		};
		5E40226B2CF5EAA700E0C493 /* Preview Content */ = {
			isa = PBXGroup;
			children = (
				5E40226C2CF5EAA700E0C493 /* Preview Assets.xcassets */,
			);
			path = "Preview Content";
			sourceTree = "<group>";
		};
		5E4022732CF5EAC200E0C493 /* Views */ = {
			isa = PBXGroup;
			children = (
				5E4022772CF5EB4400E0C493 /* MainView.swift */,
				5E4022762CF5EADF00E0C493 /* Surahs View */,
				5E4022742CF5EACF00E0C493 /* Juzz View */,
				5E4022752CF5EADB00E0C493 /* Saved VIew */,
				5E4022792CF5EB8700E0C493 /* SegmentedView */,
			);
			path = Views;
			sourceTree = "<group>";
		};
		5E4022742CF5EACF00E0C493 /* Juzz View */ = {
			isa = PBXGroup;
			children = (
			);
			path = "Juzz View";
			sourceTree = "<group>";
		};
		5E4022752CF5EADB00E0C493 /* Saved VIew */ = {
			isa = PBXGroup;
			children = (
			);
			path = "Saved VIew";
			sourceTree = "<group>";
		};
		5E4022762CF5EADF00E0C493 /* Surahs View */ = {
			isa = PBXGroup;
			children = (
			);
			path = "Surahs View";
			sourceTree = "<group>";
		};
		5E4022792CF5EB8700E0C493 /* SegmentedView */ = {
			isa = PBXGroup;
			children = (
				5E40227A2CF5EC6100E0C493 /* SegmentedView.swift */,
			);
			path = SegmentedView;
			sourceTree = "<group>";
		};
		5E40227C2CF5F1BB00E0C493 /* App */ = {
			isa = PBXGroup;
			children = (
				5E4022652CF5EAA400E0C493 /* Qu_ranApp.swift */,
				5E4022672CF5EAA400E0C493 /* ContentView.swift */,
			);
			path = App;
			sourceTree = "<group>";
		};
		5E40227D2CF5F1D000E0C493 /* Extensions */ = {
			isa = PBXGroup;
			children = (
			);
			path = Extensions;
			sourceTree = "<group>";
		};
		5E40227E2CF5F1DB00E0C493 /* Model */ = {
			isa = PBXGroup;
			children = (
			);
			path = Model;
			sourceTree = "<group>";
		};
		5E40227F2CF5F1E300E0C493 /* ViewModel */ = {
			isa = PBXGroup;
			children = (
			);
			path = ViewModel;
			sourceTree = "<group>";
		};
/* End PBXGroup section */

/* Begin PBXNativeTarget section */
		5E4022612CF5EAA400E0C493 /* Qu'ran */ = {
			isa = PBXNativeTarget;
			buildConfigurationList = 5E4022702CF5EAA700E0C493 /* Build configuration list for PBXNativeTarget "Qu'ran" */;
			buildPhases = (
				5E40225E2CF5EAA400E0C493 /* Sources */,
				5E40225F2CF5EAA400E0C493 /* Frameworks */,
				5E4022602CF5EAA400E0C493 /* Resources */,
			);
			buildRules = (
			);
			dependencies = (
			);
			name = "Qu'ran";
			productName = "Qu'ran";
			productReference = 5E4022622CF5EAA400E0C493 /* Qu'ran.app */;
			productType = "com.apple.product-type.application";
		};
/* End PBXNativeTarget section */

/* Begin PBXProject section */
		5E40225A2CF5EAA400E0C493 /* Project object */ = {
			isa = PBXProject;
			attributes = {
				BuildIndependentTargetsInParallel = 1;
				LastSwiftUpdateCheck = 1500;
				LastUpgradeCheck = 1500;
				TargetAttributes = {
					5E4022612CF5EAA400E0C493 = {
						CreatedOnToolsVersion = 15.0.1;
					};
				};
			};
			buildConfigurationList = 5E40225D2CF5EAA400E0C493 /* Build configuration list for PBXProject "Qu'ran" */;
			compatibilityVersion = "Xcode 14.0";
			developmentRegion = en;
			hasScannedForEncodings = 0;
			knownRegions = (
				en,
				Base,
			);
			mainGroup = 5E4022592CF5EAA400E0C493;
			productRefGroup = 5E4022632CF5EAA400E0C493 /* Products */;
			projectDirPath = "";
			projectRoot = "";
			targets = (
				5E4022612CF5EAA400E0C493 /* Qu'ran */,
			);
		};
/* End PBXProject section */

/* Begin PBXResourcesBuildPhase section */
		5E4022602CF5EAA400E0C493 /* Resources */ = {
			isa = PBXResourcesBuildPhase;
			buildActionMask = 2147483647;
			files = (
				5E40226D2CF5EAA700E0C493 /* Preview Assets.xcassets in Resources */,
				5E40226A2CF5EAA700E0C493 /* Assets.xcassets in Resources */,
			);
			runOnlyForDeploymentPostprocessing = 0;
		};
/* End PBXResourcesBuildPhase section */

/* Begin PBXSourcesBuildPhase section */
		5E40225E2CF5EAA400E0C493 /* Sources */ = {
			isa = PBXSourcesBuildPhase;
			buildActionMask = 2147483647;
			files = (
				5E4022682CF5EAA400E0C493 /* ContentView.swift in Sources */,
				5E40227B2CF5EC6100E0C493 /* SegmentedView.swift in Sources */,
				5E4022782CF5EB4400E0C493 /* MainView.swift in Sources */,
				5E4022662CF5EAA400E0C493 /* Qu_ranApp.swift in Sources */,
			);
			runOnlyForDeploymentPostprocessing = 0;
		};
/* End PBXSourcesBuildPhase section */

/* Begin XCBuildConfiguration section */
		5E40226E2CF5EAA700E0C493 /* Debug */ = {
			isa = XCBuildConfiguration;
			buildSettings = {
				ALWAYS_SEARCH_USER_PATHS = NO;
				ASSETCATALOG_COMPILER_GENERATE_SWIFT_ASSET_SYMBOL_EXTENSIONS = YES;
				CLANG_ANALYZER_NONNULL = YES;
				CLANG_ANALYZER_NUMBER_OBJECT_CONVERSION = YES_AGGRESSIVE;
				CLANG_CXX_LANGUAGE_STANDARD = "gnu++20";
				CLANG_ENABLE_MODULES = YES;
				CLANG_ENABLE_OBJC_ARC = YES;
				CLANG_ENABLE_OBJC_WEAK = YES;
				CLANG_WARN_BLOCK_CAPTURE_AUTORELEASING = YES;
				CLANG_WARN_BOOL_CONVERSION = YES;
				CLANG_WARN_COMMA = YES;
				CLANG_WARN_CONSTANT_CONVERSION = YES;
				CLANG_WARN_DEPRECATED_OBJC_IMPLEMENTATIONS = YES;
				CLANG_WARN_DIRECT_OBJC_ISA_USAGE = YES_ERROR;
				CLANG_WARN_DOCUMENTATION_COMMENTS = YES;
				CLANG_WARN_EMPTY_BODY = YES;
				CLANG_WARN_ENUM_CONVERSION = YES;
				CLANG_WARN_INFINITE_RECURSION = YES;
				CLANG_WARN_INT_CONVERSION = YES;
				CLANG_WARN_NON_LITERAL_NULL_CONVERSION = YES;
				CLANG_WARN_OBJC_IMPLICIT_RETAIN_SELF = YES;
				CLANG_WARN_OBJC_LITERAL_CONVERSION = YES;
				CLANG_WARN_OBJC_ROOT_CLASS = YES_ERROR;
				CLANG_WARN_QUOTED_INCLUDE_IN_FRAMEWORK_HEADER = YES;
				CLANG_WARN_RANGE_LOOP_ANALYSIS = YES;
				CLANG_WARN_STRICT_PROTOTYPES = YES;
				CLANG_WARN_SUSPICIOUS_MOVE = YES;
				CLANG_WARN_UNGUARDED_AVAILABILITY = YES_AGGRESSIVE;
				CLANG_WARN_UNREACHABLE_CODE = YES;
				CLANG_WARN__DUPLICATE_METHOD_MATCH = YES;
				COPY_PHASE_STRIP = NO;
				DEBUG_INFORMATION_FORMAT = dwarf;
				ENABLE_STRICT_OBJC_MSGSEND = YES;
				ENABLE_TESTABILITY = YES;
				ENABLE_USER_SCRIPT_SANDBOXING = YES;
				GCC_C_LANGUAGE_STANDARD = gnu17;
				GCC_DYNAMIC_NO_PIC = NO;
				GCC_NO_COMMON_BLOCKS = YES;
				GCC_OPTIMIZATION_LEVEL = 0;
				GCC_PREPROCESSOR_DEFINITIONS = (
					"DEBUG=1",
					"$(inherited)",
				);
				GCC_WARN_64_TO_32_BIT_CONVERSION = YES;
				GCC_WARN_ABOUT_RETURN_TYPE = YES_ERROR;
				GCC_WARN_UNDECLARED_SELECTOR = YES;
				GCC_WARN_UNINITIALIZED_AUTOS = YES_AGGRESSIVE;
				GCC_WARN_UNUSED_FUNCTION = YES;
				GCC_WARN_UNUSED_VARIABLE = YES;
				IPHONEOS_DEPLOYMENT_TARGET = 17.0;
				LOCALIZATION_PREFERS_STRING_CATALOGS = YES;
				MTL_ENABLE_DEBUG_INFO = INCLUDE_SOURCE;
				MTL_FAST_MATH = YES;
				ONLY_ACTIVE_ARCH = YES;
				SDKROOT = iphoneos;
				SWIFT_ACTIVE_COMPILATION_CONDITIONS = "DEBUG $(inherited)";
				SWIFT_OPTIMIZATION_LEVEL = "-Onone";
			};
			name = Debug;
		};
		5E40226F2CF5EAA700E0C493 /* Release */ = {
			isa = XCBuildConfiguration;
			buildSettings = {
				ALWAYS_SEARCH_USER_PATHS = NO;
				ASSETCATALOG_COMPILER_GENERATE_SWIFT_ASSET_SYMBOL_EXTENSIONS = YES;
				CLANG_ANALYZER_NONNULL = YES;
				CLANG_ANALYZER_NUMBER_OBJECT_CONVERSION = YES_AGGRESSIVE;
				CLANG_CXX_LANGUAGE_STANDARD = "gnu++20";
				CLANG_ENABLE_MODULES = YES;
				CLANG_ENABLE_OBJC_ARC = YES;
				CLANG_ENABLE_OBJC_WEAK = YES;
				CLANG_WARN_BLOCK_CAPTURE_AUTORELEASING = YES;
				CLANG_WARN_BOOL_CONVERSION = YES;
				CLANG_WARN_COMMA = YES;
				CLANG_WARN_CONSTANT_CONVERSION = YES;
				CLANG_WARN_DEPRECATED_OBJC_IMPLEMENTATIONS = YES;
				CLANG_WARN_DIRECT_OBJC_ISA_USAGE = YES_ERROR;
				CLANG_WARN_DOCUMENTATION_COMMENTS = YES;
				CLANG_WARN_EMPTY_BODY = YES;
				CLANG_WARN_ENUM_CONVERSION = YES;
				CLANG_WARN_INFINITE_RECURSION = YES;
				CLANG_WARN_INT_CONVERSION = YES;
				CLANG_WARN_NON_LITERAL_NULL_CONVERSION = YES;
				CLANG_WARN_OBJC_IMPLICIT_RETAIN_SELF = YES;
				CLANG_WARN_OBJC_LITERAL_CONVERSION = YES;
				CLANG_WARN_OBJC_ROOT_CLASS = YES_ERROR;
				CLANG_WARN_QUOTED_INCLUDE_IN_FRAMEWORK_HEADER = YES;
				CLANG_WARN_RANGE_LOOP_ANALYSIS = YES;
				CLANG_WARN_STRICT_PROTOTYPES = YES;
				CLANG_WARN_SUSPICIOUS_MOVE = YES;
				CLANG_WARN_UNGUARDED_AVAILABILITY = YES_AGGRESSIVE;
				CLANG_WARN_UNREACHABLE_CODE = YES;
				CLANG_WARN__DUPLICATE_METHOD_MATCH = YES;
				COPY_PHASE_STRIP = NO;
				DEBUG_INFORMATION_FORMAT = "dwarf-with-dsym";
				ENABLE_NS_ASSERTIONS = NO;
				ENABLE_STRICT_OBJC_MSGSEND = YES;
				ENABLE_USER_SCRIPT_SANDBOXING = YES;
				GCC_C_LANGUAGE_STANDARD = gnu17;
				GCC_NO_COMMON_BLOCKS = YES;
				GCC_WARN_64_TO_32_BIT_CONVERSION = YES;
				GCC_WARN_ABOUT_RETURN_TYPE = YES_ERROR;
				GCC_WARN_UNDECLARED_SELECTOR = YES;
				GCC_WARN_UNINITIALIZED_AUTOS = YES_AGGRESSIVE;
				GCC_WARN_UNUSED_FUNCTION = YES;
				GCC_WARN_UNUSED_VARIABLE = YES;
				IPHONEOS_DEPLOYMENT_TARGET = 17.0;
				LOCALIZATION_PREFERS_STRING_CATALOGS = YES;
				MTL_ENABLE_DEBUG_INFO = NO;
				MTL_FAST_MATH = YES;
				SDKROOT = iphoneos;
				SWIFT_COMPILATION_MODE = wholemodule;
				VALIDATE_PRODUCT = YES;
			};
			name = Release;
		};
		5E4022712CF5EAA700E0C493 /* Debug */ = {
			isa = XCBuildConfiguration;
			buildSettings = {
				ASSETCATALOG_COMPILER_APPICON_NAME = AppIcon;
				ASSETCATALOG_COMPILER_GLOBAL_ACCENT_COLOR_NAME = AccentColor;
				CODE_SIGN_STYLE = Automatic;
				CURRENT_PROJECT_VERSION = 1;
				DEVELOPMENT_ASSET_PATHS = "\"Qu'ran/Preview Content\"";
				DEVELOPMENT_TEAM = 386NUBNWC7;
				ENABLE_PREVIEWS = YES;
				GENERATE_INFOPLIST_FILE = YES;
				INFOPLIST_KEY_UIApplicationSceneManifest_Generation = YES;
				INFOPLIST_KEY_UIApplicationSupportsIndirectInputEvents = YES;
				INFOPLIST_KEY_UILaunchScreen_Generation = YES;
				INFOPLIST_KEY_UISupportedInterfaceOrientations_iPad = "UIInterfaceOrientationPortrait UIInterfaceOrientationPortraitUpsideDown UIInterfaceOrientationLandscapeLeft UIInterfaceOrientationLandscapeRight";
				INFOPLIST_KEY_UISupportedInterfaceOrientations_iPhone = "UIInterfaceOrientationPortrait UIInterfaceOrientationLandscapeLeft UIInterfaceOrientationLandscapeRight";
				LD_RUNPATH_SEARCH_PATHS = (
					"$(inherited)",
					"@executable_path/Frameworks",
				);
				MARKETING_VERSION = 1.0;
				PRODUCT_BUNDLE_IDENTIFIER = "com.raywenderlich.Qu-ran";
				PRODUCT_NAME = "$(TARGET_NAME)";
				SWIFT_EMIT_LOC_STRINGS = YES;
				SWIFT_VERSION = 5.0;
				TARGETED_DEVICE_FAMILY = "1,2";
			};
			name = Debug;
		};
		5E4022722CF5EAA700E0C493 /* Release */ = {
			isa = XCBuildConfiguration;
			buildSettings = {
				ASSETCATALOG_COMPILER_APPICON_NAME = AppIcon;
				ASSETCATALOG_COMPILER_GLOBAL_ACCENT_COLOR_NAME = AccentColor;
				CODE_SIGN_STYLE = Automatic;
				CURRENT_PROJECT_VERSION = 1;
				DEVELOPMENT_ASSET_PATHS = "\"Qu'ran/Preview Content\"";
				DEVELOPMENT_TEAM = 386NUBNWC7;
				ENABLE_PREVIEWS = YES;
				GENERATE_INFOPLIST_FILE = YES;
				INFOPLIST_KEY_UIApplicationSceneManifest_Generation = YES;
				INFOPLIST_KEY_UIApplicationSupportsIndirectInputEvents = YES;
				INFOPLIST_KEY_UILaunchScreen_Generation = YES;
				INFOPLIST_KEY_UISupportedInterfaceOrientations_iPad = "UIInterfaceOrientationPortrait UIInterfaceOrientationPortraitUpsideDown UIInterfaceOrientationLandscapeLeft UIInterfaceOrientationLandscapeRight";
				INFOPLIST_KEY_UISupportedInterfaceOrientations_iPhone = "UIInterfaceOrientationPortrait UIInterfaceOrientationLandscapeLeft UIInterfaceOrientationLandscapeRight";
				LD_RUNPATH_SEARCH_PATHS = (
					"$(inherited)",
					"@executable_path/Frameworks",
				);
				MARKETING_VERSION = 1.0;
				PRODUCT_BUNDLE_IDENTIFIER = "com.raywenderlich.Qu-ran";
				PRODUCT_NAME = "$(TARGET_NAME)";
				SWIFT_EMIT_LOC_STRINGS = YES;
				SWIFT_VERSION = 5.0;
				TARGETED_DEVICE_FAMILY = "1,2";
			};
			name = Release;
		};
/* End XCBuildConfiguration section */

/* Begin XCConfigurationList section */
		5E40225D2CF5EAA400E0C493 /* Build configuration list for PBXProject "Qu'ran" */ = {
			isa = XCConfigurationList;
			buildConfigurations = (
				5E40226E2CF5EAA700E0C493 /* Debug */,
				5E40226F2CF5EAA700E0C493 /* Release */,
			);
			defaultConfigurationIsVisible = 0;
			defaultConfigurationName = Release;
		};
		5E4022702CF5EAA700E0C493 /* Build configuration list for PBXNativeTarget "Qu'ran" */ = {
			isa = XCConfigurationList;
			buildConfigurations = (
				5E4022712CF5EAA700E0C493 /* Debug */,
				5E4022722CF5EAA700E0C493 /* Release */,
			);
			defaultConfigurationIsVisible = 0;
			defaultConfigurationName = Release;
		};
/* End XCConfigurationList section */
	};
	rootObject = 5E40225A2CF5EAA400E0C493 /* Project object */;
}
