// !$*UTF8*$!
{
	archiveVersion = 1;
	classes = {
	};
	objectVersion = 56;
	objects = {

/* Begin PBXBuildFile section */
		5E40222F2CF2E83300E0C493 /* CardView.swift in Sources */ = {isa = PBXBuildFile; fileRef = 5E40222E2CF2E83300E0C493 /* CardView.swift */; };
		5E4022312CF2F64F00E0C493 /* Shape.swift in Sources */ = {isa = PBXBuildFile; fileRef = 5E4022302CF2F64F00E0C493 /* Shape.swift */; };
		5E4022332CF2FD1000E0C493 /* Cardify.swift in Sources */ = {isa = PBXBuildFile; fileRef = 5E4022322CF2FD1000E0C493 /* Cardify.swift */; };
		5E6458AB2CF895790023EC20 /* FlyingNumber.swift in Sources */ = {isa = PBXBuildFile; fileRef = 5E6458AA2CF895790023EC20 /* FlyingNumber.swift */; };
		5E8804D92CE207BE006F22F2 /* StanfordApp.swift in Sources */ = {isa = PBXBuildFile; fileRef = 5E8804D82CE207BE006F22F2 /* StanfordApp.swift */; };
		5E8804DB2CE207BE006F22F2 /* StanfordGameView.swift in Sources */ = {isa = PBXBuildFile; fileRef = 5E8804DA2CE207BE006F22F2 /* StanfordGameView.swift */; };
		5E8804DD2CE207C2006F22F2 /* Assets.xcassets in Resources */ = {isa = PBXBuildFile; fileRef = 5E8804DC2CE207C2006F22F2 /* Assets.xcassets */; };
		5E8804E02CE207C2006F22F2 /* Preview Assets.xcassets in Resources */ = {isa = PBXBuildFile; fileRef = 5E8804DF2CE207C2006F22F2 /* Preview Assets.xcassets */; };
		5E9D0A952CE7676300A63540 /* StanfordGame.swift in Sources */ = {isa = PBXBuildFile; fileRef = 5E9D0A942CE7676300A63540 /* StanfordGame.swift */; };
		5E9D0A972CE7696300A63540 /* EmojiStanfordGame.swift in Sources */ = {isa = PBXBuildFile; fileRef = 5E9D0A962CE7696300A63540 /* EmojiStanfordGame.swift */; };
		5ED94C0E2CF0C14F0072FF24 /* AspectVGrid.swift in Sources */ = {isa = PBXBuildFile; fileRef = 5ED94C0D2CF0C14F0072FF24 /* AspectVGrid.swift */; };
/* End PBXBuildFile section */

/* Begin PBXFileReference section */
		5E40222E2CF2E83300E0C493 /* CardView.swift */ = {isa = PBXFileReference; lastKnownFileType = sourcecode.swift; path = CardView.swift; sourceTree = "<group>"; };
		5E4022302CF2F64F00E0C493 /* Shape.swift */ = {isa = PBXFileReference; lastKnownFileType = sourcecode.swift; path = Shape.swift; sourceTree = "<group>"; };
		5E4022322CF2FD1000E0C493 /* Cardify.swift */ = {isa = PBXFileReference; lastKnownFileType = sourcecode.swift; path = Cardify.swift; sourceTree = "<group>"; };
		5E6458AA2CF895790023EC20 /* FlyingNumber.swift */ = {isa = PBXFileReference; lastKnownFileType = sourcecode.swift; path = FlyingNumber.swift; sourceTree = "<group>"; };
		5E8804D52CE207BE006F22F2 /* Stanford.app */ = {isa = PBXFileReference; explicitFileType = wrapper.application; includeInIndex = 0; path = Stanford.app; sourceTree = BUILT_PRODUCTS_DIR; };
		5E8804D82CE207BE006F22F2 /* StanfordApp.swift */ = {isa = PBXFileReference; lastKnownFileType = sourcecode.swift; path = StanfordApp.swift; sourceTree = "<group>"; };
		5E8804DA2CE207BE006F22F2 /* StanfordGameView.swift */ = {isa = PBXFileReference; lastKnownFileType = sourcecode.swift; path = StanfordGameView.swift; sourceTree = "<group>"; };
		5E8804DC2CE207C2006F22F2 /* Assets.xcassets */ = {isa = PBXFileReference; lastKnownFileType = folder.assetcatalog; path = Assets.xcassets; sourceTree = "<group>"; };
		5E8804DF2CE207C2006F22F2 /* Preview Assets.xcassets */ = {isa = PBXFileReference; lastKnownFileType = folder.assetcatalog; path = "Preview Assets.xcassets"; sourceTree = "<group>"; };
		5E9D0A942CE7676300A63540 /* StanfordGame.swift */ = {isa = PBXFileReference; lastKnownFileType = sourcecode.swift; path = StanfordGame.swift; sourceTree = "<group>"; };
		5E9D0A962CE7696300A63540 /* EmojiStanfordGame.swift */ = {isa = PBXFileReference; lastKnownFileType = sourcecode.swift; path = EmojiStanfordGame.swift; sourceTree = "<group>"; };
		5ED94C0D2CF0C14F0072FF24 /* AspectVGrid.swift */ = {isa = PBXFileReference; lastKnownFileType = sourcecode.swift; path = AspectVGrid.swift; sourceTree = "<group>"; };
/* End PBXFileReference section */

/* Begin PBXFrameworksBuildPhase section */
		5E8804D22CE207BE006F22F2 /* Frameworks */ = {
			isa = PBXFrameworksBuildPhase;
			buildActionMask = 2147483647;
			files = (
			);
			runOnlyForDeploymentPostprocessing = 0;
		};
/* End PBXFrameworksBuildPhase section */

/* Begin PBXGroup section */
		5E8804CC2CE207BE006F22F2 = {
			isa = PBXGroup;
			children = (
				5E8804D72CE207BE006F22F2 /* Stanford */,
				5E8804D62CE207BE006F22F2 /* Products */,
			);
			sourceTree = "<group>";
		};
		5E8804D62CE207BE006F22F2 /* Products */ = {
			isa = PBXGroup;
			children = (
				5E8804D52CE207BE006F22F2 /* Stanford.app */,
			);
			name = Products;
			sourceTree = "<group>";
		};
		5E8804D72CE207BE006F22F2 /* Stanford */ = {
			isa = PBXGroup;
			children = (
				5E8804D82CE207BE006F22F2 /* StanfordApp.swift */,
				5E8804DA2CE207BE006F22F2 /* StanfordGameView.swift */,
				5E9D0A942CE7676300A63540 /* StanfordGame.swift */,
				5E9D0A962CE7696300A63540 /* EmojiStanfordGame.swift */,
				5E8804DC2CE207C2006F22F2 /* Assets.xcassets */,
				5E8804DE2CE207C2006F22F2 /* Preview Content */,
				5ED94C0D2CF0C14F0072FF24 /* AspectVGrid.swift */,
				5E40222E2CF2E83300E0C493 /* CardView.swift */,
				5E4022322CF2FD1000E0C493 /* Cardify.swift */,
				5E4022302CF2F64F00E0C493 /* Shape.swift */,
				5E6458AA2CF895790023EC20 /* FlyingNumber.swift */,
			);
			path = Stanford;
			sourceTree = "<group>";
		};
		5E8804DE2CE207C2006F22F2 /* Preview Content */ = {
			isa = PBXGroup;
			children = (
				5E8804DF2CE207C2006F22F2 /* Preview Assets.xcassets */,
			);
			path = "Preview Content";
			sourceTree = "<group>";
		};
/* End PBXGroup section */

/* Begin PBXNativeTarget section */
		5E8804D42CE207BE006F22F2 /* Stanford */ = {
			isa = PBXNativeTarget;
			buildConfigurationList = 5E8804E32CE207C2006F22F2 /* Build configuration list for PBXNativeTarget "Stanford" */;
			buildPhases = (
				5E8804D12CE207BE006F22F2 /* Sources */,
				5E8804D22CE207BE006F22F2 /* Frameworks */,
				5E8804D32CE207BE006F22F2 /* Resources */,
			);
			buildRules = (
			);
			dependencies = (
			);
			name = Stanford;
			productName = Stanford;
			productReference = 5E8804D52CE207BE006F22F2 /* Stanford.app */;
			productType = "com.apple.product-type.application";
		};
/* End PBXNativeTarget section */

/* Begin PBXProject section */
		5E8804CD2CE207BE006F22F2 /* Project object */ = {
			isa = PBXProject;
			attributes = {
				BuildIndependentTargetsInParallel = 1;
				LastSwiftUpdateCheck = 1500;
				LastUpgradeCheck = 1500;
				TargetAttributes = {
					5E8804D42CE207BE006F22F2 = {
						CreatedOnToolsVersion = 15.0.1;
					};
				};
			};
			buildConfigurationList = 5E8804D02CE207BE006F22F2 /* Build configuration list for PBXProject "Stanford" */;
			compatibilityVersion = "Xcode 14.0";
			developmentRegion = en;
			hasScannedForEncodings = 0;
			knownRegions = (
				en,
				Base,
			);
			mainGroup = 5E8804CC2CE207BE006F22F2;
			productRefGroup = 5E8804D62CE207BE006F22F2 /* Products */;
			projectDirPath = "";
			projectRoot = "";
			targets = (
				5E8804D42CE207BE006F22F2 /* Stanford */,
			);
		};
/* End PBXProject section */

/* Begin PBXResourcesBuildPhase section */
		5E8804D32CE207BE006F22F2 /* Resources */ = {
			isa = PBXResourcesBuildPhase;
			buildActionMask = 2147483647;
			files = (
				5E8804E02CE207C2006F22F2 /* Preview Assets.xcassets in Resources */,
				5E8804DD2CE207C2006F22F2 /* Assets.xcassets in Resources */,
			);
			runOnlyForDeploymentPostprocessing = 0;
		};
/* End PBXResourcesBuildPhase section */

/* Begin PBXSourcesBuildPhase section */
		5E8804D12CE207BE006F22F2 /* Sources */ = {
			isa = PBXSourcesBuildPhase;
			buildActionMask = 2147483647;
			files = (
				5E8804DB2CE207BE006F22F2 /* StanfordGameView.swift in Sources */,
				5E6458AB2CF895790023EC20 /* FlyingNumber.swift in Sources */,
				5E9D0A972CE7696300A63540 /* EmojiStanfordGame.swift in Sources */,
				5E4022332CF2FD1000E0C493 /* Cardify.swift in Sources */,
				5E9D0A952CE7676300A63540 /* StanfordGame.swift in Sources */,
				5E4022312CF2F64F00E0C493 /* Shape.swift in Sources */,
				5ED94C0E2CF0C14F0072FF24 /* AspectVGrid.swift in Sources */,
				5E40222F2CF2E83300E0C493 /* CardView.swift in Sources */,
				5E8804D92CE207BE006F22F2 /* StanfordApp.swift in Sources */,
			);
			runOnlyForDeploymentPostprocessing = 0;
		};
/* End PBXSourcesBuildPhase section */

/* Begin XCBuildConfiguration section */
		5E8804E12CE207C2006F22F2 /* Debug */ = {
			isa = XCBuildConfiguration;
			buildSettings = {
				ALWAYS_SEARCH_USER_PATHS = NO;
				ASSETCATALOG_COMPILER_GENERATE_SWIFT_ASSET_SYMBOL_EXTENSIONS = YES;
				CLANG_ANALYZER_NONNULL = YES;
				CLANG_ANALYZER_NUMBER_OBJECT_CONVERSION = YES_AGGRESSIVE;
				CLANG_CXX_LANGUAGE_STANDARD = "gnu++20";
				CLANG_ENABLE_MODULES = YES;
				CLANG_ENABLE_OBJC_ARC = YES;
				CLANG_ENABLE_OBJC_WEAK = YES;
				CLANG_WARN_BLOCK_CAPTURE_AUTORELEASING = YES;
				CLANG_WARN_BOOL_CONVERSION = YES;
				CLANG_WARN_COMMA = YES;
				CLANG_WARN_CONSTANT_CONVERSION = YES;
				CLANG_WARN_DEPRECATED_OBJC_IMPLEMENTATIONS = YES;
				CLANG_WARN_DIRECT_OBJC_ISA_USAGE = YES_ERROR;
				CLANG_WARN_DOCUMENTATION_COMMENTS = YES;
				CLANG_WARN_EMPTY_BODY = YES;
				CLANG_WARN_ENUM_CONVERSION = YES;
				CLANG_WARN_INFINITE_RECURSION = YES;
				CLANG_WARN_INT_CONVERSION = YES;
				CLANG_WARN_NON_LITERAL_NULL_CONVERSION = YES;
				CLANG_WARN_OBJC_IMPLICIT_RETAIN_SELF = YES;
				CLANG_WARN_OBJC_LITERAL_CONVERSION = YES;
				CLANG_WARN_OBJC_ROOT_CLASS = YES_ERROR;
				CLANG_WARN_QUOTED_INCLUDE_IN_FRAMEWORK_HEADER = YES;
				CLANG_WARN_RANGE_LOOP_ANALYSIS = YES;
				CLANG_WARN_STRICT_PROTOTYPES = YES;
				CLANG_WARN_SUSPICIOUS_MOVE = YES;
				CLANG_WARN_UNGUARDED_AVAILABILITY = YES_AGGRESSIVE;
				CLANG_WARN_UNREACHABLE_CODE = YES;
				CLANG_WARN__DUPLICATE_METHOD_MATCH = YES;
				COPY_PHASE_STRIP = NO;
				DEBUG_INFORMATION_FORMAT = dwarf;
				ENABLE_STRICT_OBJC_MSGSEND = YES;
				ENABLE_TESTABILITY = YES;
				ENABLE_USER_SCRIPT_SANDBOXING = YES;
				GCC_C_LANGUAGE_STANDARD = gnu17;
				GCC_DYNAMIC_NO_PIC = NO;
				GCC_NO_COMMON_BLOCKS = YES;
				GCC_OPTIMIZATION_LEVEL = 0;
				GCC_PREPROCESSOR_DEFINITIONS = (
					"DEBUG=1",
					"$(inherited)",
				);
				GCC_WARN_64_TO_32_BIT_CONVERSION = YES;
				GCC_WARN_ABOUT_RETURN_TYPE = YES_ERROR;
				GCC_WARN_UNDECLARED_SELECTOR = YES;
				GCC_WARN_UNINITIALIZED_AUTOS = YES_AGGRESSIVE;
				GCC_WARN_UNUSED_FUNCTION = YES;
				GCC_WARN_UNUSED_VARIABLE = YES;
				IPHONEOS_DEPLOYMENT_TARGET = 17.0;
				LOCALIZATION_PREFERS_STRING_CATALOGS = YES;
				MTL_ENABLE_DEBUG_INFO = INCLUDE_SOURCE;
				MTL_FAST_MATH = YES;
				ONLY_ACTIVE_ARCH = YES;
				SDKROOT = iphoneos;
				SWIFT_ACTIVE_COMPILATION_CONDITIONS = "DEBUG $(inherited)";
				SWIFT_OPTIMIZATION_LEVEL = "-Onone";
			};
			name = Debug;
		};
		5E8804E22CE207C2006F22F2 /* Release */ = {
			isa = XCBuildConfiguration;
			buildSettings = {
				ALWAYS_SEARCH_USER_PATHS = NO;
				ASSETCATALOG_COMPILER_GENERATE_SWIFT_ASSET_SYMBOL_EXTENSIONS = YES;
				CLANG_ANALYZER_NONNULL = YES;
				CLANG_ANALYZER_NUMBER_OBJECT_CONVERSION = YES_AGGRESSIVE;
				CLANG_CXX_LANGUAGE_STANDARD = "gnu++20";
				CLANG_ENABLE_MODULES = YES;
				CLANG_ENABLE_OBJC_ARC = YES;
				CLANG_ENABLE_OBJC_WEAK = YES;
				CLANG_WARN_BLOCK_CAPTURE_AUTORELEASING = YES;
				CLANG_WARN_BOOL_CONVERSION = YES;
				CLANG_WARN_COMMA = YES;
				CLANG_WARN_CONSTANT_CONVERSION = YES;
				CLANG_WARN_DEPRECATED_OBJC_IMPLEMENTATIONS = YES;
				CLANG_WARN_DIRECT_OBJC_ISA_USAGE = YES_ERROR;
				CLANG_WARN_DOCUMENTATION_COMMENTS = YES;
				CLANG_WARN_EMPTY_BODY = YES;
				CLANG_WARN_ENUM_CONVERSION = YES;
				CLANG_WARN_INFINITE_RECURSION = YES;
				CLANG_WARN_INT_CONVERSION = YES;
				CLANG_WARN_NON_LITERAL_NULL_CONVERSION = YES;
				CLANG_WARN_OBJC_IMPLICIT_RETAIN_SELF = YES;
				CLANG_WARN_OBJC_LITERAL_CONVERSION = YES;
				CLANG_WARN_OBJC_ROOT_CLASS = YES_ERROR;
				CLANG_WARN_QUOTED_INCLUDE_IN_FRAMEWORK_HEADER = YES;
				CLANG_WARN_RANGE_LOOP_ANALYSIS = YES;
				CLANG_WARN_STRICT_PROTOTYPES = YES;
				CLANG_WARN_SUSPICIOUS_MOVE = YES;
				CLANG_WARN_UNGUARDED_AVAILABILITY = YES_AGGRESSIVE;
				CLANG_WARN_UNREACHABLE_CODE = YES;
				CLANG_WARN__DUPLICATE_METHOD_MATCH = YES;
				COPY_PHASE_STRIP = NO;
				DEBUG_INFORMATION_FORMAT = "dwarf-with-dsym";
				ENABLE_NS_ASSERTIONS = NO;
				ENABLE_STRICT_OBJC_MSGSEND = YES;
				ENABLE_USER_SCRIPT_SANDBOXING = YES;
				GCC_C_LANGUAGE_STANDARD = gnu17;
				GCC_NO_COMMON_BLOCKS = YES;
				GCC_WARN_64_TO_32_BIT_CONVERSION = YES;
				GCC_WARN_ABOUT_RETURN_TYPE = YES_ERROR;
				GCC_WARN_UNDECLARED_SELECTOR = YES;
				GCC_WARN_UNINITIALIZED_AUTOS = YES_AGGRESSIVE;
				GCC_WARN_UNUSED_FUNCTION = YES;
				GCC_WARN_UNUSED_VARIABLE = YES;
				IPHONEOS_DEPLOYMENT_TARGET = 17.0;
				LOCALIZATION_PREFERS_STRING_CATALOGS = YES;
				MTL_ENABLE_DEBUG_INFO = NO;
				MTL_FAST_MATH = YES;
				SDKROOT = iphoneos;
				SWIFT_COMPILATION_MODE = wholemodule;
				VALIDATE_PRODUCT = YES;
			};
			name = Release;
		};
		5E8804E42CE207C2006F22F2 /* Debug */ = {
			isa = XCBuildConfiguration;
			buildSettings = {
				ASSETCATALOG_COMPILER_APPICON_NAME = AppIcon;
				ASSETCATALOG_COMPILER_GLOBAL_ACCENT_COLOR_NAME = AccentColor;
				CODE_SIGN_STYLE = Automatic;
				CURRENT_PROJECT_VERSION = 1;
				DEVELOPMENT_ASSET_PATHS = "\"Stanford/Preview Content\"";
				DEVELOPMENT_TEAM = 386NUBNWC7;
				ENABLE_PREVIEWS = YES;
				GENERATE_INFOPLIST_FILE = YES;
				INFOPLIST_KEY_UIApplicationSceneManifest_Generation = YES;
				INFOPLIST_KEY_UIApplicationSupportsIndirectInputEvents = YES;
				INFOPLIST_KEY_UILaunchScreen_Generation = YES;
				INFOPLIST_KEY_UISupportedInterfaceOrientations_iPad = "UIInterfaceOrientationPortrait UIInterfaceOrientationPortraitUpsideDown UIInterfaceOrientationLandscapeLeft UIInterfaceOrientationLandscapeRight";
				INFOPLIST_KEY_UISupportedInterfaceOrientations_iPhone = "UIInterfaceOrientationPortrait UIInterfaceOrientationLandscapeLeft UIInterfaceOrientationLandscapeRight";
				LD_RUNPATH_SEARCH_PATHS = (
					"$(inherited)",
					"@executable_path/Frameworks",
				);
				MARKETING_VERSION = 1.0;
				PRODUCT_BUNDLE_IDENTIFIER = bss.dev.Stanford;
				PRODUCT_NAME = "$(TARGET_NAME)";
				SWIFT_EMIT_LOC_STRINGS = YES;
				SWIFT_VERSION = 5.0;
				TARGETED_DEVICE_FAMILY = "1,2";
			};
			name = Debug;
		};
		5E8804E52CE207C2006F22F2 /* Release */ = {
			isa = XCBuildConfiguration;
			buildSettings = {
				ASSETCATALOG_COMPILER_APPICON_NAME = AppIcon;
				ASSETCATALOG_COMPILER_GLOBAL_ACCENT_COLOR_NAME = AccentColor;
				CODE_SIGN_STYLE = Automatic;
				CURRENT_PROJECT_VERSION = 1;
				DEVELOPMENT_ASSET_PATHS = "\"Stanford/Preview Content\"";
				DEVELOPMENT_TEAM = 386NUBNWC7;
				ENABLE_PREVIEWS = YES;
				GENERATE_INFOPLIST_FILE = YES;
				INFOPLIST_KEY_UIApplicationSceneManifest_Generation = YES;
				INFOPLIST_KEY_UIApplicationSupportsIndirectInputEvents = YES;
				INFOPLIST_KEY_UILaunchScreen_Generation = YES;
				INFOPLIST_KEY_UISupportedInterfaceOrientations_iPad = "UIInterfaceOrientationPortrait UIInterfaceOrientationPortraitUpsideDown UIInterfaceOrientationLandscapeLeft UIInterfaceOrientationLandscapeRight";
				INFOPLIST_KEY_UISupportedInterfaceOrientations_iPhone = "UIInterfaceOrientationPortrait UIInterfaceOrientationLandscapeLeft UIInterfaceOrientationLandscapeRight";
				LD_RUNPATH_SEARCH_PATHS = (
					"$(inherited)",
					"@executable_path/Frameworks",
				);
				MARKETING_VERSION = 1.0;
				PRODUCT_BUNDLE_IDENTIFIER = bss.dev.Stanford;
				PRODUCT_NAME = "$(TARGET_NAME)";
				SWIFT_EMIT_LOC_STRINGS = YES;
				SWIFT_VERSION = 5.0;
				TARGETED_DEVICE_FAMILY = "1,2";
			};
			name = Release;
		};
/* End XCBuildConfiguration section */

/* Begin XCConfigurationList section */
		5E8804D02CE207BE006F22F2 /* Build configuration list for PBXProject "Stanford" */ = {
			isa = XCConfigurationList;
			buildConfigurations = (
				5E8804E12CE207C2006F22F2 /* Debug */,
				5E8804E22CE207C2006F22F2 /* Release */,
			);
			defaultConfigurationIsVisible = 0;
			defaultConfigurationName = Release;
		};
		5E8804E32CE207C2006F22F2 /* Build configuration list for PBXNativeTarget "Stanford" */ = {
			isa = XCConfigurationList;
			buildConfigurations = (
				5E8804E42CE207C2006F22F2 /* Debug */,
				5E8804E52CE207C2006F22F2 /* Release */,
			);
			defaultConfigurationIsVisible = 0;
			defaultConfigurationName = Release;
		};
/* End XCConfigurationList section */
	};
	rootObject = 5E8804CD2CE207BE006F22F2 /* Project object */;
}
