// !$*UTF8*$!
{
	archiveVersion = 1;
	classes = {
	};
	objectVersion = 56;
	objects = {

/* Begin PBXBuildFile section */
		5E40228D2CF7145F00E0C493 /* LearnWatchOsApp.swift in Sources */ = {isa = PBXBuildFile; fileRef = 5E40228C2CF7145F00E0C493 /* LearnWatchOsApp.swift */; };
		5E40228F2CF7145F00E0C493 /* ContentView.swift in Sources */ = {isa = PBXBuildFile; fileRef = 5E40228E2CF7145F00E0C493 /* ContentView.swift */; };
		5E4022912CF7146200E0C493 /* Assets.xcassets in Resources */ = {isa = PBXBuildFile; fileRef = 5E4022902CF7146200E0C493 /* Assets.xcassets */; };
		5E4022942CF7146200E0C493 /* Preview Assets.xcassets in Resources */ = {isa = PBXBuildFile; fileRef = 5E4022932CF7146200E0C493 /* Preview Assets.xcassets */; };
		5E4022A42CF715C400E0C493 /* WatchOSAPPApp.swift in Sources */ = {isa = PBXBuildFile; fileRef = 5E4022A32CF715C400E0C493 /* WatchOSAPPApp.swift */; };
		5E4022A62CF715C400E0C493 /* ContentView.swift in Sources */ = {isa = PBXBuildFile; fileRef = 5E4022A52CF715C400E0C493 /* ContentView.swift */; };
		5E4022A82CF715C700E0C493 /* Assets.xcassets in Resources */ = {isa = PBXBuildFile; fileRef = 5E4022A72CF715C700E0C493 /* Assets.xcassets */; };
		5E4022AB2CF715C700E0C493 /* Preview Assets.xcassets in Resources */ = {isa = PBXBuildFile; fileRef = 5E4022AA2CF715C700E0C493 /* Preview Assets.xcassets */; };
		5E4022AE2CF715C700E0C493 /* WatchOSAPP Watch App.app in Embed Watch Content */ = {isa = PBXBuildFile; fileRef = 5E4022A12CF715C400E0C493 /* WatchOSAPP Watch App.app */; settings = {ATTRIBUTES = (RemoveHeadersOnCopy, ); }; };
		5E6458A82CF753F80023EC20 /* Connectivity.swift in Sources */ = {isa = PBXBuildFile; fileRef = 5E6458A72CF753F80023EC20 /* Connectivity.swift */; };
		5E6458A92CF754050023EC20 /* Connectivity.swift in Sources */ = {isa = PBXBuildFile; fileRef = 5E6458A72CF753F80023EC20 /* Connectivity.swift */; };
/* End PBXBuildFile section */

/* Begin PBXContainerItemProxy section */
		5E4022AC2CF715C700E0C493 /* PBXContainerItemProxy */ = {
			isa = PBXContainerItemProxy;
			containerPortal = 5E4022812CF7145F00E0C493 /* Project object */;
			proxyType = 1;
			remoteGlobalIDString = 5E4022A02CF715C400E0C493;
			remoteInfo = "WatchOSAPP Watch App";
		};
/* End PBXContainerItemProxy section */

/* Begin PBXCopyFilesBuildPhase section */
		5E4022B22CF715C700E0C493 /* Embed Watch Content */ = {
			isa = PBXCopyFilesBuildPhase;
			buildActionMask = 2147483647;
			dstPath = "$(CONTENTS_FOLDER_PATH)/Watch";
			dstSubfolderSpec = 16;
			files = (
				5E4022AE2CF715C700E0C493 /* WatchOSAPP Watch App.app in Embed Watch Content */,
			);
			name = "Embed Watch Content";
			runOnlyForDeploymentPostprocessing = 0;
		};
/* End PBXCopyFilesBuildPhase section */

/* Begin PBXFileReference section */
		5E4022892CF7145F00E0C493 /* LearnWatchOs.app */ = {isa = PBXFileReference; explicitFileType = wrapper.application; includeInIndex = 0; path = LearnWatchOs.app; sourceTree = BUILT_PRODUCTS_DIR; };
		5E40228C2CF7145F00E0C493 /* LearnWatchOsApp.swift */ = {isa = PBXFileReference; lastKnownFileType = sourcecode.swift; path = LearnWatchOsApp.swift; sourceTree = "<group>"; };
		5E40228E2CF7145F00E0C493 /* ContentView.swift */ = {isa = PBXFileReference; lastKnownFileType = sourcecode.swift; path = ContentView.swift; sourceTree = "<group>"; };
		5E4022902CF7146200E0C493 /* Assets.xcassets */ = {isa = PBXFileReference; lastKnownFileType = folder.assetcatalog; path = Assets.xcassets; sourceTree = "<group>"; };
		5E4022932CF7146200E0C493 /* Preview Assets.xcassets */ = {isa = PBXFileReference; lastKnownFileType = folder.assetcatalog; path = "Preview Assets.xcassets"; sourceTree = "<group>"; };
		5E4022A12CF715C400E0C493 /* WatchOSAPP Watch App.app */ = {isa = PBXFileReference; explicitFileType = wrapper.application; includeInIndex = 0; path = "WatchOSAPP Watch App.app"; sourceTree = BUILT_PRODUCTS_DIR; };
		5E4022A32CF715C400E0C493 /* WatchOSAPPApp.swift */ = {isa = PBXFileReference; lastKnownFileType = sourcecode.swift; path = WatchOSAPPApp.swift; sourceTree = "<group>"; };
		5E4022A52CF715C400E0C493 /* ContentView.swift */ = {isa = PBXFileReference; lastKnownFileType = sourcecode.swift; path = ContentView.swift; sourceTree = "<group>"; };
		5E4022A72CF715C700E0C493 /* Assets.xcassets */ = {isa = PBXFileReference; lastKnownFileType = folder.assetcatalog; path = Assets.xcassets; sourceTree = "<group>"; };
		5E4022AA2CF715C700E0C493 /* Preview Assets.xcassets */ = {isa = PBXFileReference; lastKnownFileType = folder.assetcatalog; path = "Preview Assets.xcassets"; sourceTree = "<group>"; };
		5E6458A72CF753F80023EC20 /* Connectivity.swift */ = {isa = PBXFileReference; lastKnownFileType = sourcecode.swift; path = Connectivity.swift; sourceTree = "<group>"; };
/* End PBXFileReference section */

/* Begin PBXFrameworksBuildPhase section */
		5E4022862CF7145F00E0C493 /* Frameworks */ = {
			isa = PBXFrameworksBuildPhase;
			buildActionMask = 2147483647;
			files = (
			);
			runOnlyForDeploymentPostprocessing = 0;
		};
		5E40229E2CF715C400E0C493 /* Frameworks */ = {
			isa = PBXFrameworksBuildPhase;
			buildActionMask = 2147483647;
			files = (
			);
			runOnlyForDeploymentPostprocessing = 0;
		};
/* End PBXFrameworksBuildPhase section */

/* Begin PBXGroup section */
		5E4022802CF7145F00E0C493 = {
			isa = PBXGroup;
			children = (
				5E6458A62CF753E50023EC20 /* Shared */,
				5E40228B2CF7145F00E0C493 /* LearnWatchOs */,
				5E4022A22CF715C400E0C493 /* WatchOSAPP Watch App */,
				5E40228A2CF7145F00E0C493 /* Products */,
			);
			sourceTree = "<group>";
		};
		5E40228A2CF7145F00E0C493 /* Products */ = {
			isa = PBXGroup;
			children = (
				5E4022892CF7145F00E0C493 /* LearnWatchOs.app */,
				5E4022A12CF715C400E0C493 /* WatchOSAPP Watch App.app */,
			);
			name = Products;
			sourceTree = "<group>";
		};
		5E40228B2CF7145F00E0C493 /* LearnWatchOs */ = {
			isa = PBXGroup;
			children = (
				5E40228C2CF7145F00E0C493 /* LearnWatchOsApp.swift */,
				5E40228E2CF7145F00E0C493 /* ContentView.swift */,
				5E4022902CF7146200E0C493 /* Assets.xcassets */,
				5E4022922CF7146200E0C493 /* Preview Content */,
			);
			path = LearnWatchOs;
			sourceTree = "<group>";
		};
		5E4022922CF7146200E0C493 /* Preview Content */ = {
			isa = PBXGroup;
			children = (
				5E4022932CF7146200E0C493 /* Preview Assets.xcassets */,
			);
			path = "Preview Content";
			sourceTree = "<group>";
		};
		5E4022A22CF715C400E0C493 /* WatchOSAPP Watch App */ = {
			isa = PBXGroup;
			children = (
				5E4022A32CF715C400E0C493 /* WatchOSAPPApp.swift */,
				5E4022A52CF715C400E0C493 /* ContentView.swift */,
				5E4022A72CF715C700E0C493 /* Assets.xcassets */,
				5E4022A92CF715C700E0C493 /* Preview Content */,
			);
			path = "WatchOSAPP Watch App";
			sourceTree = "<group>";
		};
		5E4022A92CF715C700E0C493 /* Preview Content */ = {
			isa = PBXGroup;
			children = (
				5E4022AA2CF715C700E0C493 /* Preview Assets.xcassets */,
			);
			path = "Preview Content";
			sourceTree = "<group>";
		};
		5E6458A62CF753E50023EC20 /* Shared */ = {
			isa = PBXGroup;
			children = (
				5E6458A72CF753F80023EC20 /* Connectivity.swift */,
			);
			path = Shared;
			sourceTree = "<group>";
		};
/* End PBXGroup section */

/* Begin PBXNativeTarget section */
		5E4022882CF7145F00E0C493 /* LearnWatchOs */ = {
			isa = PBXNativeTarget;
			buildConfigurationList = 5E4022972CF7146200E0C493 /* Build configuration list for PBXNativeTarget "LearnWatchOs" */;
			buildPhases = (
				5E4022852CF7145F00E0C493 /* Sources */,
				5E4022862CF7145F00E0C493 /* Frameworks */,
				5E4022872CF7145F00E0C493 /* Resources */,
				5E4022B22CF715C700E0C493 /* Embed Watch Content */,
			);
			buildRules = (
			);
			dependencies = (
				5E4022AD2CF715C700E0C493 /* PBXTargetDependency */,
			);
			name = LearnWatchOs;
			productName = LearnWatchOs;
			productReference = 5E4022892CF7145F00E0C493 /* LearnWatchOs.app */;
			productType = "com.apple.product-type.application";
		};
		5E4022A02CF715C400E0C493 /* WatchOSAPP Watch App */ = {
			isa = PBXNativeTarget;
			buildConfigurationList = 5E4022AF2CF715C700E0C493 /* Build configuration list for PBXNativeTarget "WatchOSAPP Watch App" */;
			buildPhases = (
				5E40229D2CF715C400E0C493 /* Sources */,
				5E40229E2CF715C400E0C493 /* Frameworks */,
				5E40229F2CF715C400E0C493 /* Resources */,
			);
			buildRules = (
			);
			dependencies = (
			);
			name = "WatchOSAPP Watch App";
			productName = "WatchOSAPP Watch App";
			productReference = 5E4022A12CF715C400E0C493 /* WatchOSAPP Watch App.app */;
			productType = "com.apple.product-type.application";
		};
/* End PBXNativeTarget section */

/* Begin PBXProject section */
		5E4022812CF7145F00E0C493 /* Project object */ = {
			isa = PBXProject;
			attributes = {
				BuildIndependentTargetsInParallel = 1;
				LastSwiftUpdateCheck = 1500;
				LastUpgradeCheck = 1500;
				TargetAttributes = {
					5E4022882CF7145F00E0C493 = {
						CreatedOnToolsVersion = 15.0.1;
					};
					5E4022A02CF715C400E0C493 = {
						CreatedOnToolsVersion = 15.0.1;
					};
				};
			};
			buildConfigurationList = 5E4022842CF7145F00E0C493 /* Build configuration list for PBXProject "LearnWatchOs" */;
			compatibilityVersion = "Xcode 14.0";
			developmentRegion = en;
			hasScannedForEncodings = 0;
			knownRegions = (
				en,
				Base,
			);
			mainGroup = 5E4022802CF7145F00E0C493;
			productRefGroup = 5E40228A2CF7145F00E0C493 /* Products */;
			projectDirPath = "";
			projectRoot = "";
			targets = (
				5E4022882CF7145F00E0C493 /* LearnWatchOs */,
				5E4022A02CF715C400E0C493 /* WatchOSAPP Watch App */,
			);
		};
/* End PBXProject section */

/* Begin PBXResourcesBuildPhase section */
		5E4022872CF7145F00E0C493 /* Resources */ = {
			isa = PBXResourcesBuildPhase;
			buildActionMask = 2147483647;
			files = (
				5E4022942CF7146200E0C493 /* Preview Assets.xcassets in Resources */,
				5E4022912CF7146200E0C493 /* Assets.xcassets in Resources */,
			);
			runOnlyForDeploymentPostprocessing = 0;
		};
		5E40229F2CF715C400E0C493 /* Resources */ = {
			isa = PBXResourcesBuildPhase;
			buildActionMask = 2147483647;
			files = (
				5E4022AB2CF715C700E0C493 /* Preview Assets.xcassets in Resources */,
				5E4022A82CF715C700E0C493 /* Assets.xcassets in Resources */,
			);
			runOnlyForDeploymentPostprocessing = 0;
		};
/* End PBXResourcesBuildPhase section */

/* Begin PBXSourcesBuildPhase section */
		5E4022852CF7145F00E0C493 /* Sources */ = {
			isa = PBXSourcesBuildPhase;
			buildActionMask = 2147483647;
			files = (
				5E40228F2CF7145F00E0C493 /* ContentView.swift in Sources */,
				5E40228D2CF7145F00E0C493 /* LearnWatchOsApp.swift in Sources */,
				5E6458A92CF754050023EC20 /* Connectivity.swift in Sources */,
			);
			runOnlyForDeploymentPostprocessing = 0;
		};
		5E40229D2CF715C400E0C493 /* Sources */ = {
			isa = PBXSourcesBuildPhase;
			buildActionMask = 2147483647;
			files = (
				5E4022A62CF715C400E0C493 /* ContentView.swift in Sources */,
				5E4022A42CF715C400E0C493 /* WatchOSAPPApp.swift in Sources */,
				5E6458A82CF753F80023EC20 /* Connectivity.swift in Sources */,
			);
			runOnlyForDeploymentPostprocessing = 0;
		};
/* End PBXSourcesBuildPhase section */

/* Begin PBXTargetDependency section */
		5E4022AD2CF715C700E0C493 /* PBXTargetDependency */ = {
			isa = PBXTargetDependency;
			target = 5E4022A02CF715C400E0C493 /* WatchOSAPP Watch App */;
			targetProxy = 5E4022AC2CF715C700E0C493 /* PBXContainerItemProxy */;
		};
/* End PBXTargetDependency section */

/* Begin XCBuildConfiguration section */
		5E4022952CF7146200E0C493 /* Debug */ = {
			isa = XCBuildConfiguration;
			buildSettings = {
				ALWAYS_SEARCH_USER_PATHS = NO;
				ASSETCATALOG_COMPILER_GENERATE_SWIFT_ASSET_SYMBOL_EXTENSIONS = YES;
				CLANG_ANALYZER_NONNULL = YES;
				CLANG_ANALYZER_NUMBER_OBJECT_CONVERSION = YES_AGGRESSIVE;
				CLANG_CXX_LANGUAGE_STANDARD = "gnu++20";
				CLANG_ENABLE_MODULES = YES;
				CLANG_ENABLE_OBJC_ARC = YES;
				CLANG_ENABLE_OBJC_WEAK = YES;
				CLANG_WARN_BLOCK_CAPTURE_AUTORELEASING = YES;
				CLANG_WARN_BOOL_CONVERSION = YES;
				CLANG_WARN_COMMA = YES;
				CLANG_WARN_CONSTANT_CONVERSION = YES;
				CLANG_WARN_DEPRECATED_OBJC_IMPLEMENTATIONS = YES;
				CLANG_WARN_DIRECT_OBJC_ISA_USAGE = YES_ERROR;
				CLANG_WARN_DOCUMENTATION_COMMENTS = YES;
				CLANG_WARN_EMPTY_BODY = YES;
				CLANG_WARN_ENUM_CONVERSION = YES;
				CLANG_WARN_INFINITE_RECURSION = YES;
				CLANG_WARN_INT_CONVERSION = YES;
				CLANG_WARN_NON_LITERAL_NULL_CONVERSION = YES;
				CLANG_WARN_OBJC_IMPLICIT_RETAIN_SELF = YES;
				CLANG_WARN_OBJC_LITERAL_CONVERSION = YES;
				CLANG_WARN_OBJC_ROOT_CLASS = YES_ERROR;
				CLANG_WARN_QUOTED_INCLUDE_IN_FRAMEWORK_HEADER = YES;
				CLANG_WARN_RANGE_LOOP_ANALYSIS = YES;
				CLANG_WARN_STRICT_PROTOTYPES = YES;
				CLANG_WARN_SUSPICIOUS_MOVE = YES;
				CLANG_WARN_UNGUARDED_AVAILABILITY = YES_AGGRESSIVE;
				CLANG_WARN_UNREACHABLE_CODE = YES;
				CLANG_WARN__DUPLICATE_METHOD_MATCH = YES;
				COPY_PHASE_STRIP = NO;
				DEBUG_INFORMATION_FORMAT = dwarf;
				ENABLE_STRICT_OBJC_MSGSEND = YES;
				ENABLE_TESTABILITY = YES;
				ENABLE_USER_SCRIPT_SANDBOXING = YES;
				GCC_C_LANGUAGE_STANDARD = gnu17;
				GCC_DYNAMIC_NO_PIC = NO;
				GCC_NO_COMMON_BLOCKS = YES;
				GCC_OPTIMIZATION_LEVEL = 0;
				GCC_PREPROCESSOR_DEFINITIONS = (
					"DEBUG=1",
					"$(inherited)",
				);
				GCC_WARN_64_TO_32_BIT_CONVERSION = YES;
				GCC_WARN_ABOUT_RETURN_TYPE = YES_ERROR;
				GCC_WARN_UNDECLARED_SELECTOR = YES;
				GCC_WARN_UNINITIALIZED_AUTOS = YES_AGGRESSIVE;
				GCC_WARN_UNUSED_FUNCTION = YES;
				GCC_WARN_UNUSED_VARIABLE = YES;
				IPHONEOS_DEPLOYMENT_TARGET = 17.0;
				LOCALIZATION_PREFERS_STRING_CATALOGS = YES;
				MTL_ENABLE_DEBUG_INFO = INCLUDE_SOURCE;
				MTL_FAST_MATH = YES;
				ONLY_ACTIVE_ARCH = YES;
				SDKROOT = iphoneos;
				SWIFT_ACTIVE_COMPILATION_CONDITIONS = "DEBUG $(inherited)";
				SWIFT_OPTIMIZATION_LEVEL = "-Onone";
			};
			name = Debug;
		};
		5E4022962CF7146200E0C493 /* Release */ = {
			isa = XCBuildConfiguration;
			buildSettings = {
				ALWAYS_SEARCH_USER_PATHS = NO;
				ASSETCATALOG_COMPILER_GENERATE_SWIFT_ASSET_SYMBOL_EXTENSIONS = YES;
				CLANG_ANALYZER_NONNULL = YES;
				CLANG_ANALYZER_NUMBER_OBJECT_CONVERSION = YES_AGGRESSIVE;
				CLANG_CXX_LANGUAGE_STANDARD = "gnu++20";
				CLANG_ENABLE_MODULES = YES;
				CLANG_ENABLE_OBJC_ARC = YES;
				CLANG_ENABLE_OBJC_WEAK = YES;
				CLANG_WARN_BLOCK_CAPTURE_AUTORELEASING = YES;
				CLANG_WARN_BOOL_CONVERSION = YES;
				CLANG_WARN_COMMA = YES;
				CLANG_WARN_CONSTANT_CONVERSION = YES;
				CLANG_WARN_DEPRECATED_OBJC_IMPLEMENTATIONS = YES;
				CLANG_WARN_DIRECT_OBJC_ISA_USAGE = YES_ERROR;
				CLANG_WARN_DOCUMENTATION_COMMENTS = YES;
				CLANG_WARN_EMPTY_BODY = YES;
				CLANG_WARN_ENUM_CONVERSION = YES;
				CLANG_WARN_INFINITE_RECURSION = YES;
				CLANG_WARN_INT_CONVERSION = YES;
				CLANG_WARN_NON_LITERAL_NULL_CONVERSION = YES;
				CLANG_WARN_OBJC_IMPLICIT_RETAIN_SELF = YES;
				CLANG_WARN_OBJC_LITERAL_CONVERSION = YES;
				CLANG_WARN_OBJC_ROOT_CLASS = YES_ERROR;
				CLANG_WARN_QUOTED_INCLUDE_IN_FRAMEWORK_HEADER = YES;
				CLANG_WARN_RANGE_LOOP_ANALYSIS = YES;
				CLANG_WARN_STRICT_PROTOTYPES = YES;
				CLANG_WARN_SUSPICIOUS_MOVE = YES;
				CLANG_WARN_UNGUARDED_AVAILABILITY = YES_AGGRESSIVE;
				CLANG_WARN_UNREACHABLE_CODE = YES;
				CLANG_WARN__DUPLICATE_METHOD_MATCH = YES;
				COPY_PHASE_STRIP = NO;
				DEBUG_INFORMATION_FORMAT = "dwarf-with-dsym";
				ENABLE_NS_ASSERTIONS = NO;
				ENABLE_STRICT_OBJC_MSGSEND = YES;
				ENABLE_USER_SCRIPT_SANDBOXING = YES;
				GCC_C_LANGUAGE_STANDARD = gnu17;
				GCC_NO_COMMON_BLOCKS = YES;
				GCC_WARN_64_TO_32_BIT_CONVERSION = YES;
				GCC_WARN_ABOUT_RETURN_TYPE = YES_ERROR;
				GCC_WARN_UNDECLARED_SELECTOR = YES;
				GCC_WARN_UNINITIALIZED_AUTOS = YES_AGGRESSIVE;
				GCC_WARN_UNUSED_FUNCTION = YES;
				GCC_WARN_UNUSED_VARIABLE = YES;
				IPHONEOS_DEPLOYMENT_TARGET = 17.0;
				LOCALIZATION_PREFERS_STRING_CATALOGS = YES;
				MTL_ENABLE_DEBUG_INFO = NO;
				MTL_FAST_MATH = YES;
				SDKROOT = iphoneos;
				SWIFT_COMPILATION_MODE = wholemodule;
				VALIDATE_PRODUCT = YES;
			};
			name = Release;
		};
		5E4022982CF7146200E0C493 /* Debug */ = {
			isa = XCBuildConfiguration;
			buildSettings = {
				ALWAYS_EMBED_SWIFT_STANDARD_LIBRARIES = YES;
				ASSETCATALOG_COMPILER_APPICON_NAME = AppIcon;
				ASSETCATALOG_COMPILER_GLOBAL_ACCENT_COLOR_NAME = AccentColor;
				CODE_SIGN_STYLE = Automatic;
				CURRENT_PROJECT_VERSION = 1;
				DEVELOPMENT_ASSET_PATHS = "\"LearnWatchOs/Preview Content\"";
				DEVELOPMENT_TEAM = 386NUBNWC7;
				ENABLE_PREVIEWS = YES;
				GENERATE_INFOPLIST_FILE = YES;
				INFOPLIST_KEY_UIApplicationSceneManifest_Generation = YES;
				INFOPLIST_KEY_UIApplicationSupportsIndirectInputEvents = YES;
				INFOPLIST_KEY_UILaunchScreen_Generation = YES;
				INFOPLIST_KEY_UISupportedInterfaceOrientations_iPad = "UIInterfaceOrientationPortrait UIInterfaceOrientationPortraitUpsideDown UIInterfaceOrientationLandscapeLeft UIInterfaceOrientationLandscapeRight";
				INFOPLIST_KEY_UISupportedInterfaceOrientations_iPhone = "UIInterfaceOrientationPortrait UIInterfaceOrientationLandscapeLeft UIInterfaceOrientationLandscapeRight";
				LD_RUNPATH_SEARCH_PATHS = (
					"$(inherited)",
					"@executable_path/Frameworks",
				);
				MARKETING_VERSION = 1.0;
				PRODUCT_BUNDLE_IDENTIFIER = com.raywenderlich.LearnWatchOs;
				PRODUCT_NAME = "$(TARGET_NAME)";
				SWIFT_EMIT_LOC_STRINGS = YES;
				SWIFT_VERSION = 5.0;
				TARGETED_DEVICE_FAMILY = "1,2";
			};
			name = Debug;
		};
		5E4022992CF7146200E0C493 /* Release */ = {
			isa = XCBuildConfiguration;
			buildSettings = {
				ALWAYS_EMBED_SWIFT_STANDARD_LIBRARIES = YES;
				ASSETCATALOG_COMPILER_APPICON_NAME = AppIcon;
				ASSETCATALOG_COMPILER_GLOBAL_ACCENT_COLOR_NAME = AccentColor;
				CODE_SIGN_STYLE = Automatic;
				CURRENT_PROJECT_VERSION = 1;
				DEVELOPMENT_ASSET_PATHS = "\"LearnWatchOs/Preview Content\"";
				DEVELOPMENT_TEAM = 386NUBNWC7;
				ENABLE_PREVIEWS = YES;
				GENERATE_INFOPLIST_FILE = YES;
				INFOPLIST_KEY_UIApplicationSceneManifest_Generation = YES;
				INFOPLIST_KEY_UIApplicationSupportsIndirectInputEvents = YES;
				INFOPLIST_KEY_UILaunchScreen_Generation = YES;
				INFOPLIST_KEY_UISupportedInterfaceOrientations_iPad = "UIInterfaceOrientationPortrait UIInterfaceOrientationPortraitUpsideDown UIInterfaceOrientationLandscapeLeft UIInterfaceOrientationLandscapeRight";
				INFOPLIST_KEY_UISupportedInterfaceOrientations_iPhone = "UIInterfaceOrientationPortrait UIInterfaceOrientationLandscapeLeft UIInterfaceOrientationLandscapeRight";
				LD_RUNPATH_SEARCH_PATHS = (
					"$(inherited)",
					"@executable_path/Frameworks",
				);
				MARKETING_VERSION = 1.0;
				PRODUCT_BUNDLE_IDENTIFIER = com.raywenderlich.LearnWatchOs;
				PRODUCT_NAME = "$(TARGET_NAME)";
				SWIFT_EMIT_LOC_STRINGS = YES;
				SWIFT_VERSION = 5.0;
				TARGETED_DEVICE_FAMILY = "1,2";
			};
			name = Release;
		};
		5E4022B02CF715C700E0C493 /* Debug */ = {
			isa = XCBuildConfiguration;
			buildSettings = {
				ASSETCATALOG_COMPILER_APPICON_NAME = AppIcon;
				ASSETCATALOG_COMPILER_GLOBAL_ACCENT_COLOR_NAME = AccentColor;
				CODE_SIGN_STYLE = Automatic;
				CURRENT_PROJECT_VERSION = 1;
				DEVELOPMENT_ASSET_PATHS = "\"WatchOSAPP Watch App/Preview Content\"";
				DEVELOPMENT_TEAM = 386NUBNWC7;
				ENABLE_PREVIEWS = YES;
				GENERATE_INFOPLIST_FILE = YES;
				INFOPLIST_KEY_CFBundleDisplayName = WatchOSAPP;
				INFOPLIST_KEY_UISupportedInterfaceOrientations = "UIInterfaceOrientationPortrait UIInterfaceOrientationPortraitUpsideDown";
				INFOPLIST_KEY_WKCompanionAppBundleIdentifier = com.raywenderlich.LearnWatchOs;
				LD_RUNPATH_SEARCH_PATHS = (
					"$(inherited)",
					"@executable_path/Frameworks",
				);
				MARKETING_VERSION = 1.0;
				PRODUCT_BUNDLE_IDENTIFIER = com.raywenderlich.LearnWatchOs.watchkitapp;
				PRODUCT_NAME = "$(TARGET_NAME)";
				SDKROOT = watchos;
				SKIP_INSTALL = YES;
				SWIFT_EMIT_LOC_STRINGS = YES;
				SWIFT_VERSION = 5.0;
				TARGETED_DEVICE_FAMILY = 4;
				WATCHOS_DEPLOYMENT_TARGET = 10.0;
			};
			name = Debug;
		};
		5E4022B12CF715C700E0C493 /* Release */ = {
			isa = XCBuildConfiguration;
			buildSettings = {
				ASSETCATALOG_COMPILER_APPICON_NAME = AppIcon;
				ASSETCATALOG_COMPILER_GLOBAL_ACCENT_COLOR_NAME = AccentColor;
				CODE_SIGN_STYLE = Automatic;
				CURRENT_PROJECT_VERSION = 1;
				DEVELOPMENT_ASSET_PATHS = "\"WatchOSAPP Watch App/Preview Content\"";
				DEVELOPMENT_TEAM = 386NUBNWC7;
				ENABLE_PREVIEWS = YES;
				GENERATE_INFOPLIST_FILE = YES;
				INFOPLIST_KEY_CFBundleDisplayName = WatchOSAPP;
				INFOPLIST_KEY_UISupportedInterfaceOrientations = "UIInterfaceOrientationPortrait UIInterfaceOrientationPortraitUpsideDown";
				INFOPLIST_KEY_WKCompanionAppBundleIdentifier = com.raywenderlich.LearnWatchOs;
				LD_RUNPATH_SEARCH_PATHS = (
					"$(inherited)",
					"@executable_path/Frameworks",
				);
				MARKETING_VERSION = 1.0;
				PRODUCT_BUNDLE_IDENTIFIER = com.raywenderlich.LearnWatchOs.watchkitapp;
				PRODUCT_NAME = "$(TARGET_NAME)";
				SDKROOT = watchos;
				SKIP_INSTALL = YES;
				SWIFT_EMIT_LOC_STRINGS = YES;
				SWIFT_VERSION = 5.0;
				TARGETED_DEVICE_FAMILY = 4;
				WATCHOS_DEPLOYMENT_TARGET = 10.0;
			};
			name = Release;
		};
/* End XCBuildConfiguration section */

/* Begin XCConfigurationList section */
		5E4022842CF7145F00E0C493 /* Build configuration list for PBXProject "LearnWatchOs" */ = {
			isa = XCConfigurationList;
			buildConfigurations = (
				5E4022952CF7146200E0C493 /* Debug */,
				5E4022962CF7146200E0C493 /* Release */,
			);
			defaultConfigurationIsVisible = 0;
			defaultConfigurationName = Release;
		};
		5E4022972CF7146200E0C493 /* Build configuration list for PBXNativeTarget "LearnWatchOs" */ = {
			isa = XCConfigurationList;
			buildConfigurations = (
				5E4022982CF7146200E0C493 /* Debug */,
				5E4022992CF7146200E0C493 /* Release */,
			);
			defaultConfigurationIsVisible = 0;
			defaultConfigurationName = Release;
		};
		5E4022AF2CF715C700E0C493 /* Build configuration list for PBXNativeTarget "WatchOSAPP Watch App" */ = {
			isa = XCConfigurationList;
			buildConfigurations = (
				5E4022B02CF715C700E0C493 /* Debug */,
				5E4022B12CF715C700E0C493 /* Release */,
			);
			defaultConfigurationIsVisible = 0;
			defaultConfigurationName = Release;
		};
/* End XCConfigurationList section */
	};
	rootObject = 5E4022812CF7145F00E0C493 /* Project object */;
}
